// !$*UTF8*$!
{
	archiveVersion = 1;
	classes = {
	};
	objectVersion = 46;
	objects = {

/* Begin PBXBuildFile section */
		533076EB17EB688300BDCCE0 /* IOKit.framework in Frameworks */ = {isa = PBXBuildFile; fileRef = D097B9BC17BB4777006C3FEB /* IOKit.framework */; };
		534FF35B17D8E8B90020A51A /* unused-helper in Copy LoginItems */ = {isa = PBXBuildFile; fileRef = D0B1DDCB17B487D90059C355 /* unused-helper */; };
		534FF36117D8E90A0020A51A /* Foundation.framework in Frameworks */ = {isa = PBXBuildFile; fileRef = F60CA7EA179FC4F60069F69A /* Foundation.framework */; };
		534FF36717D8E90A0020A51A /* InfoPlist.strings in Resources */ = {isa = PBXBuildFile; fileRef = 534FF36517D8E90A0020A51A /* InfoPlist.strings */; };
		534FF36A17D8E90A0020A51A /* main.m in Sources */ = {isa = PBXBuildFile; fileRef = 534FF36917D8E90A0020A51A /* main.m */; };
		534FF37317D8E9370020A51A /* com.github.Squirrel.TestApplication.TestService.xpc in Copy XPCServices */ = {isa = PBXBuildFile; fileRef = 534FF36017D8E90A0020A51A /* com.github.Squirrel.TestApplication.TestService.xpc */; };
		53710D7417D8F59700A992DE /* SQRLDeepCodesignSpec.m in Sources */ = {isa = PBXBuildFile; fileRef = 53710D7317D8F59700A992DE /* SQRLDeepCodesignSpec.m */; };
		53710D8417D8F5CB00A992DE /* deep-codesign in Resources */ = {isa = PBXBuildFile; fileRef = 53710D7F17D8F5C300A992DE /* deep-codesign */; };
		5395C0E317E9D013001648E8 /* SQRLUpdateSpec.m in Sources */ = {isa = PBXBuildFile; fileRef = 5395C0E217E9D013001648E8 /* SQRLUpdateSpec.m */; };
		53AACF4B17E9CA0500B41027 /* SQRLUpdate.h in Headers */ = {isa = PBXBuildFile; fileRef = 53AACF4917E9CA0500B41027 /* SQRLUpdate.h */; settings = {ATTRIBUTES = (Public, ); }; };
		53AACF4C17E9CA0500B41027 /* SQRLUpdate.m in Sources */ = {isa = PBXBuildFile; fileRef = 53AACF4A17E9CA0500B41027 /* SQRLUpdate.m */; };
		D000218F17BACEFF0050109A /* SQRLZipArchiver.m in Sources */ = {isa = PBXBuildFile; fileRef = D000218D17BACEFF0050109A /* SQRLZipArchiver.m */; };
		D000219717BAD34D0050109A /* TestApplication.app.zip in Resources */ = {isa = PBXBuildFile; fileRef = D000219617BAD34D0050109A /* TestApplication.app.zip */; };
		D000219917BAD35C0050109A /* SQRLZipArchiverSpec.m in Sources */ = {isa = PBXBuildFile; fileRef = D000219817BAD35C0050109A /* SQRLZipArchiverSpec.m */; };
		D007290017B09732008C7DDE /* SQRLArguments.m in Sources */ = {isa = PBXBuildFile; fileRef = D00728FF17B09732008C7DDE /* SQRLArguments.m */; };
		D00F5B8B17E82D15009A4818 /* NSProcessInfo+SQRLVersionExtensions.h in Headers */ = {isa = PBXBuildFile; fileRef = D00F5B8917E82D15009A4818 /* NSProcessInfo+SQRLVersionExtensions.h */; settings = {ATTRIBUTES = (Public, ); }; };
		D00F5B8C17E82D15009A4818 /* NSProcessInfo+SQRLVersionExtensions.m in Sources */ = {isa = PBXBuildFile; fileRef = D00F5B8A17E82D15009A4818 /* NSProcessInfo+SQRLVersionExtensions.m */; };
		D00F5B8E17E82DE6009A4818 /* NSProcessInfoExtensionsSpec.m in Sources */ = {isa = PBXBuildFile; fileRef = D00F5B8D17E82DE6009A4818 /* NSProcessInfoExtensionsSpec.m */; };
		D014ABB817B96CB3007D79D0 /* SQRLShipItLauncher.m in Sources */ = {isa = PBXBuildFile; fileRef = D014ABB617B96CB3007D79D0 /* SQRLShipItLauncher.m */; };
		D014ABBA17B97403007D79D0 /* ServiceManagement.framework in Frameworks */ = {isa = PBXBuildFile; fileRef = D014ABB917B97403007D79D0 /* ServiceManagement.framework */; };
		D014AC0517B97885007D79D0 /* ShipIt-main.m in Sources */ = {isa = PBXBuildFile; fileRef = D014AC0417B97885007D79D0 /* ShipIt-main.m */; };
		D014AC1117B9789C007D79D0 /* SQRLInstaller.m in Sources */ = {isa = PBXBuildFile; fileRef = D014AC1017B9789C007D79D0 /* SQRLInstaller.m */; };
		D014AC1817B97945007D79D0 /* ShipIt in Copy ShipIt */ = {isa = PBXBuildFile; fileRef = D014AC0117B97885007D79D0 /* ShipIt */; };
		D014AC1917B979A8007D79D0 /* SQRLCodeSignatureVerifier.m in Sources */ = {isa = PBXBuildFile; fileRef = F6F2ED8217A33C4900F4D220 /* SQRLCodeSignatureVerifier.m */; };
		D014AC1A17B979AA007D79D0 /* NSError+SQRLVerbosityExtensions.m in Sources */ = {isa = PBXBuildFile; fileRef = D0EDBE9B17B0C68E0058BC3C /* NSError+SQRLVerbosityExtensions.m */; };
		D014AC1B17B979AD007D79D0 /* SQRLArguments.m in Sources */ = {isa = PBXBuildFile; fileRef = D00728FF17B09732008C7DDE /* SQRLArguments.m */; };
		D014AC1D17B979B7007D79D0 /* Security.framework in Frameworks */ = {isa = PBXBuildFile; fileRef = F6EB217F179D0E4D001108CF /* Security.framework */; };
		D014AC1E17B979BD007D79D0 /* ServiceManagement.framework in Frameworks */ = {isa = PBXBuildFile; fileRef = D014ABB917B97403007D79D0 /* ServiceManagement.framework */; };
		D014AC1F17B979C4007D79D0 /* Cocoa.framework in Frameworks */ = {isa = PBXBuildFile; fileRef = D0C22BDA179CC00E00158214 /* Cocoa.framework */; };
		D03BE98D17B6174500458593 /* MainMenu.xib in Resources */ = {isa = PBXBuildFile; fileRef = D03BE98C17B6174500458593 /* MainMenu.xib */; };
		D043F77217FF40C90012F996 /* SQRLTerminationListener.m in Sources */ = {isa = PBXBuildFile; fileRef = D043F77117FF40C90012F996 /* SQRLTerminationListener.m */; };
		D043F77E17FF43640012F996 /* SQRLTerminationListener.m in Sources */ = {isa = PBXBuildFile; fileRef = D043F77117FF40C90012F996 /* SQRLTerminationListener.m */; };
		D04752A317FFC9E5003B162E /* SQRLStateManager.m in Sources */ = {isa = PBXBuildFile; fileRef = D04752A217FFC9E5003B162E /* SQRLStateManager.m */; };
		D04752B017FFCA3E003B162E /* SQRLStateManager.m in Sources */ = {isa = PBXBuildFile; fileRef = D04752A217FFC9E5003B162E /* SQRLStateManager.m */; };
		D04752B117FFE1EE003B162E /* SQRLStateManager.m in Sources */ = {isa = PBXBuildFile; fileRef = D04752A217FFC9E5003B162E /* SQRLStateManager.m */; };
		D049803517F9181D001EE042 /* SQRLXPCObject.m in Sources */ = {isa = PBXBuildFile; fileRef = D049803317F9181D001EE042 /* SQRLXPCObject.m */; };
		D049803617F9181D001EE042 /* SQRLXPCObject.m in Sources */ = {isa = PBXBuildFile; fileRef = D049803317F9181D001EE042 /* SQRLXPCObject.m */; };
		D061E40217FD580D00CC134A /* SQRLInstaller.m in Sources */ = {isa = PBXBuildFile; fileRef = D014AC1017B9789C007D79D0 /* SQRLInstaller.m */; };
		D061E40317FD581C00CC134A /* IOKit.framework in Frameworks */ = {isa = PBXBuildFile; fileRef = D097B9BC17BB4777006C3FEB /* IOKit.framework */; };
		D06B58B518032B1500656D97 /* RACSignal+SQRLTransactionExtensions.m in Sources */ = {isa = PBXBuildFile; fileRef = D06B58B318032B1500656D97 /* RACSignal+SQRLTransactionExtensions.m */; };
		D06B58B618032B1500656D97 /* RACSignal+SQRLTransactionExtensions.m in Sources */ = {isa = PBXBuildFile; fileRef = D06B58B318032B1500656D97 /* RACSignal+SQRLTransactionExtensions.m */; };
		D08D4E0D17B451500012B22D /* Cocoa.framework in Frameworks */ = {isa = PBXBuildFile; fileRef = D0C22BDA179CC00E00158214 /* Cocoa.framework */; };
		D08D4E1317B451500012B22D /* InfoPlist.strings in Resources */ = {isa = PBXBuildFile; fileRef = D08D4E1117B451500012B22D /* InfoPlist.strings */; };
		D08D4E1517B451500012B22D /* main.m in Sources */ = {isa = PBXBuildFile; fileRef = D08D4E1417B451500012B22D /* main.m */; };
		D08D4E1917B451500012B22D /* Credits.rtf in Resources */ = {isa = PBXBuildFile; fileRef = D08D4E1717B451500012B22D /* Credits.rtf */; };
		D08D4E1C17B451500012B22D /* TestAppDelegate.m in Sources */ = {isa = PBXBuildFile; fileRef = D08D4E1B17B451500012B22D /* TestAppDelegate.m */; };
		D08D4E2117B451500012B22D /* Images.xcassets in Resources */ = {isa = PBXBuildFile; fileRef = D08D4E2017B451500012B22D /* Images.xcassets */; };
		D08D4E4717B451E50012B22D /* Squirrel.framework in Frameworks */ = {isa = PBXBuildFile; fileRef = D0C22BD7179CC00E00158214 /* Squirrel.framework */; };
		D08D4E4917B451F20012B22D /* Squirrel.framework in Copy Frameworks */ = {isa = PBXBuildFile; fileRef = D0C22BD7179CC00E00158214 /* Squirrel.framework */; };
		D08D4E4A17B451FD0012B22D /* TestApplication.app in Resources */ = {isa = PBXBuildFile; fileRef = D08D4E0C17B451500012B22D /* TestApplication.app */; };
		D093682417FF732200BA0EAE /* ServiceManagement.framework in Frameworks */ = {isa = PBXBuildFile; fileRef = D014ABB917B97403007D79D0 /* ServiceManagement.framework */; };
		D0964B2217F2DD4D00D88BF7 /* libReactiveCocoa-Mac.a in Frameworks */ = {isa = PBXBuildFile; fileRef = D0964B1C17F2DD4500D88BF7 /* libReactiveCocoa-Mac.a */; };
		D0964B3817F2E01500D88BF7 /* SQRLDownloadedUpdate.h in Headers */ = {isa = PBXBuildFile; fileRef = D0964B3617F2E01500D88BF7 /* SQRLDownloadedUpdate.h */; settings = {ATTRIBUTES = (Public, ); }; };
		D0964B3917F2E01500D88BF7 /* SQRLDownloadedUpdate.m in Sources */ = {isa = PBXBuildFile; fileRef = D0964B3717F2E01500D88BF7 /* SQRLDownloadedUpdate.m */; };
		D0964B3C17F2E20B00D88BF7 /* NSBundle+SQRLVersionExtensions.h in Headers */ = {isa = PBXBuildFile; fileRef = D0964B3A17F2E20B00D88BF7 /* NSBundle+SQRLVersionExtensions.h */; settings = {ATTRIBUTES = (Public, ); }; };
		D0964B3D17F2E20B00D88BF7 /* NSBundle+SQRLVersionExtensions.m in Sources */ = {isa = PBXBuildFile; fileRef = D0964B3B17F2E20B00D88BF7 /* NSBundle+SQRLVersionExtensions.m */; };
		D0964B3E17F2E20B00D88BF7 /* NSBundle+SQRLVersionExtensions.m in Sources */ = {isa = PBXBuildFile; fileRef = D0964B3B17F2E20B00D88BF7 /* NSBundle+SQRLVersionExtensions.m */; };
		D097B9BD17BB4777006C3FEB /* IOKit.framework in Frameworks */ = {isa = PBXBuildFile; fileRef = D097B9BC17BB4777006C3FEB /* IOKit.framework */; };
		D09D244117B595470001FAF8 /* SQRLInstallerSpec.m in Sources */ = {isa = PBXBuildFile; fileRef = D09D244017B595470001FAF8 /* SQRLInstallerSpec.m */; };
		D09D244A17B59AB30001FAF8 /* TestApplication 2.1.app in Resources */ = {isa = PBXBuildFile; fileRef = D09D244917B59AB30001FAF8 /* TestApplication 2.1.app */; };
		D0A6D2BC17B9FA9E00B2C3DF /* Security.framework in Frameworks */ = {isa = PBXBuildFile; fileRef = F6EB217F179D0E4D001108CF /* Security.framework */; };
		D0B1DDCE17B487FB0059C355 /* unused-helper in Copy Executables */ = {isa = PBXBuildFile; fileRef = D0B1DDCB17B487D90059C355 /* unused-helper */; };
		D0C22BDB179CC00E00158214 /* Cocoa.framework in Frameworks */ = {isa = PBXBuildFile; fileRef = D0C22BDA179CC00E00158214 /* Cocoa.framework */; };
		D0C22BE5179CC00E00158214 /* InfoPlist.strings in Resources */ = {isa = PBXBuildFile; fileRef = D0C22BE3179CC00E00158214 /* InfoPlist.strings */; };
		D0C22BF1179CC00E00158214 /* SenTestingKit.framework in Frameworks */ = {isa = PBXBuildFile; fileRef = D0C22BF0179CC00E00158214 /* SenTestingKit.framework */; };
		D0C22BF2179CC00E00158214 /* Cocoa.framework in Frameworks */ = {isa = PBXBuildFile; fileRef = D0C22BDA179CC00E00158214 /* Cocoa.framework */; };
		D0C22BF5179CC00E00158214 /* Squirrel.framework in Frameworks */ = {isa = PBXBuildFile; fileRef = D0C22BD7179CC00E00158214 /* Squirrel.framework */; };
		D0C22BFB179CC00E00158214 /* InfoPlist.strings in Resources */ = {isa = PBXBuildFile; fileRef = D0C22BF9179CC00E00158214 /* InfoPlist.strings */; };
		D0C22C4C179CC15100158214 /* SQRLUpdater.h in Headers */ = {isa = PBXBuildFile; fileRef = D0C22C4A179CC15100158214 /* SQRLUpdater.h */; settings = {ATTRIBUTES = (Public, ); }; };
		D0C22C4D179CC15100158214 /* SQRLUpdater.m in Sources */ = {isa = PBXBuildFile; fileRef = D0C22C4B179CC15100158214 /* SQRLUpdater.m */; };
		D0C22C50179CC18C00158214 /* SQRLUpdaterSpec.m in Sources */ = {isa = PBXBuildFile; fileRef = D0C22C4F179CC18C00158214 /* SQRLUpdaterSpec.m */; };
		D0C22C52179CC23900158214 /* Squirrel.h in Headers */ = {isa = PBXBuildFile; fileRef = D0C22BE7179CC00E00158214 /* Squirrel.h */; settings = {ATTRIBUTES = (Public, ); }; };
		D0C2AA9417FC105C0075D1D1 /* SQRLXPCConnection.m in Sources */ = {isa = PBXBuildFile; fileRef = D0C2AA9217FC105C0075D1D1 /* SQRLXPCConnection.m */; };
		D0C2AA9517FC105C0075D1D1 /* SQRLXPCConnection.m in Sources */ = {isa = PBXBuildFile; fileRef = D0C2AA9217FC105C0075D1D1 /* SQRLXPCConnection.m */; };
		D0D97E4517B58FC400301C72 /* ResourceRules.plist in Resources */ = {isa = PBXBuildFile; fileRef = D0D97E4417B58FC400301C72 /* ResourceRules.plist */; };
		D0EDBE9D17B0C68E0058BC3C /* NSError+SQRLVerbosityExtensions.m in Sources */ = {isa = PBXBuildFile; fileRef = D0EDBE9B17B0C68E0058BC3C /* NSError+SQRLVerbosityExtensions.m */; };
		D0EDBEDD17B0DB3E0058BC3C /* SQRLTestCase.m in Sources */ = {isa = PBXBuildFile; fileRef = D0EDBEDC17B0DB3E0058BC3C /* SQRLTestCase.m */; };
		D0EDBEE117B0E3650058BC3C /* SQRLCodeSignatureVerifierSpec.m in Sources */ = {isa = PBXBuildFile; fileRef = D0EDBEE017B0E3650058BC3C /* SQRLCodeSignatureVerifierSpec.m */; };
		D0F3F03617E83928003AFA6B /* libExpecta.a in Frameworks */ = {isa = PBXBuildFile; fileRef = D0F3F01F17E83918003AFA6B /* libExpecta.a */; };
		D0F3F03717E83928003AFA6B /* libSpecta.a in Frameworks */ = {isa = PBXBuildFile; fileRef = D0F3F02B17E83918003AFA6B /* libSpecta.a */; };
		D0F3F06317E83B03003AFA6B /* ReactiveCocoa.framework in Frameworks */ = {isa = PBXBuildFile; fileRef = D0F3F05617E83A1D003AFA6B /* ReactiveCocoa.framework */; };
		D0F3F06417E83B0B003AFA6B /* ReactiveCocoa.framework in Frameworks */ = {isa = PBXBuildFile; fileRef = D0F3F05617E83A1D003AFA6B /* ReactiveCocoa.framework */; };
		D0F3F06817E83B27003AFA6B /* ReactiveCocoa.framework in Frameworks */ = {isa = PBXBuildFile; fileRef = D0F3F05617E83A1D003AFA6B /* ReactiveCocoa.framework */; };
		F6EB2162179CFD93001108CF /* SystemConfiguration.framework in Frameworks */ = {isa = PBXBuildFile; fileRef = F6EB2161179CFD93001108CF /* SystemConfiguration.framework */; };
		F6EB2180179D0E4D001108CF /* Security.framework in Frameworks */ = {isa = PBXBuildFile; fileRef = F6EB217F179D0E4D001108CF /* Security.framework */; };
		F6F2ED8417A33C4900F4D220 /* SQRLCodeSignatureVerifier.m in Sources */ = {isa = PBXBuildFile; fileRef = F6F2ED8217A33C4900F4D220 /* SQRLCodeSignatureVerifier.m */; };
/* End PBXBuildFile section */

/* Begin PBXContainerItemProxy section */
		534FF37017D8E9170020A51A /* PBXContainerItemProxy */ = {
			isa = PBXContainerItemProxy;
			containerPortal = D0C22BCE179CC00E00158214 /* Project object */;
			proxyType = 1;
			remoteGlobalIDString = 534FF35F17D8E90A0020A51A;
			remoteInfo = TestService;
		};
		D014AC1617B9793A007D79D0 /* PBXContainerItemProxy */ = {
			isa = PBXContainerItemProxy;
			containerPortal = D0C22BCE179CC00E00158214 /* Project object */;
			proxyType = 1;
			remoteGlobalIDString = D014AC0017B97885007D79D0;
			remoteInfo = ShipIt;
		};
		D08D4E4517B451E10012B22D /* PBXContainerItemProxy */ = {
			isa = PBXContainerItemProxy;
			containerPortal = D0C22BCE179CC00E00158214 /* Project object */;
			proxyType = 1;
			remoteGlobalIDString = D0C22BD6179CC00E00158214;
			remoteInfo = Squirrel;
		};
		D08D4E4B17B4520C0012B22D /* PBXContainerItemProxy */ = {
			isa = PBXContainerItemProxy;
			containerPortal = D0C22BCE179CC00E00158214 /* Project object */;
			proxyType = 1;
			remoteGlobalIDString = D08D4E0B17B451500012B22D;
			remoteInfo = TestApplication;
		};
		D0964B1B17F2DD4500D88BF7 /* PBXContainerItemProxy */ = {
			isa = PBXContainerItemProxy;
			containerPortal = D0F3F04A17E83A1D003AFA6B /* ReactiveCocoa.xcodeproj */;
			proxyType = 2;
			remoteGlobalIDString = D05AD39417F2D56F0080895B;
			remoteInfo = "ReactiveCocoa-Mac";
		};
		D0964B2017F2DD4A00D88BF7 /* PBXContainerItemProxy */ = {
			isa = PBXContainerItemProxy;
			containerPortal = D0F3F04A17E83A1D003AFA6B /* ReactiveCocoa.xcodeproj */;
			proxyType = 1;
			remoteGlobalIDString = D05AD39317F2D56F0080895B;
			remoteInfo = "ReactiveCocoa-Mac";
		};
		D0C22BF3179CC00E00158214 /* PBXContainerItemProxy */ = {
			isa = PBXContainerItemProxy;
			containerPortal = D0C22BCE179CC00E00158214 /* Project object */;
			proxyType = 1;
			remoteGlobalIDString = D0C22BD6179CC00E00158214;
			remoteInfo = Squirrel;
		};
		D0F3F01E17E83918003AFA6B /* PBXContainerItemProxy */ = {
			isa = PBXContainerItemProxy;
			containerPortal = D0F3F01417E83918003AFA6B /* Expecta.xcodeproj */;
			proxyType = 2;
			remoteGlobalIDString = E9ACDF0C13B2DD520010F4D7;
			remoteInfo = Expecta;
		};
		D0F3F02017E83918003AFA6B /* PBXContainerItemProxy */ = {
			isa = PBXContainerItemProxy;
			containerPortal = D0F3F01417E83918003AFA6B /* Expecta.xcodeproj */;
			proxyType = 2;
			remoteGlobalIDString = E93067CE13B2E6D100EA26FF;
			remoteInfo = "Expecta-iOS";
		};
		D0F3F02217E83918003AFA6B /* PBXContainerItemProxy */ = {
			isa = PBXContainerItemProxy;
			containerPortal = D0F3F01417E83918003AFA6B /* Expecta.xcodeproj */;
			proxyType = 2;
			remoteGlobalIDString = E9ACDF1D13B2DD520010F4D7;
			remoteInfo = ExpectaTests;
		};
		D0F3F02417E83918003AFA6B /* PBXContainerItemProxy */ = {
			isa = PBXContainerItemProxy;
			containerPortal = D0F3F01417E83918003AFA6B /* Expecta.xcodeproj */;
			proxyType = 2;
			remoteGlobalIDString = E93067DA13B2E6D100EA26FF;
			remoteInfo = "Expecta-iOSTests";
		};
		D0F3F02A17E83918003AFA6B /* PBXContainerItemProxy */ = {
			isa = PBXContainerItemProxy;
			containerPortal = D0F3F01717E83918003AFA6B /* Specta.xcodeproj */;
			proxyType = 2;
			remoteGlobalIDString = E9D96A2614B6B8AB007D9521;
			remoteInfo = Specta;
		};
		D0F3F02C17E83918003AFA6B /* PBXContainerItemProxy */ = {
			isa = PBXContainerItemProxy;
			containerPortal = D0F3F01717E83918003AFA6B /* Specta.xcodeproj */;
			proxyType = 2;
			remoteGlobalIDString = E9B777A414BA294B00D8DC76;
			remoteInfo = "Specta-iOS";
		};
		D0F3F02E17E83918003AFA6B /* PBXContainerItemProxy */ = {
			isa = PBXContainerItemProxy;
			containerPortal = D0F3F01717E83918003AFA6B /* Specta.xcodeproj */;
			proxyType = 2;
			remoteGlobalIDString = E9D96A3A14B6B8AB007D9521;
			remoteInfo = SpectaTests;
		};
		D0F3F03017E83918003AFA6B /* PBXContainerItemProxy */ = {
			isa = PBXContainerItemProxy;
			containerPortal = D0F3F01717E83918003AFA6B /* Specta.xcodeproj */;
			proxyType = 2;
			remoteGlobalIDString = E9B777B314BA294C00D8DC76;
			remoteInfo = "Specta-iOSTests";
		};
		D0F3F03217E83924003AFA6B /* PBXContainerItemProxy */ = {
			isa = PBXContainerItemProxy;
			containerPortal = D0F3F01417E83918003AFA6B /* Expecta.xcodeproj */;
			proxyType = 1;
			remoteGlobalIDString = E9ACDF0B13B2DD520010F4D7;
			remoteInfo = Expecta;
		};
		D0F3F03417E83924003AFA6B /* PBXContainerItemProxy */ = {
			isa = PBXContainerItemProxy;
			containerPortal = D0F3F01717E83918003AFA6B /* Specta.xcodeproj */;
			proxyType = 1;
			remoteGlobalIDString = E9D96A2514B6B8AB007D9521;
			remoteInfo = Specta;
		};
		D0F3F05517E83A1D003AFA6B /* PBXContainerItemProxy */ = {
			isa = PBXContainerItemProxy;
			containerPortal = D0F3F04A17E83A1D003AFA6B /* ReactiveCocoa.xcodeproj */;
			proxyType = 2;
			remoteGlobalIDString = 88037F8315056328001A5B19;
			remoteInfo = ReactiveCocoa;
		};
		D0F3F05717E83A1D003AFA6B /* PBXContainerItemProxy */ = {
			isa = PBXContainerItemProxy;
			containerPortal = D0F3F04A17E83A1D003AFA6B /* ReactiveCocoa.xcodeproj */;
			proxyType = 2;
			remoteGlobalIDString = 88F440AB153DAC820097B4C3;
			remoteInfo = "ReactiveCocoa-iOS";
		};
		D0F3F05917E83A1D003AFA6B /* PBXContainerItemProxy */ = {
			isa = PBXContainerItemProxy;
			containerPortal = D0F3F04A17E83A1D003AFA6B /* ReactiveCocoa.xcodeproj */;
			proxyType = 2;
			remoteGlobalIDString = 88CDF7DC15000FCF00163A9F;
			remoteInfo = ReactiveCocoaTests;
		};
		D0F3F05B17E83A1D003AFA6B /* PBXContainerItemProxy */ = {
			isa = PBXContainerItemProxy;
			containerPortal = D0F3F04A17E83A1D003AFA6B /* ReactiveCocoa.xcodeproj */;
			proxyType = 2;
			remoteGlobalIDString = 5FAF5223174D4C2000CAC810;
			remoteInfo = "ReactiveCocoaTests-iOS";
		};
		D0F3F05D17E83A1D003AFA6B /* PBXContainerItemProxy */ = {
			isa = PBXContainerItemProxy;
			containerPortal = D0F3F04A17E83A1D003AFA6B /* ReactiveCocoa.xcodeproj */;
			proxyType = 2;
			remoteGlobalIDString = 1860F412177C91B500C7B3C9;
			remoteInfo = "ReactiveCocoa-iOS-UIKitTestHost";
		};
		D0F3F05F17E83A1D003AFA6B /* PBXContainerItemProxy */ = {
			isa = PBXContainerItemProxy;
			containerPortal = D0F3F04A17E83A1D003AFA6B /* ReactiveCocoa.xcodeproj */;
			proxyType = 2;
			remoteGlobalIDString = 1860F430177C91B500C7B3C9;
			remoteInfo = "ReactiveCocoa-iOS-UIKitTestHostTests";
		};
		D0F3F06117E83AFF003AFA6B /* PBXContainerItemProxy */ = {
			isa = PBXContainerItemProxy;
			containerPortal = D0F3F04A17E83A1D003AFA6B /* ReactiveCocoa.xcodeproj */;
			proxyType = 1;
			remoteGlobalIDString = 88037F8215056328001A5B19;
			remoteInfo = ReactiveCocoa;
		};
/* End PBXContainerItemProxy section */

/* Begin PBXCopyFilesBuildPhase section */
		534FF35417D8E8A90020A51A /* Copy LoginItems */ = {
			isa = PBXCopyFilesBuildPhase;
			buildActionMask = 2147483647;
			dstPath = Contents/Library/LoginItems;
			dstSubfolderSpec = 1;
			files = (
				534FF35B17D8E8B90020A51A /* unused-helper in Copy LoginItems */,
			);
			name = "Copy LoginItems";
			runOnlyForDeploymentPostprocessing = 0;
		};
		534FF37217D8E9210020A51A /* Copy XPCServices */ = {
			isa = PBXCopyFilesBuildPhase;
			buildActionMask = 2147483647;
			dstPath = "$(CONTENTS_FOLDER_PATH)/XPCServices";
			dstSubfolderSpec = 16;
			files = (
				534FF37317D8E9370020A51A /* com.github.Squirrel.TestApplication.TestService.xpc in Copy XPCServices */,
			);
			name = "Copy XPCServices";
			runOnlyForDeploymentPostprocessing = 0;
		};
		D08D4DEC17B43D7A0012B22D /* Copy ShipIt */ = {
			isa = PBXCopyFilesBuildPhase;
			buildActionMask = 2147483647;
			dstPath = "";
			dstSubfolderSpec = 7;
			files = (
				D014AC1817B97945007D79D0 /* ShipIt in Copy ShipIt */,
			);
			name = "Copy ShipIt";
			runOnlyForDeploymentPostprocessing = 0;
		};
		D08D4E4817B451E90012B22D /* Copy Frameworks */ = {
			isa = PBXCopyFilesBuildPhase;
			buildActionMask = 2147483647;
			dstPath = "";
			dstSubfolderSpec = 10;
			files = (
				D08D4E4917B451F20012B22D /* Squirrel.framework in Copy Frameworks */,
			);
			name = "Copy Frameworks";
			runOnlyForDeploymentPostprocessing = 0;
		};
		D0B1DDCD17B487F50059C355 /* Copy Executables */ = {
			isa = PBXCopyFilesBuildPhase;
			buildActionMask = 2147483647;
			dstPath = "";
			dstSubfolderSpec = 6;
			files = (
				D0B1DDCE17B487FB0059C355 /* unused-helper in Copy Executables */,
			);
			name = "Copy Executables";
			runOnlyForDeploymentPostprocessing = 0;
		};
/* End PBXCopyFilesBuildPhase section */

/* Begin PBXFileReference section */
		534FF36017D8E90A0020A51A /* com.github.Squirrel.TestApplication.TestService.xpc */ = {isa = PBXFileReference; explicitFileType = wrapper.cfbundle; includeInIndex = 0; path = com.github.Squirrel.TestApplication.TestService.xpc; sourceTree = BUILT_PRODUCTS_DIR; };
		534FF36417D8E90A0020A51A /* TestService-Info.plist */ = {isa = PBXFileReference; lastKnownFileType = text.plist.xml; path = "TestService-Info.plist"; sourceTree = "<group>"; };
		534FF36617D8E90A0020A51A /* en */ = {isa = PBXFileReference; lastKnownFileType = text.plist.strings; name = en; path = en.lproj/InfoPlist.strings; sourceTree = "<group>"; };
		534FF36817D8E90A0020A51A /* TestService-Prefix.pch */ = {isa = PBXFileReference; lastKnownFileType = sourcecode.c.h; path = "TestService-Prefix.pch"; sourceTree = "<group>"; };
		534FF36917D8E90A0020A51A /* main.m */ = {isa = PBXFileReference; lastKnownFileType = sourcecode.c.objc; path = main.m; sourceTree = "<group>"; };
		53710D7317D8F59700A992DE /* SQRLDeepCodesignSpec.m */ = {isa = PBXFileReference; fileEncoding = 4; lastKnownFileType = sourcecode.c.objc; path = SQRLDeepCodesignSpec.m; sourceTree = "<group>"; };
		53710D7D17D8F5C300A992DE /* bootstrap */ = {isa = PBXFileReference; lastKnownFileType = text.script.sh; path = bootstrap; sourceTree = "<group>"; };
		53710D7E17D8F5C300A992DE /* cibuild */ = {isa = PBXFileReference; lastKnownFileType = text.script.sh; path = cibuild; sourceTree = "<group>"; };
		53710D7F17D8F5C300A992DE /* deep-codesign */ = {isa = PBXFileReference; lastKnownFileType = text; path = "deep-codesign"; sourceTree = "<group>"; };
		53710D8017D8F5C300A992DE /* LICENSE.md */ = {isa = PBXFileReference; lastKnownFileType = text; path = LICENSE.md; sourceTree = "<group>"; };
		53710D8117D8F5C300A992DE /* README.md */ = {isa = PBXFileReference; lastKnownFileType = text; path = README.md; sourceTree = "<group>"; };
		53710D8217D8F5C300A992DE /* targets.awk */ = {isa = PBXFileReference; lastKnownFileType = text; path = targets.awk; sourceTree = "<group>"; };
		53710D8317D8F5C300A992DE /* xcodebuild.awk */ = {isa = PBXFileReference; lastKnownFileType = text; path = xcodebuild.awk; sourceTree = "<group>"; };
		5395C0E217E9D013001648E8 /* SQRLUpdateSpec.m */ = {isa = PBXFileReference; fileEncoding = 4; lastKnownFileType = sourcecode.c.objc; path = SQRLUpdateSpec.m; sourceTree = "<group>"; };
		53AACF4917E9CA0500B41027 /* SQRLUpdate.h */ = {isa = PBXFileReference; fileEncoding = 4; lastKnownFileType = sourcecode.c.h; path = SQRLUpdate.h; sourceTree = "<group>"; };
		53AACF4A17E9CA0500B41027 /* SQRLUpdate.m */ = {isa = PBXFileReference; fileEncoding = 4; lastKnownFileType = sourcecode.c.objc; path = SQRLUpdate.m; sourceTree = "<group>"; };
		53AACF5317E9CB7500B41027 /* SQRLUpdate+Private.h */ = {isa = PBXFileReference; fileEncoding = 4; lastKnownFileType = sourcecode.c.h; path = "SQRLUpdate+Private.h"; sourceTree = "<group>"; };
		D000218C17BACEFF0050109A /* SQRLZipArchiver.h */ = {isa = PBXFileReference; fileEncoding = 4; lastKnownFileType = sourcecode.c.h; path = SQRLZipArchiver.h; sourceTree = "<group>"; };
		D000218D17BACEFF0050109A /* SQRLZipArchiver.m */ = {isa = PBXFileReference; fileEncoding = 4; lastKnownFileType = sourcecode.c.objc; path = SQRLZipArchiver.m; sourceTree = "<group>"; };
		D000219617BAD34D0050109A /* TestApplication.app.zip */ = {isa = PBXFileReference; lastKnownFileType = archive.zip; path = TestApplication.app.zip; sourceTree = "<group>"; };
		D000219817BAD35C0050109A /* SQRLZipArchiverSpec.m */ = {isa = PBXFileReference; fileEncoding = 4; lastKnownFileType = sourcecode.c.objc; path = SQRLZipArchiverSpec.m; sourceTree = "<group>"; };
		D00728FF17B09732008C7DDE /* SQRLArguments.m */ = {isa = PBXFileReference; fileEncoding = 4; lastKnownFileType = sourcecode.c.objc; name = SQRLArguments.m; path = Squirrel/SQRLArguments.m; sourceTree = SOURCE_ROOT; };
		D007290817B0973E008C7DDE /* SQRLArguments.h */ = {isa = PBXFileReference; lastKnownFileType = sourcecode.c.h; name = SQRLArguments.h; path = Squirrel/SQRLArguments.h; sourceTree = SOURCE_ROOT; };
		D00F5B8917E82D15009A4818 /* NSProcessInfo+SQRLVersionExtensions.h */ = {isa = PBXFileReference; fileEncoding = 4; lastKnownFileType = sourcecode.c.h; path = "NSProcessInfo+SQRLVersionExtensions.h"; sourceTree = "<group>"; };
		D00F5B8A17E82D15009A4818 /* NSProcessInfo+SQRLVersionExtensions.m */ = {isa = PBXFileReference; fileEncoding = 4; lastKnownFileType = sourcecode.c.objc; path = "NSProcessInfo+SQRLVersionExtensions.m"; sourceTree = "<group>"; };
		D00F5B8D17E82DE6009A4818 /* NSProcessInfoExtensionsSpec.m */ = {isa = PBXFileReference; fileEncoding = 4; lastKnownFileType = sourcecode.c.objc; path = NSProcessInfoExtensionsSpec.m; sourceTree = "<group>"; };
		D014ABB517B96CB3007D79D0 /* SQRLShipItLauncher.h */ = {isa = PBXFileReference; fileEncoding = 4; lastKnownFileType = sourcecode.c.h; path = SQRLShipItLauncher.h; sourceTree = "<group>"; };
		D014ABB617B96CB3007D79D0 /* SQRLShipItLauncher.m */ = {isa = PBXFileReference; fileEncoding = 4; lastKnownFileType = sourcecode.c.objc; path = SQRLShipItLauncher.m; sourceTree = "<group>"; };
		D014ABB917B97403007D79D0 /* ServiceManagement.framework */ = {isa = PBXFileReference; lastKnownFileType = wrapper.framework; name = ServiceManagement.framework; path = System/Library/Frameworks/ServiceManagement.framework; sourceTree = SDKROOT; };
		D014AC0117B97885007D79D0 /* ShipIt */ = {isa = PBXFileReference; explicitFileType = "compiled.mach-o.executable"; includeInIndex = 0; path = ShipIt; sourceTree = BUILT_PRODUCTS_DIR; };
		D014AC0417B97885007D79D0 /* ShipIt-main.m */ = {isa = PBXFileReference; lastKnownFileType = sourcecode.c.objc; name = "ShipIt-main.m"; path = "Squirrel/ShipIt-main.m"; sourceTree = SOURCE_ROOT; };
		D014AC0F17B9789C007D79D0 /* SQRLInstaller.h */ = {isa = PBXFileReference; fileEncoding = 4; lastKnownFileType = sourcecode.c.h; name = SQRLInstaller.h; path = Squirrel/SQRLInstaller.h; sourceTree = SOURCE_ROOT; };
		D014AC1017B9789C007D79D0 /* SQRLInstaller.m */ = {isa = PBXFileReference; fileEncoding = 4; lastKnownFileType = sourcecode.c.objc; name = SQRLInstaller.m; path = Squirrel/SQRLInstaller.m; sourceTree = SOURCE_ROOT; };
		D0366C0017B18FEE0086ED44 /* AppKit.framework */ = {isa = PBXFileReference; lastKnownFileType = wrapper.framework; name = AppKit.framework; path = System/Library/Frameworks/AppKit.framework; sourceTree = SDKROOT; };
		D0366C0117B18FEE0086ED44 /* CoreData.framework */ = {isa = PBXFileReference; lastKnownFileType = wrapper.framework; name = CoreData.framework; path = System/Library/Frameworks/CoreData.framework; sourceTree = SDKROOT; };
		D0366C0217B18FEE0086ED44 /* Foundation.framework */ = {isa = PBXFileReference; lastKnownFileType = wrapper.framework; name = Foundation.framework; path = System/Library/Frameworks/Foundation.framework; sourceTree = SDKROOT; };
		D0366C1C17B18FEE0086ED44 /* XCTest.framework */ = {isa = PBXFileReference; lastKnownFileType = wrapper.framework; name = XCTest.framework; path = Library/Frameworks/XCTest.framework; sourceTree = DEVELOPER_DIR; };
		D03BE98C17B6174500458593 /* MainMenu.xib */ = {isa = PBXFileReference; fileEncoding = 4; lastKnownFileType = file.xib; path = MainMenu.xib; sourceTree = "<group>"; };
		D043F77017FF40C90012F996 /* SQRLTerminationListener.h */ = {isa = PBXFileReference; fileEncoding = 4; lastKnownFileType = sourcecode.c.h; path = SQRLTerminationListener.h; sourceTree = "<group>"; };
		D043F77117FF40C90012F996 /* SQRLTerminationListener.m */ = {isa = PBXFileReference; fileEncoding = 4; lastKnownFileType = sourcecode.c.objc; path = SQRLTerminationListener.m; sourceTree = "<group>"; };
		D04752A117FFC9E5003B162E /* SQRLStateManager.h */ = {isa = PBXFileReference; fileEncoding = 4; lastKnownFileType = sourcecode.c.h; path = SQRLStateManager.h; sourceTree = "<group>"; };
		D04752A217FFC9E5003B162E /* SQRLStateManager.m */ = {isa = PBXFileReference; fileEncoding = 4; lastKnownFileType = sourcecode.c.objc; path = SQRLStateManager.m; sourceTree = "<group>"; };
		D04752AF17FFCA03003B162E /* SQRLStateManager+Private.h */ = {isa = PBXFileReference; lastKnownFileType = sourcecode.c.h; path = "SQRLStateManager+Private.h"; sourceTree = "<group>"; };
		D049803217F9181D001EE042 /* SQRLXPCObject.h */ = {isa = PBXFileReference; fileEncoding = 4; lastKnownFileType = sourcecode.c.h; path = SQRLXPCObject.h; sourceTree = "<group>"; };
		D049803317F9181D001EE042 /* SQRLXPCObject.m */ = {isa = PBXFileReference; fileEncoding = 4; lastKnownFileType = sourcecode.c.objc; path = SQRLXPCObject.m; sourceTree = "<group>"; };
		D06B58B218032B1500656D97 /* RACSignal+SQRLTransactionExtensions.h */ = {isa = PBXFileReference; fileEncoding = 4; lastKnownFileType = sourcecode.c.h; path = "RACSignal+SQRLTransactionExtensions.h"; sourceTree = "<group>"; };
		D06B58B318032B1500656D97 /* RACSignal+SQRLTransactionExtensions.m */ = {isa = PBXFileReference; fileEncoding = 4; lastKnownFileType = sourcecode.c.objc; path = "RACSignal+SQRLTransactionExtensions.m"; sourceTree = "<group>"; };
		D08D4E0C17B451500012B22D /* TestApplication.app */ = {isa = PBXFileReference; explicitFileType = wrapper.application; includeInIndex = 0; path = TestApplication.app; sourceTree = BUILT_PRODUCTS_DIR; };
		D08D4E1017B451500012B22D /* TestApplication-Info.plist */ = {isa = PBXFileReference; lastKnownFileType = text.plist.xml; path = "TestApplication-Info.plist"; sourceTree = "<group>"; };
		D08D4E1217B451500012B22D /* en */ = {isa = PBXFileReference; lastKnownFileType = text.plist.strings; name = en; path = en.lproj/InfoPlist.strings; sourceTree = "<group>"; };
		D08D4E1417B451500012B22D /* main.m */ = {isa = PBXFileReference; lastKnownFileType = sourcecode.c.objc; path = main.m; sourceTree = "<group>"; };
		D08D4E1617B451500012B22D /* TestApplication-Prefix.pch */ = {isa = PBXFileReference; lastKnownFileType = sourcecode.c.h; path = "TestApplication-Prefix.pch"; sourceTree = "<group>"; };
		D08D4E1817B451500012B22D /* en */ = {isa = PBXFileReference; lastKnownFileType = text.rtf; name = en; path = en.lproj/Credits.rtf; sourceTree = "<group>"; };
		D08D4E1A17B451500012B22D /* TestAppDelegate.h */ = {isa = PBXFileReference; lastKnownFileType = sourcecode.c.h; path = TestAppDelegate.h; sourceTree = "<group>"; };
		D08D4E1B17B451500012B22D /* TestAppDelegate.m */ = {isa = PBXFileReference; lastKnownFileType = sourcecode.c.objc; path = TestAppDelegate.m; sourceTree = "<group>"; };
		D08D4E2017B451500012B22D /* Images.xcassets */ = {isa = PBXFileReference; lastKnownFileType = folder.assetcatalog; path = Images.xcassets; sourceTree = "<group>"; };
		D0964B3617F2E01500D88BF7 /* SQRLDownloadedUpdate.h */ = {isa = PBXFileReference; fileEncoding = 4; lastKnownFileType = sourcecode.c.h; path = SQRLDownloadedUpdate.h; sourceTree = "<group>"; };
		D0964B3717F2E01500D88BF7 /* SQRLDownloadedUpdate.m */ = {isa = PBXFileReference; fileEncoding = 4; lastKnownFileType = sourcecode.c.objc; path = SQRLDownloadedUpdate.m; sourceTree = "<group>"; };
		D0964B3A17F2E20B00D88BF7 /* NSBundle+SQRLVersionExtensions.h */ = {isa = PBXFileReference; fileEncoding = 4; lastKnownFileType = sourcecode.c.h; path = "NSBundle+SQRLVersionExtensions.h"; sourceTree = "<group>"; };
		D0964B3B17F2E20B00D88BF7 /* NSBundle+SQRLVersionExtensions.m */ = {isa = PBXFileReference; fileEncoding = 4; lastKnownFileType = sourcecode.c.objc; path = "NSBundle+SQRLVersionExtensions.m"; sourceTree = "<group>"; };
		D097B9BC17BB4777006C3FEB /* IOKit.framework */ = {isa = PBXFileReference; lastKnownFileType = wrapper.framework; name = IOKit.framework; path = System/Library/Frameworks/IOKit.framework; sourceTree = SDKROOT; };
		D09D244017B595470001FAF8 /* SQRLInstallerSpec.m */ = {isa = PBXFileReference; fileEncoding = 4; lastKnownFileType = sourcecode.c.objc; path = SQRLInstallerSpec.m; sourceTree = "<group>"; };
		D09D244917B59AB30001FAF8 /* TestApplication 2.1.app */ = {isa = PBXFileReference; lastKnownFileType = wrapper.application; path = "TestApplication 2.1.app"; sourceTree = "<group>"; };
		D0B1DDCB17B487D90059C355 /* unused-helper */ = {isa = PBXFileReference; lastKnownFileType = "compiled.mach-o.executable"; path = "unused-helper"; sourceTree = "<group>"; };
		D0C22BD7179CC00E00158214 /* Squirrel.framework */ = {isa = PBXFileReference; explicitFileType = wrapper.framework; includeInIndex = 0; path = Squirrel.framework; sourceTree = BUILT_PRODUCTS_DIR; };
		D0C22BDA179CC00E00158214 /* Cocoa.framework */ = {isa = PBXFileReference; lastKnownFileType = wrapper.framework; name = Cocoa.framework; path = System/Library/Frameworks/Cocoa.framework; sourceTree = SDKROOT; };
		D0C22BE2179CC00E00158214 /* Squirrel-Info.plist */ = {isa = PBXFileReference; lastKnownFileType = text.plist.xml; path = "Squirrel-Info.plist"; sourceTree = "<group>"; };
		D0C22BE4179CC00E00158214 /* en */ = {isa = PBXFileReference; lastKnownFileType = text.plist.strings; name = en; path = en.lproj/InfoPlist.strings; sourceTree = "<group>"; };
		D0C22BE6179CC00E00158214 /* Squirrel-Prefix.pch */ = {isa = PBXFileReference; lastKnownFileType = sourcecode.c.h; path = "Squirrel-Prefix.pch"; sourceTree = "<group>"; };
		D0C22BE7179CC00E00158214 /* Squirrel.h */ = {isa = PBXFileReference; lastKnownFileType = sourcecode.c.h; path = Squirrel.h; sourceTree = "<group>"; };
		D0C22BEF179CC00E00158214 /* SquirrelTests.octest */ = {isa = PBXFileReference; explicitFileType = wrapper.cfbundle; includeInIndex = 0; path = SquirrelTests.octest; sourceTree = BUILT_PRODUCTS_DIR; };
		D0C22BF0179CC00E00158214 /* SenTestingKit.framework */ = {isa = PBXFileReference; lastKnownFileType = wrapper.framework; name = SenTestingKit.framework; path = Library/Frameworks/SenTestingKit.framework; sourceTree = DEVELOPER_DIR; };
		D0C22BF8179CC00E00158214 /* SquirrelTests-Info.plist */ = {isa = PBXFileReference; lastKnownFileType = text.plist.xml; path = "SquirrelTests-Info.plist"; sourceTree = "<group>"; };
		D0C22BFA179CC00E00158214 /* en */ = {isa = PBXFileReference; lastKnownFileType = text.plist.strings; name = en; path = en.lproj/InfoPlist.strings; sourceTree = "<group>"; };
		D0C22C09179CC02E00158214 /* Common.xcconfig */ = {isa = PBXFileReference; lastKnownFileType = text.xcconfig; path = Common.xcconfig; sourceTree = "<group>"; };
		D0C22C0B179CC02E00158214 /* Debug.xcconfig */ = {isa = PBXFileReference; lastKnownFileType = text.xcconfig; path = Debug.xcconfig; sourceTree = "<group>"; };
		D0C22C0C179CC02E00158214 /* Profile.xcconfig */ = {isa = PBXFileReference; lastKnownFileType = text.xcconfig; path = Profile.xcconfig; sourceTree = "<group>"; };
		D0C22C0D179CC02E00158214 /* Release.xcconfig */ = {isa = PBXFileReference; lastKnownFileType = text.xcconfig; path = Release.xcconfig; sourceTree = "<group>"; };
		D0C22C0E179CC02E00158214 /* Test.xcconfig */ = {isa = PBXFileReference; lastKnownFileType = text.xcconfig; path = Test.xcconfig; sourceTree = "<group>"; };
		D0C22C10179CC02E00158214 /* Application.xcconfig */ = {isa = PBXFileReference; lastKnownFileType = text.xcconfig; path = Application.xcconfig; sourceTree = "<group>"; };
		D0C22C11179CC02E00158214 /* StaticLibrary.xcconfig */ = {isa = PBXFileReference; lastKnownFileType = text.xcconfig; path = StaticLibrary.xcconfig; sourceTree = "<group>"; };
		D0C22C13179CC02E00158214 /* iOS-Application.xcconfig */ = {isa = PBXFileReference; lastKnownFileType = text.xcconfig; path = "iOS-Application.xcconfig"; sourceTree = "<group>"; };
		D0C22C14179CC02E00158214 /* iOS-Base.xcconfig */ = {isa = PBXFileReference; lastKnownFileType = text.xcconfig; path = "iOS-Base.xcconfig"; sourceTree = "<group>"; };
		D0C22C15179CC02E00158214 /* iOS-StaticLibrary.xcconfig */ = {isa = PBXFileReference; lastKnownFileType = text.xcconfig; path = "iOS-StaticLibrary.xcconfig"; sourceTree = "<group>"; };
		D0C22C17179CC02E00158214 /* Mac-Application.xcconfig */ = {isa = PBXFileReference; lastKnownFileType = text.xcconfig; path = "Mac-Application.xcconfig"; sourceTree = "<group>"; };
		D0C22C18179CC02E00158214 /* Mac-Base.xcconfig */ = {isa = PBXFileReference; lastKnownFileType = text.xcconfig; path = "Mac-Base.xcconfig"; sourceTree = "<group>"; };
		D0C22C19179CC02E00158214 /* Mac-DynamicLibrary.xcconfig */ = {isa = PBXFileReference; lastKnownFileType = text.xcconfig; path = "Mac-DynamicLibrary.xcconfig"; sourceTree = "<group>"; };
		D0C22C1A179CC02E00158214 /* Mac-Framework.xcconfig */ = {isa = PBXFileReference; lastKnownFileType = text.xcconfig; path = "Mac-Framework.xcconfig"; sourceTree = "<group>"; };
		D0C22C1B179CC02E00158214 /* Mac-StaticLibrary.xcconfig */ = {isa = PBXFileReference; lastKnownFileType = text.xcconfig; path = "Mac-StaticLibrary.xcconfig"; sourceTree = "<group>"; };
		D0C22C1C179CC02E00158214 /* README.md */ = {isa = PBXFileReference; lastKnownFileType = text; path = README.md; sourceTree = "<group>"; };
		D0C22C4A179CC15100158214 /* SQRLUpdater.h */ = {isa = PBXFileReference; fileEncoding = 4; lastKnownFileType = sourcecode.c.h; path = SQRLUpdater.h; sourceTree = "<group>"; };
		D0C22C4B179CC15100158214 /* SQRLUpdater.m */ = {isa = PBXFileReference; fileEncoding = 4; lastKnownFileType = sourcecode.c.objc; path = SQRLUpdater.m; sourceTree = "<group>"; };
		D0C22C4F179CC18C00158214 /* SQRLUpdaterSpec.m */ = {isa = PBXFileReference; fileEncoding = 4; lastKnownFileType = sourcecode.c.objc; path = SQRLUpdaterSpec.m; sourceTree = "<group>"; };
		D0C22C51179CC1A200158214 /* SquirrelTests-Prefix.pch */ = {isa = PBXFileReference; fileEncoding = 4; lastKnownFileType = sourcecode.c.h; path = "SquirrelTests-Prefix.pch"; sourceTree = "<group>"; };
		D0C2AA9117FC105C0075D1D1 /* SQRLXPCConnection.h */ = {isa = PBXFileReference; fileEncoding = 4; lastKnownFileType = sourcecode.c.h; path = SQRLXPCConnection.h; sourceTree = "<group>"; };
		D0C2AA9217FC105C0075D1D1 /* SQRLXPCConnection.m */ = {isa = PBXFileReference; fileEncoding = 4; lastKnownFileType = sourcecode.c.objc; path = SQRLXPCConnection.m; sourceTree = "<group>"; };
		D0D97E4417B58FC400301C72 /* ResourceRules.plist */ = {isa = PBXFileReference; fileEncoding = 4; lastKnownFileType = text.plist.xml; path = ResourceRules.plist; sourceTree = "<group>"; };
		D0EDBE9A17B0C68E0058BC3C /* NSError+SQRLVerbosityExtensions.h */ = {isa = PBXFileReference; fileEncoding = 4; lastKnownFileType = sourcecode.c.h; name = "NSError+SQRLVerbosityExtensions.h"; path = "Squirrel/NSError+SQRLVerbosityExtensions.h"; sourceTree = SOURCE_ROOT; };
		D0EDBE9B17B0C68E0058BC3C /* NSError+SQRLVerbosityExtensions.m */ = {isa = PBXFileReference; fileEncoding = 4; lastKnownFileType = sourcecode.c.objc; name = "NSError+SQRLVerbosityExtensions.m"; path = "Squirrel/NSError+SQRLVerbosityExtensions.m"; sourceTree = SOURCE_ROOT; };
		D0EDBEDB17B0DB3E0058BC3C /* SQRLTestCase.h */ = {isa = PBXFileReference; fileEncoding = 4; lastKnownFileType = sourcecode.c.h; path = SQRLTestCase.h; sourceTree = "<group>"; };
		D0EDBEDC17B0DB3E0058BC3C /* SQRLTestCase.m */ = {isa = PBXFileReference; fileEncoding = 4; lastKnownFileType = sourcecode.c.objc; path = SQRLTestCase.m; sourceTree = "<group>"; };
		D0EDBEE017B0E3650058BC3C /* SQRLCodeSignatureVerifierSpec.m */ = {isa = PBXFileReference; fileEncoding = 4; lastKnownFileType = sourcecode.c.objc; path = SQRLCodeSignatureVerifierSpec.m; sourceTree = "<group>"; };
		D0F3F01417E83918003AFA6B /* Expecta.xcodeproj */ = {isa = PBXFileReference; lastKnownFileType = "wrapper.pb-project"; name = Expecta.xcodeproj; path = External/ReactiveCocoa/external/expecta/Expecta.xcodeproj; sourceTree = "<group>"; };
		D0F3F01717E83918003AFA6B /* Specta.xcodeproj */ = {isa = PBXFileReference; lastKnownFileType = "wrapper.pb-project"; name = Specta.xcodeproj; path = External/ReactiveCocoa/external/specta/Specta.xcodeproj; sourceTree = "<group>"; };
		D0F3F04A17E83A1D003AFA6B /* ReactiveCocoa.xcodeproj */ = {isa = PBXFileReference; lastKnownFileType = "wrapper.pb-project"; name = ReactiveCocoa.xcodeproj; path = External/ReactiveCocoa/ReactiveCocoaFramework/ReactiveCocoa.xcodeproj; sourceTree = "<group>"; };
		F60CA7EA179FC4F60069F69A /* Foundation.framework */ = {isa = PBXFileReference; lastKnownFileType = wrapper.framework; name = Foundation.framework; path = System/Library/Frameworks/Foundation.framework; sourceTree = SDKROOT; };
		F65A915F17A71AA5005A4666 /* AppKit.framework */ = {isa = PBXFileReference; lastKnownFileType = wrapper.framework; name = AppKit.framework; path = System/Library/Frameworks/AppKit.framework; sourceTree = SDKROOT; };
		F6EB2161179CFD93001108CF /* SystemConfiguration.framework */ = {isa = PBXFileReference; lastKnownFileType = wrapper.framework; name = SystemConfiguration.framework; path = System/Library/Frameworks/SystemConfiguration.framework; sourceTree = SDKROOT; };
		F6EB217F179D0E4D001108CF /* Security.framework */ = {isa = PBXFileReference; lastKnownFileType = wrapper.framework; name = Security.framework; path = System/Library/Frameworks/Security.framework; sourceTree = SDKROOT; };
		F6F2ED8117A33C4900F4D220 /* SQRLCodeSignatureVerifier.h */ = {isa = PBXFileReference; fileEncoding = 4; lastKnownFileType = sourcecode.c.h; name = SQRLCodeSignatureVerifier.h; path = Squirrel/SQRLCodeSignatureVerifier.h; sourceTree = SOURCE_ROOT; };
		F6F2ED8217A33C4900F4D220 /* SQRLCodeSignatureVerifier.m */ = {isa = PBXFileReference; fileEncoding = 4; lastKnownFileType = sourcecode.c.objc; name = SQRLCodeSignatureVerifier.m; path = Squirrel/SQRLCodeSignatureVerifier.m; sourceTree = SOURCE_ROOT; };
/* End PBXFileReference section */

/* Begin PBXFrameworksBuildPhase section */
		534FF35D17D8E90A0020A51A /* Frameworks */ = {
			isa = PBXFrameworksBuildPhase;
			buildActionMask = 2147483647;
			files = (
				534FF36117D8E90A0020A51A /* Foundation.framework in Frameworks */,
			);
			runOnlyForDeploymentPostprocessing = 0;
		};
		D014ABFE17B97885007D79D0 /* Frameworks */ = {
			isa = PBXFrameworksBuildPhase;
			buildActionMask = 2147483647;
			files = (
				D0964B2217F2DD4D00D88BF7 /* libReactiveCocoa-Mac.a in Frameworks */,
				D097B9BD17BB4777006C3FEB /* IOKit.framework in Frameworks */,
				D014AC1F17B979C4007D79D0 /* Cocoa.framework in Frameworks */,
				D014AC1D17B979B7007D79D0 /* Security.framework in Frameworks */,
				D014AC1E17B979BD007D79D0 /* ServiceManagement.framework in Frameworks */,
			);
			runOnlyForDeploymentPostprocessing = 0;
		};
		D08D4E0917B451500012B22D /* Frameworks */ = {
			isa = PBXFrameworksBuildPhase;
			buildActionMask = 2147483647;
			files = (
				D0F3F06417E83B0B003AFA6B /* ReactiveCocoa.framework in Frameworks */,
				D08D4E4717B451E50012B22D /* Squirrel.framework in Frameworks */,
				D08D4E0D17B451500012B22D /* Cocoa.framework in Frameworks */,
			);
			runOnlyForDeploymentPostprocessing = 0;
		};
		D0C22BD3179CC00E00158214 /* Frameworks */ = {
			isa = PBXFrameworksBuildPhase;
			buildActionMask = 2147483647;
			files = (
				D0F3F06317E83B03003AFA6B /* ReactiveCocoa.framework in Frameworks */,
				D014ABBA17B97403007D79D0 /* ServiceManagement.framework in Frameworks */,
				F6EB2180179D0E4D001108CF /* Security.framework in Frameworks */,
				F6EB2162179CFD93001108CF /* SystemConfiguration.framework in Frameworks */,
				533076EB17EB688300BDCCE0 /* IOKit.framework in Frameworks */,
				D0C22BDB179CC00E00158214 /* Cocoa.framework in Frameworks */,
			);
			runOnlyForDeploymentPostprocessing = 0;
		};
		D0C22BEB179CC00E00158214 /* Frameworks */ = {
			isa = PBXFrameworksBuildPhase;
			buildActionMask = 2147483647;
			files = (
				D093682417FF732200BA0EAE /* ServiceManagement.framework in Frameworks */,
				D0F3F06817E83B27003AFA6B /* ReactiveCocoa.framework in Frameworks */,
				D0F3F03617E83928003AFA6B /* libExpecta.a in Frameworks */,
				D0F3F03717E83928003AFA6B /* libSpecta.a in Frameworks */,
				D061E40317FD581C00CC134A /* IOKit.framework in Frameworks */,
				D0C22BF1179CC00E00158214 /* SenTestingKit.framework in Frameworks */,
				D0C22BF2179CC00E00158214 /* Cocoa.framework in Frameworks */,
				D0C22BF5179CC00E00158214 /* Squirrel.framework in Frameworks */,
				D0A6D2BC17B9FA9E00B2C3DF /* Security.framework in Frameworks */,
			);
			runOnlyForDeploymentPostprocessing = 0;
		};
/* End PBXFrameworksBuildPhase section */

/* Begin PBXGroup section */
		534FF36217D8E90A0020A51A /* TestService */ = {
			isa = PBXGroup;
			children = (
				534FF36917D8E90A0020A51A /* main.m */,
				534FF36317D8E90A0020A51A /* Supporting Files */,
			);
			name = TestService;
			path = ../TestService;
			sourceTree = "<group>";
		};
		534FF36317D8E90A0020A51A /* Supporting Files */ = {
			isa = PBXGroup;
			children = (
				534FF36417D8E90A0020A51A /* TestService-Info.plist */,
				534FF36517D8E90A0020A51A /* InfoPlist.strings */,
				534FF36817D8E90A0020A51A /* TestService-Prefix.pch */,
			);
			name = "Supporting Files";
			sourceTree = "<group>";
		};
		53710D7C17D8F5C300A992DE /* Scripts */ = {
			isa = PBXGroup;
			children = (
				53710D7D17D8F5C300A992DE /* bootstrap */,
				53710D7E17D8F5C300A992DE /* cibuild */,
				53710D7F17D8F5C300A992DE /* deep-codesign */,
				53710D8017D8F5C300A992DE /* LICENSE.md */,
				53710D8117D8F5C300A992DE /* README.md */,
				53710D8217D8F5C300A992DE /* targets.awk */,
				53710D8317D8F5C300A992DE /* xcodebuild.awk */,
			);
			name = Scripts;
			path = script;
			sourceTree = "<group>";
		};
		D00F5B8217E82CFB009A4818 /* Extensions */ = {
			isa = PBXGroup;
			children = (
				D00F5B8917E82D15009A4818 /* NSProcessInfo+SQRLVersionExtensions.h */,
				D00F5B8A17E82D15009A4818 /* NSProcessInfo+SQRLVersionExtensions.m */,
			);
			name = Extensions;
			sourceTree = "<group>";
		};
		D014AC0317B97885007D79D0 /* ShipIt */ = {
			isa = PBXGroup;
			children = (
				D014AC0417B97885007D79D0 /* ShipIt-main.m */,
				D014AC0F17B9789C007D79D0 /* SQRLInstaller.h */,
				D014AC1017B9789C007D79D0 /* SQRLInstaller.m */,
				D04752A117FFC9E5003B162E /* SQRLStateManager.h */,
				D04752AF17FFCA03003B162E /* SQRLStateManager+Private.h */,
				D04752A217FFC9E5003B162E /* SQRLStateManager.m */,
				D043F77017FF40C90012F996 /* SQRLTerminationListener.h */,
				D043F77117FF40C90012F996 /* SQRLTerminationListener.m */,
			);
			name = ShipIt;
			path = Squirrel;
			sourceTree = "<group>";
		};
		D0366BFF17B18FEE0086ED44 /* Other Frameworks */ = {
			isa = PBXGroup;
			children = (
				D0366C0017B18FEE0086ED44 /* AppKit.framework */,
				D0366C0117B18FEE0086ED44 /* CoreData.framework */,
				D0366C0217B18FEE0086ED44 /* Foundation.framework */,
			);
			name = "Other Frameworks";
			sourceTree = "<group>";
		};
		D06B58BC18032BE800656D97 /* Transactions */ = {
			isa = PBXGroup;
			children = (
				D06B58B218032B1500656D97 /* RACSignal+SQRLTransactionExtensions.h */,
				D06B58B318032B1500656D97 /* RACSignal+SQRLTransactionExtensions.m */,
			);
			name = Transactions;
			sourceTree = "<group>";
		};
		D08D4E0E17B451500012B22D /* TestApplication */ = {
			isa = PBXGroup;
			children = (
				D08D4E1A17B451500012B22D /* TestAppDelegate.h */,
				D08D4E1B17B451500012B22D /* TestAppDelegate.m */,
				D08D4E2017B451500012B22D /* Images.xcassets */,
				534FF36217D8E90A0020A51A /* TestService */,
				D08D4E0F17B451500012B22D /* Supporting Files */,
			);
			path = TestApplication;
			sourceTree = "<group>";
		};
		D08D4E0F17B451500012B22D /* Supporting Files */ = {
			isa = PBXGroup;
			children = (
				D0D97E4417B58FC400301C72 /* ResourceRules.plist */,
				D0B1DDCB17B487D90059C355 /* unused-helper */,
				D08D4E1017B451500012B22D /* TestApplication-Info.plist */,
				D08D4E1117B451500012B22D /* InfoPlist.strings */,
				D08D4E1417B451500012B22D /* main.m */,
				D08D4E1617B451500012B22D /* TestApplication-Prefix.pch */,
				D08D4E1717B451500012B22D /* Credits.rtf */,
				D03BE98C17B6174500458593 /* MainMenu.xib */,
			);
			name = "Supporting Files";
			sourceTree = "<group>";
		};
		D0964B2817F2DEE700D88BF7 /* Updates */ = {
			isa = PBXGroup;
			children = (
				D0C22C4A179CC15100158214 /* SQRLUpdater.h */,
				D0C22C4B179CC15100158214 /* SQRLUpdater.m */,
				53AACF4917E9CA0500B41027 /* SQRLUpdate.h */,
				53AACF5317E9CB7500B41027 /* SQRLUpdate+Private.h */,
				53AACF4A17E9CA0500B41027 /* SQRLUpdate.m */,
				D0964B3617F2E01500D88BF7 /* SQRLDownloadedUpdate.h */,
				D0964B3717F2E01500D88BF7 /* SQRLDownloadedUpdate.m */,
			);
			name = Updates;
			sourceTree = "<group>";
		};
		D0964B3417F2DEF500D88BF7 /* Archives */ = {
			isa = PBXGroup;
			children = (
				D000218C17BACEFF0050109A /* SQRLZipArchiver.h */,
				D000218D17BACEFF0050109A /* SQRLZipArchiver.m */,
			);
			name = Archives;
			sourceTree = "<group>";
		};
		D0964B3517F2DF3100D88BF7 /* XPC */ = {
			isa = PBXGroup;
			children = (
				D014ABB517B96CB3007D79D0 /* SQRLShipItLauncher.h */,
				D014ABB617B96CB3007D79D0 /* SQRLShipItLauncher.m */,
			);
			name = XPC;
			sourceTree = "<group>";
		};
		D0C22BCD179CC00E00158214 = {
			isa = PBXGroup;
			children = (
				D0EDBE9F17B0C6930058BC3C /* Shared */,
				D0C22BE0179CC00E00158214 /* Squirrel */,
				D0C22BF6179CC00E00158214 /* SquirrelTests */,
				D08D4E0E17B451500012B22D /* TestApplication */,
				D014AC0317B97885007D79D0 /* ShipIt */,
				D0C22BD9179CC00E00158214 /* Frameworks */,
				53710D7C17D8F5C300A992DE /* Scripts */,
				D0C22C07179CC02E00158214 /* Configuration */,
				D0C22BD8179CC00E00158214 /* Products */,
			);
			sourceTree = "<group>";
			usesTabs = 1;
		};
		D0C22BD8179CC00E00158214 /* Products */ = {
			isa = PBXGroup;
			children = (
				D0C22BD7179CC00E00158214 /* Squirrel.framework */,
				D0C22BEF179CC00E00158214 /* SquirrelTests.octest */,
				D08D4E0C17B451500012B22D /* TestApplication.app */,
				D014AC0117B97885007D79D0 /* ShipIt */,
				534FF36017D8E90A0020A51A /* com.github.Squirrel.TestApplication.TestService.xpc */,
			);
			name = Products;
			sourceTree = "<group>";
		};
		D0C22BD9179CC00E00158214 /* Frameworks */ = {
			isa = PBXGroup;
			children = (
				D097B9BC17BB4777006C3FEB /* IOKit.framework */,
				D014ABB917B97403007D79D0 /* ServiceManagement.framework */,
				D0F3F01417E83918003AFA6B /* Expecta.xcodeproj */,
				D0F3F04A17E83A1D003AFA6B /* ReactiveCocoa.xcodeproj */,
				D0F3F01717E83918003AFA6B /* Specta.xcodeproj */,
				F65A915F17A71AA5005A4666 /* AppKit.framework */,
				D0C22BDA179CC00E00158214 /* Cocoa.framework */,
				F6EB217F179D0E4D001108CF /* Security.framework */,
				F6EB2161179CFD93001108CF /* SystemConfiguration.framework */,
				D0C22BF0179CC00E00158214 /* SenTestingKit.framework */,
				F60CA7EA179FC4F60069F69A /* Foundation.framework */,
				D0366C1C17B18FEE0086ED44 /* XCTest.framework */,
				D0366BFF17B18FEE0086ED44 /* Other Frameworks */,
			);
			name = Frameworks;
			sourceTree = "<group>";
		};
		D0C22BE0179CC00E00158214 /* Squirrel */ = {
			isa = PBXGroup;
			children = (
				D0C22BE7179CC00E00158214 /* Squirrel.h */,
				D00F5B8217E82CFB009A4818 /* Extensions */,
				D0C22C49179CC14400158214 /* Classes */,
				D0C22BE1179CC00E00158214 /* Supporting Files */,
			);
			path = Squirrel;
			sourceTree = "<group>";
		};
		D0C22BE1179CC00E00158214 /* Supporting Files */ = {
			isa = PBXGroup;
			children = (
				D0C22BE2179CC00E00158214 /* Squirrel-Info.plist */,
				D0C22BE3179CC00E00158214 /* InfoPlist.strings */,
				D0C22BE6179CC00E00158214 /* Squirrel-Prefix.pch */,
			);
			name = "Supporting Files";
			sourceTree = "<group>";
		};
		D0C22BF6179CC00E00158214 /* SquirrelTests */ = {
			isa = PBXGroup;
			children = (
				D0C22C4E179CC18000158214 /* Specs */,
				D0C22BF7179CC00E00158214 /* Supporting Files */,
			);
			path = SquirrelTests;
			sourceTree = "<group>";
		};
		D0C22BF7179CC00E00158214 /* Supporting Files */ = {
			isa = PBXGroup;
			children = (
				D000219617BAD34D0050109A /* TestApplication.app.zip */,
				D09D244917B59AB30001FAF8 /* TestApplication 2.1.app */,
				D0C22BF8179CC00E00158214 /* SquirrelTests-Info.plist */,
				D0C22BF9179CC00E00158214 /* InfoPlist.strings */,
				D0C22C51179CC1A200158214 /* SquirrelTests-Prefix.pch */,
			);
			name = "Supporting Files";
			sourceTree = "<group>";
		};
		D0C22C07179CC02E00158214 /* Configuration */ = {
			isa = PBXGroup;
			children = (
				D0C22C08179CC02E00158214 /* Base */,
				D0C22C12179CC02E00158214 /* iOS */,
				D0C22C16179CC02E00158214 /* Mac OS X */,
				D0C22C1C179CC02E00158214 /* README.md */,
			);
			name = Configuration;
			path = External/ReactiveCocoa/external/xcconfigs;
			sourceTree = "<group>";
		};
		D0C22C08179CC02E00158214 /* Base */ = {
			isa = PBXGroup;
			children = (
				D0C22C09179CC02E00158214 /* Common.xcconfig */,
				D0C22C0A179CC02E00158214 /* Configurations */,
				D0C22C0F179CC02E00158214 /* Targets */,
			);
			path = Base;
			sourceTree = "<group>";
		};
		D0C22C0A179CC02E00158214 /* Configurations */ = {
			isa = PBXGroup;
			children = (
				D0C22C0B179CC02E00158214 /* Debug.xcconfig */,
				D0C22C0C179CC02E00158214 /* Profile.xcconfig */,
				D0C22C0D179CC02E00158214 /* Release.xcconfig */,
				D0C22C0E179CC02E00158214 /* Test.xcconfig */,
			);
			path = Configurations;
			sourceTree = "<group>";
		};
		D0C22C0F179CC02E00158214 /* Targets */ = {
			isa = PBXGroup;
			children = (
				D0C22C10179CC02E00158214 /* Application.xcconfig */,
				D0C22C11179CC02E00158214 /* StaticLibrary.xcconfig */,
			);
			path = Targets;
			sourceTree = "<group>";
		};
		D0C22C12179CC02E00158214 /* iOS */ = {
			isa = PBXGroup;
			children = (
				D0C22C13179CC02E00158214 /* iOS-Application.xcconfig */,
				D0C22C14179CC02E00158214 /* iOS-Base.xcconfig */,
				D0C22C15179CC02E00158214 /* iOS-StaticLibrary.xcconfig */,
			);
			path = iOS;
			sourceTree = "<group>";
		};
		D0C22C16179CC02E00158214 /* Mac OS X */ = {
			isa = PBXGroup;
			children = (
				D0C22C17179CC02E00158214 /* Mac-Application.xcconfig */,
				D0C22C18179CC02E00158214 /* Mac-Base.xcconfig */,
				D0C22C19179CC02E00158214 /* Mac-DynamicLibrary.xcconfig */,
				D0C22C1A179CC02E00158214 /* Mac-Framework.xcconfig */,
				D0C22C1B179CC02E00158214 /* Mac-StaticLibrary.xcconfig */,
			);
			path = "Mac OS X";
			sourceTree = "<group>";
		};
		D0C22C49179CC14400158214 /* Classes */ = {
			isa = PBXGroup;
			children = (
				D0964B2817F2DEE700D88BF7 /* Updates */,
				D0964B3417F2DEF500D88BF7 /* Archives */,
				D0964B3517F2DF3100D88BF7 /* XPC */,
			);
			name = Classes;
			sourceTree = "<group>";
		};
		D0C22C4E179CC18000158214 /* Specs */ = {
			isa = PBXGroup;
			children = (
				D00F5B8D17E82DE6009A4818 /* NSProcessInfoExtensionsSpec.m */,
				D0EDBEDB17B0DB3E0058BC3C /* SQRLTestCase.h */,
				D0EDBEDC17B0DB3E0058BC3C /* SQRLTestCase.m */,
				53710D7317D8F59700A992DE /* SQRLDeepCodesignSpec.m */,
				D0EDBEE017B0E3650058BC3C /* SQRLCodeSignatureVerifierSpec.m */,
				D09D244017B595470001FAF8 /* SQRLInstallerSpec.m */,
				D0C22C4F179CC18C00158214 /* SQRLUpdaterSpec.m */,
				D000219817BAD35C0050109A /* SQRLZipArchiverSpec.m */,
				5395C0E217E9D013001648E8 /* SQRLUpdateSpec.m */,
			);
			name = Specs;
			sourceTree = "<group>";
		};
		D0C2AA8517FC103D0075D1D1 /* XPC */ = {
			isa = PBXGroup;
			children = (
				D007290817B0973E008C7DDE /* SQRLArguments.h */,
				D00728FF17B09732008C7DDE /* SQRLArguments.m */,
				D0C2AA9117FC105C0075D1D1 /* SQRLXPCConnection.h */,
				D0C2AA9217FC105C0075D1D1 /* SQRLXPCConnection.m */,
				D049803217F9181D001EE042 /* SQRLXPCObject.h */,
				D049803317F9181D001EE042 /* SQRLXPCObject.m */,
			);
			name = XPC;
			sourceTree = "<group>";
		};
		D0EDBE9F17B0C6930058BC3C /* Shared */ = {
			isa = PBXGroup;
			children = (
				D0964B3A17F2E20B00D88BF7 /* NSBundle+SQRLVersionExtensions.h */,
				D0964B3B17F2E20B00D88BF7 /* NSBundle+SQRLVersionExtensions.m */,
				D0EDBE9A17B0C68E0058BC3C /* NSError+SQRLVerbosityExtensions.h */,
				D0EDBE9B17B0C68E0058BC3C /* NSError+SQRLVerbosityExtensions.m */,
				F6F2ED8117A33C4900F4D220 /* SQRLCodeSignatureVerifier.h */,
				F6F2ED8217A33C4900F4D220 /* SQRLCodeSignatureVerifier.m */,
				D06B58BC18032BE800656D97 /* Transactions */,
				D0C2AA8517FC103D0075D1D1 /* XPC */,
			);
			name = Shared;
			path = Squirrel;
			sourceTree = "<group>";
		};
		D0F3F01517E83918003AFA6B /* Products */ = {
			isa = PBXGroup;
			children = (
				D0F3F01F17E83918003AFA6B /* libExpecta.a */,
				D0F3F02117E83918003AFA6B /* libExpecta-iOS.a */,
				D0F3F02317E83918003AFA6B /* ExpectaTests.octest */,
				D0F3F02517E83918003AFA6B /* Expecta-iOSTests.octest */,
			);
			name = Products;
			sourceTree = "<group>";
		};
		D0F3F01817E83918003AFA6B /* Products */ = {
			isa = PBXGroup;
			children = (
				D0F3F02B17E83918003AFA6B /* libSpecta.a */,
				D0F3F02D17E83918003AFA6B /* libSpecta-iOS.a */,
				D0F3F02F17E83918003AFA6B /* SpectaTests.octest */,
				D0F3F03117E83918003AFA6B /* Specta-iOSTests.octest */,
			);
			name = Products;
			sourceTree = "<group>";
		};
		D0F3F04B17E83A1D003AFA6B /* Products */ = {
			isa = PBXGroup;
			children = (
				D0F3F05617E83A1D003AFA6B /* ReactiveCocoa.framework */,
				D0F3F05817E83A1D003AFA6B /* libReactiveCocoa-iOS.a */,
				D0F3F05A17E83A1D003AFA6B /* ReactiveCocoaTests.octest */,
				D0F3F05C17E83A1D003AFA6B /* ReactiveCocoaTests-iOS.octest */,
				D0F3F05E17E83A1D003AFA6B /* ReactiveCocoa-iOS-UIKitTestHost.app */,
				D0F3F06017E83A1D003AFA6B /* ReactiveCocoa-iOS-UIKitTestHostTests.octest */,
				D0964B1C17F2DD4500D88BF7 /* libReactiveCocoa-Mac.a */,
			);
			name = Products;
			sourceTree = "<group>";
		};
/* End PBXGroup section */

/* Begin PBXHeadersBuildPhase section */
		D0C22BD4179CC00E00158214 /* Headers */ = {
			isa = PBXHeadersBuildPhase;
			buildActionMask = 2147483647;
			files = (
				D0964B3C17F2E20B00D88BF7 /* NSBundle+SQRLVersionExtensions.h in Headers */,
				D0C22C4C179CC15100158214 /* SQRLUpdater.h in Headers */,
				D0C22C52179CC23900158214 /* Squirrel.h in Headers */,
				D0964B3817F2E01500D88BF7 /* SQRLDownloadedUpdate.h in Headers */,
				53AACF4B17E9CA0500B41027 /* SQRLUpdate.h in Headers */,
				D00F5B8B17E82D15009A4818 /* NSProcessInfo+SQRLVersionExtensions.h in Headers */,
			);
			runOnlyForDeploymentPostprocessing = 0;
		};
/* End PBXHeadersBuildPhase section */

/* Begin PBXNativeTarget section */
		534FF35F17D8E90A0020A51A /* TestService */ = {
			isa = PBXNativeTarget;
			buildConfigurationList = 534FF36B17D8E90A0020A51A /* Build configuration list for PBXNativeTarget "TestService" */;
			buildPhases = (
				534FF35C17D8E90A0020A51A /* Sources */,
				534FF35D17D8E90A0020A51A /* Frameworks */,
				534FF35E17D8E90A0020A51A /* Resources */,
			);
			buildRules = (
			);
			dependencies = (
			);
			name = TestService;
			productName = TestService;
			productReference = 534FF36017D8E90A0020A51A /* com.github.Squirrel.TestApplication.TestService.xpc */;
			productType = "com.apple.product-type.bundle";
		};
		D014AC0017B97885007D79D0 /* ShipIt */ = {
			isa = PBXNativeTarget;
			buildConfigurationList = D014AC0A17B97885007D79D0 /* Build configuration list for PBXNativeTarget "ShipIt" */;
			buildPhases = (
				D014ABFD17B97885007D79D0 /* Sources */,
				D014ABFE17B97885007D79D0 /* Frameworks */,
			);
			buildRules = (
			);
			dependencies = (
				D0964B2117F2DD4A00D88BF7 /* PBXTargetDependency */,
			);
			name = ShipIt;
			productName = ShipIt;
			productReference = D014AC0117B97885007D79D0 /* ShipIt */;
			productType = "com.apple.product-type.tool";
		};
		D08D4E0B17B451500012B22D /* TestApplication */ = {
			isa = PBXNativeTarget;
			buildConfigurationList = D08D4E3317B451500012B22D /* Build configuration list for PBXNativeTarget "TestApplication" */;
			buildPhases = (
				D08D4E0817B451500012B22D /* Sources */,
				D08D4E0917B451500012B22D /* Frameworks */,
				D08D4E0A17B451500012B22D /* Resources */,
				D08D4E4817B451E90012B22D /* Copy Frameworks */,
				D0B1DDCD17B487F50059C355 /* Copy Executables */,
				534FF35417D8E8A90020A51A /* Copy LoginItems */,
				534FF37217D8E9210020A51A /* Copy XPCServices */,
			);
			buildRules = (
			);
			dependencies = (
				534FF37117D8E9170020A51A /* PBXTargetDependency */,
				D08D4E4617B451E10012B22D /* PBXTargetDependency */,
			);
			name = TestApplication;
			productName = TestApplication;
			productReference = D08D4E0C17B451500012B22D /* TestApplication.app */;
			productType = "com.apple.product-type.application";
		};
		D0C22BD6179CC00E00158214 /* Squirrel */ = {
			isa = PBXNativeTarget;
			buildConfigurationList = D0C22C01179CC00E00158214 /* Build configuration list for PBXNativeTarget "Squirrel" */;
			buildPhases = (
				D0C22BD2179CC00E00158214 /* Sources */,
				D0C22BD3179CC00E00158214 /* Frameworks */,
				D0C22BD4179CC00E00158214 /* Headers */,
				D0C22BD5179CC00E00158214 /* Resources */,
				D08D4DEC17B43D7A0012B22D /* Copy ShipIt */,
			);
			buildRules = (
			);
			dependencies = (
				D0F3F06217E83AFF003AFA6B /* PBXTargetDependency */,
				D014AC1717B9793A007D79D0 /* PBXTargetDependency */,
			);
			name = Squirrel;
			productName = Squirrel;
			productReference = D0C22BD7179CC00E00158214 /* Squirrel.framework */;
			productType = "com.apple.product-type.framework";
		};
		D0C22BEE179CC00E00158214 /* SquirrelTests */ = {
			isa = PBXNativeTarget;
			buildConfigurationList = D0C22C04179CC00E00158214 /* Build configuration list for PBXNativeTarget "SquirrelTests" */;
			buildPhases = (
				D0C22BEA179CC00E00158214 /* Sources */,
				D0C22BEB179CC00E00158214 /* Frameworks */,
				D0C22BEC179CC00E00158214 /* Resources */,
				D0C22BED179CC00E00158214 /* ShellScript */,
			);
			buildRules = (
			);
			dependencies = (
				D0F3F03317E83924003AFA6B /* PBXTargetDependency */,
				D0F3F03517E83924003AFA6B /* PBXTargetDependency */,
				D08D4E4C17B4520C0012B22D /* PBXTargetDependency */,
				D0C22BF4179CC00E00158214 /* PBXTargetDependency */,
			);
			name = SquirrelTests;
			productName = SquirrelTests;
			productReference = D0C22BEF179CC00E00158214 /* SquirrelTests.octest */;
			productType = "com.apple.product-type.bundle";
		};
/* End PBXNativeTarget section */

/* Begin PBXProject section */
		D0C22BCE179CC00E00158214 /* Project object */ = {
			isa = PBXProject;
			attributes = {
				CLASSPREFIX = SQRL;
				LastUpgradeCheck = 0500;
				ORGANIZATIONNAME = GitHub;
			};
			buildConfigurationList = D0C22BD1179CC00E00158214 /* Build configuration list for PBXProject "Squirrel" */;
			compatibilityVersion = "Xcode 3.2";
			developmentRegion = English;
			hasScannedForEncodings = 0;
			knownRegions = (
				en,
				Base,
			);
			mainGroup = D0C22BCD179CC00E00158214;
			productRefGroup = D0C22BD8179CC00E00158214 /* Products */;
			projectDirPath = "";
			projectReferences = (
				{
					ProductGroup = D0F3F01517E83918003AFA6B /* Products */;
					ProjectRef = D0F3F01417E83918003AFA6B /* Expecta.xcodeproj */;
				},
				{
					ProductGroup = D0F3F04B17E83A1D003AFA6B /* Products */;
					ProjectRef = D0F3F04A17E83A1D003AFA6B /* ReactiveCocoa.xcodeproj */;
				},
				{
					ProductGroup = D0F3F01817E83918003AFA6B /* Products */;
					ProjectRef = D0F3F01717E83918003AFA6B /* Specta.xcodeproj */;
				},
			);
			projectRoot = "";
			targets = (
				D0C22BD6179CC00E00158214 /* Squirrel */,
				D0C22BEE179CC00E00158214 /* SquirrelTests */,
				D08D4E0B17B451500012B22D /* TestApplication */,
				534FF35F17D8E90A0020A51A /* TestService */,
				D014AC0017B97885007D79D0 /* ShipIt */,
			);
		};
/* End PBXProject section */

/* Begin PBXReferenceProxy section */
		D0964B1C17F2DD4500D88BF7 /* libReactiveCocoa-Mac.a */ = {
			isa = PBXReferenceProxy;
			fileType = archive.ar;
			path = "libReactiveCocoa-Mac.a";
			remoteRef = D0964B1B17F2DD4500D88BF7 /* PBXContainerItemProxy */;
			sourceTree = BUILT_PRODUCTS_DIR;
		};
		D0F3F01F17E83918003AFA6B /* libExpecta.a */ = {
			isa = PBXReferenceProxy;
			fileType = archive.ar;
			path = libExpecta.a;
			remoteRef = D0F3F01E17E83918003AFA6B /* PBXContainerItemProxy */;
			sourceTree = BUILT_PRODUCTS_DIR;
		};
		D0F3F02117E83918003AFA6B /* libExpecta-iOS.a */ = {
			isa = PBXReferenceProxy;
			fileType = archive.ar;
			path = "libExpecta-iOS.a";
			remoteRef = D0F3F02017E83918003AFA6B /* PBXContainerItemProxy */;
			sourceTree = BUILT_PRODUCTS_DIR;
		};
		D0F3F02317E83918003AFA6B /* ExpectaTests.octest */ = {
			isa = PBXReferenceProxy;
			fileType = wrapper.cfbundle;
			path = ExpectaTests.octest;
			remoteRef = D0F3F02217E83918003AFA6B /* PBXContainerItemProxy */;
			sourceTree = BUILT_PRODUCTS_DIR;
		};
		D0F3F02517E83918003AFA6B /* Expecta-iOSTests.octest */ = {
			isa = PBXReferenceProxy;
			fileType = wrapper.cfbundle;
			path = "Expecta-iOSTests.octest";
			remoteRef = D0F3F02417E83918003AFA6B /* PBXContainerItemProxy */;
			sourceTree = BUILT_PRODUCTS_DIR;
		};
		D0F3F02B17E83918003AFA6B /* libSpecta.a */ = {
			isa = PBXReferenceProxy;
			fileType = archive.ar;
			path = libSpecta.a;
			remoteRef = D0F3F02A17E83918003AFA6B /* PBXContainerItemProxy */;
			sourceTree = BUILT_PRODUCTS_DIR;
		};
		D0F3F02D17E83918003AFA6B /* libSpecta-iOS.a */ = {
			isa = PBXReferenceProxy;
			fileType = archive.ar;
			path = "libSpecta-iOS.a";
			remoteRef = D0F3F02C17E83918003AFA6B /* PBXContainerItemProxy */;
			sourceTree = BUILT_PRODUCTS_DIR;
		};
		D0F3F02F17E83918003AFA6B /* SpectaTests.octest */ = {
			isa = PBXReferenceProxy;
			fileType = wrapper.cfbundle;
			path = SpectaTests.octest;
			remoteRef = D0F3F02E17E83918003AFA6B /* PBXContainerItemProxy */;
			sourceTree = BUILT_PRODUCTS_DIR;
		};
		D0F3F03117E83918003AFA6B /* Specta-iOSTests.octest */ = {
			isa = PBXReferenceProxy;
			fileType = wrapper.cfbundle;
			path = "Specta-iOSTests.octest";
			remoteRef = D0F3F03017E83918003AFA6B /* PBXContainerItemProxy */;
			sourceTree = BUILT_PRODUCTS_DIR;
		};
		D0F3F05617E83A1D003AFA6B /* ReactiveCocoa.framework */ = {
			isa = PBXReferenceProxy;
			fileType = wrapper.framework;
			path = ReactiveCocoa.framework;
			remoteRef = D0F3F05517E83A1D003AFA6B /* PBXContainerItemProxy */;
			sourceTree = BUILT_PRODUCTS_DIR;
		};
		D0F3F05817E83A1D003AFA6B /* libReactiveCocoa-iOS.a */ = {
			isa = PBXReferenceProxy;
			fileType = archive.ar;
			path = "libReactiveCocoa-iOS.a";
			remoteRef = D0F3F05717E83A1D003AFA6B /* PBXContainerItemProxy */;
			sourceTree = BUILT_PRODUCTS_DIR;
		};
		D0F3F05A17E83A1D003AFA6B /* ReactiveCocoaTests.octest */ = {
			isa = PBXReferenceProxy;
			fileType = wrapper.cfbundle;
			path = ReactiveCocoaTests.octest;
			remoteRef = D0F3F05917E83A1D003AFA6B /* PBXContainerItemProxy */;
			sourceTree = BUILT_PRODUCTS_DIR;
		};
		D0F3F05C17E83A1D003AFA6B /* ReactiveCocoaTests-iOS.octest */ = {
			isa = PBXReferenceProxy;
			fileType = wrapper.cfbundle;
			path = "ReactiveCocoaTests-iOS.octest";
			remoteRef = D0F3F05B17E83A1D003AFA6B /* PBXContainerItemProxy */;
			sourceTree = BUILT_PRODUCTS_DIR;
		};
		D0F3F05E17E83A1D003AFA6B /* ReactiveCocoa-iOS-UIKitTestHost.app */ = {
			isa = PBXReferenceProxy;
			fileType = wrapper.application;
			path = "ReactiveCocoa-iOS-UIKitTestHost.app";
			remoteRef = D0F3F05D17E83A1D003AFA6B /* PBXContainerItemProxy */;
			sourceTree = BUILT_PRODUCTS_DIR;
		};
		D0F3F06017E83A1D003AFA6B /* ReactiveCocoa-iOS-UIKitTestHostTests.octest */ = {
			isa = PBXReferenceProxy;
			fileType = wrapper.cfbundle;
			path = "ReactiveCocoa-iOS-UIKitTestHostTests.octest";
			remoteRef = D0F3F05F17E83A1D003AFA6B /* PBXContainerItemProxy */;
			sourceTree = BUILT_PRODUCTS_DIR;
		};
/* End PBXReferenceProxy section */

/* Begin PBXResourcesBuildPhase section */
		534FF35E17D8E90A0020A51A /* Resources */ = {
			isa = PBXResourcesBuildPhase;
			buildActionMask = 2147483647;
			files = (
				534FF36717D8E90A0020A51A /* InfoPlist.strings in Resources */,
			);
			runOnlyForDeploymentPostprocessing = 0;
		};
		D08D4E0A17B451500012B22D /* Resources */ = {
			isa = PBXResourcesBuildPhase;
			buildActionMask = 2147483647;
			files = (
				D08D4E1317B451500012B22D /* InfoPlist.strings in Resources */,
				D08D4E2117B451500012B22D /* Images.xcassets in Resources */,
				D08D4E1917B451500012B22D /* Credits.rtf in Resources */,
				D0D97E4517B58FC400301C72 /* ResourceRules.plist in Resources */,
				D03BE98D17B6174500458593 /* MainMenu.xib in Resources */,
			);
			runOnlyForDeploymentPostprocessing = 0;
		};
		D0C22BD5179CC00E00158214 /* Resources */ = {
			isa = PBXResourcesBuildPhase;
			buildActionMask = 2147483647;
			files = (
				D0C22BE5179CC00E00158214 /* InfoPlist.strings in Resources */,
			);
			runOnlyForDeploymentPostprocessing = 0;
		};
		D0C22BEC179CC00E00158214 /* Resources */ = {
			isa = PBXResourcesBuildPhase;
			buildActionMask = 2147483647;
			files = (
				D0C22BFB179CC00E00158214 /* InfoPlist.strings in Resources */,
				D08D4E4A17B451FD0012B22D /* TestApplication.app in Resources */,
				D09D244A17B59AB30001FAF8 /* TestApplication 2.1.app in Resources */,
				D000219717BAD34D0050109A /* TestApplication.app.zip in Resources */,
				53710D8417D8F5CB00A992DE /* deep-codesign in Resources */,
			);
			runOnlyForDeploymentPostprocessing = 0;
		};
/* End PBXResourcesBuildPhase section */

/* Begin PBXShellScriptBuildPhase section */
		D0C22BED179CC00E00158214 /* ShellScript */ = {
			isa = PBXShellScriptBuildPhase;
			buildActionMask = 2147483647;
			files = (
			);
			inputPaths = (
			);
			outputPaths = (
			);
			runOnlyForDeploymentPostprocessing = 0;
			shellPath = /bin/sh;
			shellScript = "# Run the unit tests in this test bundle.\n\"${SYSTEM_DEVELOPER_DIR}/Tools/RunUnitTests\"\n";
		};
/* End PBXShellScriptBuildPhase section */

/* Begin PBXSourcesBuildPhase section */
		534FF35C17D8E90A0020A51A /* Sources */ = {
			isa = PBXSourcesBuildPhase;
			buildActionMask = 2147483647;
			files = (
				534FF36A17D8E90A0020A51A /* main.m in Sources */,
			);
			runOnlyForDeploymentPostprocessing = 0;
		};
		D014ABFD17B97885007D79D0 /* Sources */ = {
			isa = PBXSourcesBuildPhase;
			buildActionMask = 2147483647;
			files = (
				D014AC1117B9789C007D79D0 /* SQRLInstaller.m in Sources */,
				D04752A317FFC9E5003B162E /* SQRLStateManager.m in Sources */,
				D043F77217FF40C90012F996 /* SQRLTerminationListener.m in Sources */,
				D014AC0517B97885007D79D0 /* ShipIt-main.m in Sources */,
				D014AC1917B979A8007D79D0 /* SQRLCodeSignatureVerifier.m in Sources */,
				D06B58B618032B1500656D97 /* RACSignal+SQRLTransactionExtensions.m in Sources */,
				D0C2AA9517FC105C0075D1D1 /* SQRLXPCConnection.m in Sources */,
				D014AC1A17B979AA007D79D0 /* NSError+SQRLVerbosityExtensions.m in Sources */,
				D049803617F9181D001EE042 /* SQRLXPCObject.m in Sources */,
				D0964B3E17F2E20B00D88BF7 /* NSBundle+SQRLVersionExtensions.m in Sources */,
				D014AC1B17B979AD007D79D0 /* SQRLArguments.m in Sources */,
			);
			runOnlyForDeploymentPostprocessing = 0;
		};
		D08D4E0817B451500012B22D /* Sources */ = {
			isa = PBXSourcesBuildPhase;
			buildActionMask = 2147483647;
			files = (
				D04752B117FFE1EE003B162E /* SQRLStateManager.m in Sources */,
				D08D4E1C17B451500012B22D /* TestAppDelegate.m in Sources */,
				D08D4E1517B451500012B22D /* main.m in Sources */,
			);
			runOnlyForDeploymentPostprocessing = 0;
		};
		D0C22BD2179CC00E00158214 /* Sources */ = {
			isa = PBXSourcesBuildPhase;
			buildActionMask = 2147483647;
			files = (
				D0964B3D17F2E20B00D88BF7 /* NSBundle+SQRLVersionExtensions.m in Sources */,
				F6F2ED8417A33C4900F4D220 /* SQRLCodeSignatureVerifier.m in Sources */,
				D049803517F9181D001EE042 /* SQRLXPCObject.m in Sources */,
				D0C2AA9417FC105C0075D1D1 /* SQRLXPCConnection.m in Sources */,
				D0964B3917F2E01500D88BF7 /* SQRLDownloadedUpdate.m in Sources */,
				D014ABB817B96CB3007D79D0 /* SQRLShipItLauncher.m in Sources */,
				D000218F17BACEFF0050109A /* SQRLZipArchiver.m in Sources */,
				D007290017B09732008C7DDE /* SQRLArguments.m in Sources */,
				D0C22C4D179CC15100158214 /* SQRLUpdater.m in Sources */,
				D0EDBE9D17B0C68E0058BC3C /* NSError+SQRLVerbosityExtensions.m in Sources */,
				53AACF4C17E9CA0500B41027 /* SQRLUpdate.m in Sources */,
				D00F5B8C17E82D15009A4818 /* NSProcessInfo+SQRLVersionExtensions.m in Sources */,
				D06B58B518032B1500656D97 /* RACSignal+SQRLTransactionExtensions.m in Sources */,
			);
			runOnlyForDeploymentPostprocessing = 0;
		};
		D0C22BEA179CC00E00158214 /* Sources */ = {
			isa = PBXSourcesBuildPhase;
			buildActionMask = 2147483647;
			files = (
				5395C0E317E9D013001648E8 /* SQRLUpdateSpec.m in Sources */,
				D04752B017FFCA3E003B162E /* SQRLStateManager.m in Sources */,
				D000219917BAD35C0050109A /* SQRLZipArchiverSpec.m in Sources */,
				D043F77E17FF43640012F996 /* SQRLTerminationListener.m in Sources */,
				D09D244117B595470001FAF8 /* SQRLInstallerSpec.m in Sources */,
				D0C22C50179CC18C00158214 /* SQRLUpdaterSpec.m in Sources */,
				D0EDBEDD17B0DB3E0058BC3C /* SQRLTestCase.m in Sources */,
				D0EDBEE117B0E3650058BC3C /* SQRLCodeSignatureVerifierSpec.m in Sources */,
				53710D7417D8F59700A992DE /* SQRLDeepCodesignSpec.m in Sources */,
				D00F5B8E17E82DE6009A4818 /* NSProcessInfoExtensionsSpec.m in Sources */,
				D061E40217FD580D00CC134A /* SQRLInstaller.m in Sources */,
			);
			runOnlyForDeploymentPostprocessing = 0;
		};
/* End PBXSourcesBuildPhase section */

/* Begin PBXTargetDependency section */
		534FF37117D8E9170020A51A /* PBXTargetDependency */ = {
			isa = PBXTargetDependency;
			target = 534FF35F17D8E90A0020A51A /* TestService */;
			targetProxy = 534FF37017D8E9170020A51A /* PBXContainerItemProxy */;
		};
		D014AC1717B9793A007D79D0 /* PBXTargetDependency */ = {
			isa = PBXTargetDependency;
			target = D014AC0017B97885007D79D0 /* ShipIt */;
			targetProxy = D014AC1617B9793A007D79D0 /* PBXContainerItemProxy */;
		};
		D08D4E4617B451E10012B22D /* PBXTargetDependency */ = {
			isa = PBXTargetDependency;
			target = D0C22BD6179CC00E00158214 /* Squirrel */;
			targetProxy = D08D4E4517B451E10012B22D /* PBXContainerItemProxy */;
		};
		D08D4E4C17B4520C0012B22D /* PBXTargetDependency */ = {
			isa = PBXTargetDependency;
			target = D08D4E0B17B451500012B22D /* TestApplication */;
			targetProxy = D08D4E4B17B4520C0012B22D /* PBXContainerItemProxy */;
		};
		D0964B2117F2DD4A00D88BF7 /* PBXTargetDependency */ = {
			isa = PBXTargetDependency;
			name = "ReactiveCocoa-Mac";
			targetProxy = D0964B2017F2DD4A00D88BF7 /* PBXContainerItemProxy */;
		};
		D0C22BF4179CC00E00158214 /* PBXTargetDependency */ = {
			isa = PBXTargetDependency;
			target = D0C22BD6179CC00E00158214 /* Squirrel */;
			targetProxy = D0C22BF3179CC00E00158214 /* PBXContainerItemProxy */;
		};
		D0F3F03317E83924003AFA6B /* PBXTargetDependency */ = {
			isa = PBXTargetDependency;
			name = Expecta;
			targetProxy = D0F3F03217E83924003AFA6B /* PBXContainerItemProxy */;
		};
		D0F3F03517E83924003AFA6B /* PBXTargetDependency */ = {
			isa = PBXTargetDependency;
			name = Specta;
			targetProxy = D0F3F03417E83924003AFA6B /* PBXContainerItemProxy */;
		};
		D0F3F06217E83AFF003AFA6B /* PBXTargetDependency */ = {
			isa = PBXTargetDependency;
			name = ReactiveCocoa;
			targetProxy = D0F3F06117E83AFF003AFA6B /* PBXContainerItemProxy */;
		};
/* End PBXTargetDependency section */

/* Begin PBXVariantGroup section */
		534FF36517D8E90A0020A51A /* InfoPlist.strings */ = {
			isa = PBXVariantGroup;
			children = (
				534FF36617D8E90A0020A51A /* en */,
			);
			name = InfoPlist.strings;
			sourceTree = "<group>";
		};
		D08D4E1117B451500012B22D /* InfoPlist.strings */ = {
			isa = PBXVariantGroup;
			children = (
				D08D4E1217B451500012B22D /* en */,
			);
			name = InfoPlist.strings;
			sourceTree = "<group>";
		};
		D08D4E1717B451500012B22D /* Credits.rtf */ = {
			isa = PBXVariantGroup;
			children = (
				D08D4E1817B451500012B22D /* en */,
			);
			name = Credits.rtf;
			sourceTree = "<group>";
		};
		D0C22BE3179CC00E00158214 /* InfoPlist.strings */ = {
			isa = PBXVariantGroup;
			children = (
				D0C22BE4179CC00E00158214 /* en */,
			);
			name = InfoPlist.strings;
			sourceTree = "<group>";
		};
		D0C22BF9179CC00E00158214 /* InfoPlist.strings */ = {
			isa = PBXVariantGroup;
			children = (
				D0C22BFA179CC00E00158214 /* en */,
			);
			name = InfoPlist.strings;
			sourceTree = "<group>";
		};
/* End PBXVariantGroup section */

/* Begin XCBuildConfiguration section */
		534FF36C17D8E90A0020A51A /* Debug */ = {
			isa = XCBuildConfiguration;
			baseConfigurationReference = D0C22C17179CC02E00158214 /* Mac-Application.xcconfig */;
			buildSettings = {
				GCC_PREFIX_HEADER = "TestService/TestService-Prefix.pch";
				INFOPLIST_FILE = "TestService/TestService-Info.plist";
				MACH_O_TYPE = mh_execute;
				PRODUCT_NAME = "com.github.Squirrel.TestApplication.$(TARGET_NAME:rfc1034identifier)";
				WRAPPER_EXTENSION = xpc;
			};
			name = Debug;
		};
		534FF36D17D8E90A0020A51A /* Release */ = {
			isa = XCBuildConfiguration;
			baseConfigurationReference = D0C22C17179CC02E00158214 /* Mac-Application.xcconfig */;
			buildSettings = {
				GCC_PREFIX_HEADER = "TestService/TestService-Prefix.pch";
				INFOPLIST_FILE = "TestService/TestService-Info.plist";
				MACH_O_TYPE = mh_execute;
				PRODUCT_NAME = "com.github.Squirrel.TestApplication.$(TARGET_NAME:rfc1034identifier)";
				WRAPPER_EXTENSION = xpc;
			};
			name = Release;
		};
		534FF36E17D8E90A0020A51A /* Test */ = {
			isa = XCBuildConfiguration;
			baseConfigurationReference = D0C22C17179CC02E00158214 /* Mac-Application.xcconfig */;
			buildSettings = {
				GCC_PREFIX_HEADER = "TestService/TestService-Prefix.pch";
				INFOPLIST_FILE = "TestService/TestService-Info.plist";
				MACH_O_TYPE = mh_execute;
				PRODUCT_NAME = "com.github.Squirrel.TestApplication.$(TARGET_NAME:rfc1034identifier)";
				WRAPPER_EXTENSION = xpc;
			};
			name = Test;
		};
		534FF36F17D8E90A0020A51A /* Profile */ = {
			isa = XCBuildConfiguration;
			baseConfigurationReference = D0C22C17179CC02E00158214 /* Mac-Application.xcconfig */;
			buildSettings = {
				GCC_PREFIX_HEADER = "TestService/TestService-Prefix.pch";
				INFOPLIST_FILE = "TestService/TestService-Info.plist";
				MACH_O_TYPE = mh_execute;
				PRODUCT_NAME = "com.github.Squirrel.TestApplication.$(TARGET_NAME:rfc1034identifier)";
				WRAPPER_EXTENSION = xpc;
			};
			name = Profile;
		};
		D014AC0B17B97885007D79D0 /* Debug */ = {
			isa = XCBuildConfiguration;
			baseConfigurationReference = D0C22C17179CC02E00158214 /* Mac-Application.xcconfig */;
			buildSettings = {
				OTHER_LDFLAGS = "-all_load";
				PRODUCT_NAME = "$(TARGET_NAME)";
			};
			name = Debug;
		};
		D014AC0C17B97885007D79D0 /* Release */ = {
			isa = XCBuildConfiguration;
			baseConfigurationReference = D0C22C17179CC02E00158214 /* Mac-Application.xcconfig */;
			buildSettings = {
				OTHER_LDFLAGS = "-all_load";
				PRODUCT_NAME = "$(TARGET_NAME)";
			};
			name = Release;
		};
		D014AC0D17B97885007D79D0 /* Test */ = {
			isa = XCBuildConfiguration;
			baseConfigurationReference = D0C22C17179CC02E00158214 /* Mac-Application.xcconfig */;
			buildSettings = {
				OTHER_LDFLAGS = "-all_load";
				PRODUCT_NAME = "$(TARGET_NAME)";
			};
			name = Test;
		};
		D014AC0E17B97885007D79D0 /* Profile */ = {
			isa = XCBuildConfiguration;
			baseConfigurationReference = D0C22C17179CC02E00158214 /* Mac-Application.xcconfig */;
			buildSettings = {
				OTHER_LDFLAGS = "-all_load";
				PRODUCT_NAME = "$(TARGET_NAME)";
			};
			name = Profile;
		};
		D08D4E3417B451500012B22D /* Debug */ = {
			isa = XCBuildConfiguration;
			baseConfigurationReference = D0C22C17179CC02E00158214 /* Mac-Application.xcconfig */;
			buildSettings = {
				ASSETCATALOG_COMPILER_APPICON_NAME = AppIcon;
				CODE_SIGN_IDENTITY = "Developer ID Application";
				CODE_SIGN_RESOURCE_RULES_PATH = TestApplication/ResourceRules.plist;
				GCC_PREFIX_HEADER = "TestApplication/TestApplication-Prefix.pch";
				INFOPLIST_FILE = "TestApplication/TestApplication-Info.plist";
				OTHER_CODE_SIGN_FLAGS = "--timestamp=none";
				PRODUCT_NAME = "$(TARGET_NAME)";
				VALIDATE_PRODUCT = YES;
				WRAPPER_EXTENSION = app;
			};
			name = Debug;
		};
		D08D4E3517B451500012B22D /* Release */ = {
			isa = XCBuildConfiguration;
			baseConfigurationReference = D0C22C17179CC02E00158214 /* Mac-Application.xcconfig */;
			buildSettings = {
				ASSETCATALOG_COMPILER_APPICON_NAME = AppIcon;
				CODE_SIGN_IDENTITY = "Developer ID Application";
				CODE_SIGN_RESOURCE_RULES_PATH = TestApplication/ResourceRules.plist;
				GCC_PREFIX_HEADER = "TestApplication/TestApplication-Prefix.pch";
				INFOPLIST_FILE = "TestApplication/TestApplication-Info.plist";
				OTHER_CODE_SIGN_FLAGS = "--timestamp=none";
				PRODUCT_NAME = "$(TARGET_NAME)";
				VALIDATE_PRODUCT = YES;
				WRAPPER_EXTENSION = app;
			};
			name = Release;
		};
		D08D4E3617B451500012B22D /* Test */ = {
			isa = XCBuildConfiguration;
			baseConfigurationReference = D0C22C17179CC02E00158214 /* Mac-Application.xcconfig */;
			buildSettings = {
				ASSETCATALOG_COMPILER_APPICON_NAME = AppIcon;
				CODE_SIGN_IDENTITY = "Developer ID Application";
				CODE_SIGN_RESOURCE_RULES_PATH = TestApplication/ResourceRules.plist;
				GCC_PREFIX_HEADER = "TestApplication/TestApplication-Prefix.pch";
				INFOPLIST_FILE = "TestApplication/TestApplication-Info.plist";
				OTHER_CODE_SIGN_FLAGS = "--timestamp=none";
				PRODUCT_NAME = "$(TARGET_NAME)";
				VALIDATE_PRODUCT = YES;
				WRAPPER_EXTENSION = app;
			};
			name = Test;
		};
		D08D4E3717B451500012B22D /* Profile */ = {
			isa = XCBuildConfiguration;
			baseConfigurationReference = D0C22C17179CC02E00158214 /* Mac-Application.xcconfig */;
			buildSettings = {
				ASSETCATALOG_COMPILER_APPICON_NAME = AppIcon;
				CODE_SIGN_IDENTITY = "Developer ID Application";
				CODE_SIGN_RESOURCE_RULES_PATH = TestApplication/ResourceRules.plist;
				GCC_PREFIX_HEADER = "TestApplication/TestApplication-Prefix.pch";
				INFOPLIST_FILE = "TestApplication/TestApplication-Info.plist";
				OTHER_CODE_SIGN_FLAGS = "--timestamp=none";
				PRODUCT_NAME = "$(TARGET_NAME)";
				VALIDATE_PRODUCT = YES;
				WRAPPER_EXTENSION = app;
			};
			name = Profile;
		};
		D0C22BFF179CC00E00158214 /* Debug */ = {
			isa = XCBuildConfiguration;
			baseConfigurationReference = D0C22C0B179CC02E00158214 /* Debug.xcconfig */;
			buildSettings = {
				ARCHS = "$(ARCHS_STANDARD_64_BIT)";
				CLANG_CXX_LANGUAGE_STANDARD = "gnu++0x";
				CLANG_CXX_LIBRARY = "libc++";
				GCC_C_LANGUAGE_STANDARD = gnu99;
				GCC_PREFIX_HEADER = "Squirrel/Squirrel-Prefix.pch";
				MACOSX_DEPLOYMENT_TARGET = 10.7;
				SDKROOT = macosx;
			};
			name = Debug;
		};
		D0C22C00179CC00E00158214 /* Release */ = {
			isa = XCBuildConfiguration;
			baseConfigurationReference = D0C22C0D179CC02E00158214 /* Release.xcconfig */;
			buildSettings = {
				ARCHS = "$(ARCHS_STANDARD_64_BIT)";
				CLANG_CXX_LANGUAGE_STANDARD = "gnu++0x";
				CLANG_CXX_LIBRARY = "libc++";
				GCC_C_LANGUAGE_STANDARD = gnu99;
				GCC_PREFIX_HEADER = "Squirrel/Squirrel-Prefix.pch";
				GCC_PREPROCESSOR_DEFINITIONS = "NDEBUG=1";
				MACOSX_DEPLOYMENT_TARGET = 10.7;
				SDKROOT = macosx;
			};
			name = Release;
		};
		D0C22C02179CC00E00158214 /* Debug */ = {
			isa = XCBuildConfiguration;
			baseConfigurationReference = D0C22C1A179CC02E00158214 /* Mac-Framework.xcconfig */;
			buildSettings = {
				DYLIB_COMPATIBILITY_VERSION = 1;
				DYLIB_CURRENT_VERSION = 1;
				FRAMEWORK_VERSION = A;
				INFOPLIST_FILE = "Squirrel/Squirrel-Info.plist";
				PRODUCT_NAME = "$(TARGET_NAME)";
				WRAPPER_EXTENSION = framework;
			};
			name = Debug;
		};
		D0C22C03179CC00E00158214 /* Release */ = {
			isa = XCBuildConfiguration;
			baseConfigurationReference = D0C22C1A179CC02E00158214 /* Mac-Framework.xcconfig */;
			buildSettings = {
				DYLIB_COMPATIBILITY_VERSION = 1;
				DYLIB_CURRENT_VERSION = 1;
				FRAMEWORK_VERSION = A;
				INFOPLIST_FILE = "Squirrel/Squirrel-Info.plist";
				PRODUCT_NAME = "$(TARGET_NAME)";
				WRAPPER_EXTENSION = framework;
			};
			name = Release;
		};
		D0C22C05179CC00E00158214 /* Debug */ = {
			isa = XCBuildConfiguration;
			baseConfigurationReference = D0C22C17179CC02E00158214 /* Mac-Application.xcconfig */;
			buildSettings = {
				FRAMEWORK_SEARCH_PATHS = "\"$(DEVELOPER_LIBRARY_DIR)/Frameworks\"";
				GCC_PREFIX_HEADER = "SquirrelTests/SquirrelTests-Prefix.pch";
				HEADER_SEARCH_PATHS = (
					External/ReactiveCocoa/external/specta/src,
					"External/ReactiveCocoa/external/expecta/src/**",
				);
				INFOPLIST_FILE = "SquirrelTests/SquirrelTests-Info.plist";
				OTHER_LDFLAGS = "-all_load";
				PRODUCT_NAME = "$(TARGET_NAME)";
				WRAPPER_EXTENSION = octest;
			};
			name = Debug;
		};
		D0C22C06179CC00E00158214 /* Release */ = {
			isa = XCBuildConfiguration;
			baseConfigurationReference = D0C22C17179CC02E00158214 /* Mac-Application.xcconfig */;
			buildSettings = {
				FRAMEWORK_SEARCH_PATHS = "\"$(DEVELOPER_LIBRARY_DIR)/Frameworks\"";
				GCC_PREFIX_HEADER = "SquirrelTests/SquirrelTests-Prefix.pch";
				HEADER_SEARCH_PATHS = (
					External/ReactiveCocoa/external/specta/src,
					"External/ReactiveCocoa/external/expecta/src/**",
				);
				INFOPLIST_FILE = "SquirrelTests/SquirrelTests-Info.plist";
				OTHER_LDFLAGS = "-all_load";
				PRODUCT_NAME = "$(TARGET_NAME)";
				WRAPPER_EXTENSION = octest;
			};
			name = Release;
		};
		D0C22C41179CC0D800158214 /* Profile */ = {
			isa = XCBuildConfiguration;
			baseConfigurationReference = D0C22C0C179CC02E00158214 /* Profile.xcconfig */;
			buildSettings = {
				ARCHS = "$(ARCHS_STANDARD_64_BIT)";
				CLANG_CXX_LANGUAGE_STANDARD = "gnu++0x";
				CLANG_CXX_LIBRARY = "libc++";
				GCC_C_LANGUAGE_STANDARD = gnu99;
				GCC_PREFIX_HEADER = "Squirrel/Squirrel-Prefix.pch";
				GCC_PREPROCESSOR_DEFINITIONS = "NDEBUG=1";
				MACOSX_DEPLOYMENT_TARGET = 10.7;
				SDKROOT = macosx;
			};
			name = Profile;
		};
		D0C22C42179CC0D800158214 /* Profile */ = {
			isa = XCBuildConfiguration;
			baseConfigurationReference = D0C22C1A179CC02E00158214 /* Mac-Framework.xcconfig */;
			buildSettings = {
				DYLIB_COMPATIBILITY_VERSION = 1;
				DYLIB_CURRENT_VERSION = 1;
				FRAMEWORK_VERSION = A;
				INFOPLIST_FILE = "Squirrel/Squirrel-Info.plist";
				PRODUCT_NAME = "$(TARGET_NAME)";
				WRAPPER_EXTENSION = framework;
			};
			name = Profile;
		};
		D0C22C43179CC0D800158214 /* Profile */ = {
			isa = XCBuildConfiguration;
			baseConfigurationReference = D0C22C17179CC02E00158214 /* Mac-Application.xcconfig */;
			buildSettings = {
				FRAMEWORK_SEARCH_PATHS = "\"$(DEVELOPER_LIBRARY_DIR)/Frameworks\"";
				GCC_PREFIX_HEADER = "SquirrelTests/SquirrelTests-Prefix.pch";
				HEADER_SEARCH_PATHS = (
					External/ReactiveCocoa/external/specta/src,
					"External/ReactiveCocoa/external/expecta/src/**",
				);
				INFOPLIST_FILE = "SquirrelTests/SquirrelTests-Info.plist";
				OTHER_LDFLAGS = "-all_load";
				PRODUCT_NAME = "$(TARGET_NAME)";
				WRAPPER_EXTENSION = octest;
			};
			name = Profile;
		};
		D0C22C44179CC0DC00158214 /* Test */ = {
			isa = XCBuildConfiguration;
			baseConfigurationReference = D0C22C0E179CC02E00158214 /* Test.xcconfig */;
			buildSettings = {
				ARCHS = "$(ARCHS_STANDARD_64_BIT)";
				CLANG_CXX_LANGUAGE_STANDARD = "gnu++0x";
				CLANG_CXX_LIBRARY = "libc++";
				GCC_C_LANGUAGE_STANDARD = gnu99;
				GCC_PREFIX_HEADER = "Squirrel/Squirrel-Prefix.pch";
				MACOSX_DEPLOYMENT_TARGET = 10.7;
				SDKROOT = macosx;
			};
			name = Test;
		};
		D0C22C45179CC0DC00158214 /* Test */ = {
			isa = XCBuildConfiguration;
			baseConfigurationReference = D0C22C1A179CC02E00158214 /* Mac-Framework.xcconfig */;
			buildSettings = {
				DYLIB_COMPATIBILITY_VERSION = 1;
				DYLIB_CURRENT_VERSION = 1;
				FRAMEWORK_VERSION = A;
				INFOPLIST_FILE = "Squirrel/Squirrel-Info.plist";
				PRODUCT_NAME = "$(TARGET_NAME)";
				WRAPPER_EXTENSION = framework;
			};
			name = Test;
		};
		D0C22C46179CC0DC00158214 /* Test */ = {
			isa = XCBuildConfiguration;
			baseConfigurationReference = D0C22C17179CC02E00158214 /* Mac-Application.xcconfig */;
			buildSettings = {
				FRAMEWORK_SEARCH_PATHS = "\"$(DEVELOPER_LIBRARY_DIR)/Frameworks\"";
				GCC_PREFIX_HEADER = "SquirrelTests/SquirrelTests-Prefix.pch";
				HEADER_SEARCH_PATHS = (
					External/ReactiveCocoa/external/specta/src,
					"External/ReactiveCocoa/external/expecta/src/**",
				);
				INFOPLIST_FILE = "SquirrelTests/SquirrelTests-Info.plist";
				OTHER_LDFLAGS = "-all_load";
				PRODUCT_NAME = "$(TARGET_NAME)";
				WRAPPER_EXTENSION = octest;
			};
			name = Test;
		};
/* End XCBuildConfiguration section */

/* Begin XCConfigurationList section */
		534FF36B17D8E90A0020A51A /* Build configuration list for PBXNativeTarget "TestService" */ = {
			isa = XCConfigurationList;
			buildConfigurations = (
				534FF36C17D8E90A0020A51A /* Debug */,
				534FF36D17D8E90A0020A51A /* Release */,
				534FF36E17D8E90A0020A51A /* Test */,
				534FF36F17D8E90A0020A51A /* Profile */,
			);
			defaultConfigurationIsVisible = 0;
			defaultConfigurationName = Release;
		};
		D014AC0A17B97885007D79D0 /* Build configuration list for PBXNativeTarget "ShipIt" */ = {
			isa = XCConfigurationList;
			buildConfigurations = (
				D014AC0B17B97885007D79D0 /* Debug */,
				D014AC0C17B97885007D79D0 /* Release */,
				D014AC0D17B97885007D79D0 /* Test */,
				D014AC0E17B97885007D79D0 /* Profile */,
			);
			defaultConfigurationIsVisible = 0;
			defaultConfigurationName = Release;
		};
		D08D4E3317B451500012B22D /* Build configuration list for PBXNativeTarget "TestApplication" */ = {
			isa = XCConfigurationList;
			buildConfigurations = (
				D08D4E3417B451500012B22D /* Debug */,
				D08D4E3517B451500012B22D /* Release */,
				D08D4E3617B451500012B22D /* Test */,
				D08D4E3717B451500012B22D /* Profile */,
			);
			defaultConfigurationIsVisible = 0;
			defaultConfigurationName = Release;
		};
		D0C22BD1179CC00E00158214 /* Build configuration list for PBXProject "Squirrel" */ = {
			isa = XCConfigurationList;
			buildConfigurations = (
				D0C22BFF179CC00E00158214 /* Debug */,
				D0C22C00179CC00E00158214 /* Release */,
				D0C22C44179CC0DC00158214 /* Test */,
				D0C22C41179CC0D800158214 /* Profile */,
			);
			defaultConfigurationIsVisible = 0;
			defaultConfigurationName = Release;
		};
		D0C22C01179CC00E00158214 /* Build configuration list for PBXNativeTarget "Squirrel" */ = {
			isa = XCConfigurationList;
			buildConfigurations = (
				D0C22C02179CC00E00158214 /* Debug */,
				D0C22C03179CC00E00158214 /* Release */,
				D0C22C45179CC0DC00158214 /* Test */,
				D0C22C42179CC0D800158214 /* Profile */,
			);
			defaultConfigurationIsVisible = 0;
			defaultConfigurationName = Release;
		};
		D0C22C04179CC00E00158214 /* Build configuration list for PBXNativeTarget "SquirrelTests" */ = {
			isa = XCConfigurationList;
			buildConfigurations = (
				D0C22C05179CC00E00158214 /* Debug */,
				D0C22C06179CC00E00158214 /* Release */,
				D0C22C46179CC0DC00158214 /* Test */,
				D0C22C43179CC0D800158214 /* Profile */,
			);
			defaultConfigurationIsVisible = 0;
			defaultConfigurationName = Release;
		};
/* End XCConfigurationList section */
	};
	rootObject = D0C22BCE179CC00E00158214 /* Project object */;
}
