// !$*UTF8*$!
{
	archiveVersion = 1;
	classes = {
	};
	objectVersion = 46;
	objects = {

/* Begin PBXBuildFile section */
		D007290017B09732008C7DDE /* SQRLArguments.m in Sources */ = {isa = PBXBuildFile; fileRef = D00728FF17B09732008C7DDE /* SQRLArguments.m */; };
		D007290117B09732008C7DDE /* SQRLArguments.m in Sources */ = {isa = PBXBuildFile; fileRef = D00728FF17B09732008C7DDE /* SQRLArguments.m */; };
		D0366BFE17B18FEE0086ED44 /* Cocoa.framework in Frameworks */ = {isa = PBXBuildFile; fileRef = D0C22BDA179CC00E00158214 /* Cocoa.framework */; };
		D0366C0817B18FEE0086ED44 /* InfoPlist.strings in Resources */ = {isa = PBXBuildFile; fileRef = D0366C0617B18FEE0086ED44 /* InfoPlist.strings */; };
		D0366C0A17B18FEE0086ED44 /* main.m in Sources */ = {isa = PBXBuildFile; fileRef = D0366C0917B18FEE0086ED44 /* main.m */; };
		D0366C0E17B18FEE0086ED44 /* Credits.rtf in Resources */ = {isa = PBXBuildFile; fileRef = D0366C0C17B18FEE0086ED44 /* Credits.rtf */; };
		D0366C1117B18FEE0086ED44 /* SQRLAppDelegate.m in Sources */ = {isa = PBXBuildFile; fileRef = D0366C1017B18FEE0086ED44 /* SQRLAppDelegate.m */; };
		D0366C1417B18FEE0086ED44 /* MainMenu.xib in Resources */ = {isa = PBXBuildFile; fileRef = D0366C1217B18FEE0086ED44 /* MainMenu.xib */; };
		D0366C1617B18FEE0086ED44 /* Images.xcassets in Resources */ = {isa = PBXBuildFile; fileRef = D0366C1517B18FEE0086ED44 /* Images.xcassets */; };
		D0C22BDB179CC00E00158214 /* Cocoa.framework in Frameworks */ = {isa = PBXBuildFile; fileRef = D0C22BDA179CC00E00158214 /* Cocoa.framework */; };
		D0C22BE5179CC00E00158214 /* InfoPlist.strings in Resources */ = {isa = PBXBuildFile; fileRef = D0C22BE3179CC00E00158214 /* InfoPlist.strings */; };
		D0C22BF1179CC00E00158214 /* SenTestingKit.framework in Frameworks */ = {isa = PBXBuildFile; fileRef = D0C22BF0179CC00E00158214 /* SenTestingKit.framework */; };
		D0C22BF2179CC00E00158214 /* Cocoa.framework in Frameworks */ = {isa = PBXBuildFile; fileRef = D0C22BDA179CC00E00158214 /* Cocoa.framework */; };
		D0C22BF5179CC00E00158214 /* Squirrel.framework in Frameworks */ = {isa = PBXBuildFile; fileRef = D0C22BD7179CC00E00158214 /* Squirrel.framework */; };
		D0C22BFB179CC00E00158214 /* InfoPlist.strings in Resources */ = {isa = PBXBuildFile; fileRef = D0C22BF9179CC00E00158214 /* InfoPlist.strings */; };
		D0C22C3F179CC0C000158214 /* libExpecta.a in Frameworks */ = {isa = PBXBuildFile; fileRef = D0C22C28179CC0B300158214 /* libExpecta.a */; };
		D0C22C40179CC0C000158214 /* libSpecta.a in Frameworks */ = {isa = PBXBuildFile; fileRef = D0C22C34179CC0B300158214 /* libSpecta.a */; };
		D0C22C4C179CC15100158214 /* SQRLUpdater.h in Headers */ = {isa = PBXBuildFile; fileRef = D0C22C4A179CC15100158214 /* SQRLUpdater.h */; settings = {ATTRIBUTES = (Public, ); }; };
		D0C22C4D179CC15100158214 /* SQRLUpdater.m in Sources */ = {isa = PBXBuildFile; fileRef = D0C22C4B179CC15100158214 /* SQRLUpdater.m */; };
		D0C22C50179CC18C00158214 /* SQRLUpdaterSpec.m in Sources */ = {isa = PBXBuildFile; fileRef = D0C22C4F179CC18C00158214 /* SQRLUpdaterSpec.m */; };
		D0C22C52179CC23900158214 /* Squirrel.h in Headers */ = {isa = PBXBuildFile; fileRef = D0C22BE7179CC00E00158214 /* Squirrel.h */; settings = {ATTRIBUTES = (Public, ); }; };
		D0EDBE9D17B0C68E0058BC3C /* NSError+SQRLVerbosityExtensions.m in Sources */ = {isa = PBXBuildFile; fileRef = D0EDBE9B17B0C68E0058BC3C /* NSError+SQRLVerbosityExtensions.m */; };
		D0EDBE9E17B0C68E0058BC3C /* NSError+SQRLVerbosityExtensions.m in Sources */ = {isa = PBXBuildFile; fileRef = D0EDBE9B17B0C68E0058BC3C /* NSError+SQRLVerbosityExtensions.m */; };
		D0EDBEAB17B0DAD20058BC3C /* Fixtures in Resources */ = {isa = PBXBuildFile; fileRef = D0EDBEAA17B0DAD20058BC3C /* Fixtures */; };
		D0EDBEDD17B0DB3E0058BC3C /* SQRLTestCase.m in Sources */ = {isa = PBXBuildFile; fileRef = D0EDBEDC17B0DB3E0058BC3C /* SQRLTestCase.m */; };
		D0EDBEE117B0E3650058BC3C /* SQRLCodeSignatureVerificationSpec.m in Sources */ = {isa = PBXBuildFile; fileRef = D0EDBEE017B0E3650058BC3C /* SQRLCodeSignatureVerificationSpec.m */; };
		D0F8E0D717B191DF00BCA070 /* Squirrel.framework in Frameworks */ = {isa = PBXBuildFile; fileRef = D0C22BD7179CC00E00158214 /* Squirrel.framework */; };
		D0F8E0D917B1924000BCA070 /* Squirrel.framework in Copy Frameworks */ = {isa = PBXBuildFile; fileRef = D0C22BD7179CC00E00158214 /* Squirrel.framework */; };
		D0F8E0DC17B1924F00BCA070 /* TestApplication.app in Resources */ = {isa = PBXBuildFile; fileRef = D0366BFD17B18FEE0086ED44 /* TestApplication.app */; };
		D0F8E13917B1A0C000BCA070 /* SQRLTerminationListenerSpec.m in Sources */ = {isa = PBXBuildFile; fileRef = D0F8E13817B1A0C000BCA070 /* SQRLTerminationListenerSpec.m */; };
		D0F8E13D17B1A11600BCA070 /* shipit in Copy Launch Services */ = {isa = PBXBuildFile; fileRef = F65A916B17A73E90005A4666 /* shipit */; };
		F6315C2A179EC9C6000DD609 /* crypt.h in Headers */ = {isa = PBXBuildFile; fileRef = F6315C1F179EC9C6000DD609 /* crypt.h */; };
		F6315C2B179EC9C6000DD609 /* ioapi.c in Sources */ = {isa = PBXBuildFile; fileRef = F6315C20179EC9C6000DD609 /* ioapi.c */; };
		F6315C2C179EC9C6000DD609 /* ioapi.h in Headers */ = {isa = PBXBuildFile; fileRef = F6315C21179EC9C6000DD609 /* ioapi.h */; };
		F6315C2D179EC9C6000DD609 /* mztools.c in Sources */ = {isa = PBXBuildFile; fileRef = F6315C22179EC9C6000DD609 /* mztools.c */; };
		F6315C2E179EC9C6000DD609 /* mztools.h in Headers */ = {isa = PBXBuildFile; fileRef = F6315C23179EC9C6000DD609 /* mztools.h */; };
		F6315C2F179EC9C6000DD609 /* unzip.c in Sources */ = {isa = PBXBuildFile; fileRef = F6315C24179EC9C6000DD609 /* unzip.c */; };
		F6315C30179EC9C6000DD609 /* unzip.h in Headers */ = {isa = PBXBuildFile; fileRef = F6315C25179EC9C6000DD609 /* unzip.h */; };
		F6315C31179EC9C6000DD609 /* zip.c in Sources */ = {isa = PBXBuildFile; fileRef = F6315C26179EC9C6000DD609 /* zip.c */; };
		F6315C32179EC9C6000DD609 /* zip.h in Headers */ = {isa = PBXBuildFile; fileRef = F6315C27179EC9C6000DD609 /* zip.h */; };
		F6315C33179EC9C6000DD609 /* SSZipArchive.h in Headers */ = {isa = PBXBuildFile; fileRef = F6315C28179EC9C6000DD609 /* SSZipArchive.h */; };
		F6315C34179EC9C6000DD609 /* SSZipArchive.m in Sources */ = {isa = PBXBuildFile; fileRef = F6315C29179EC9C6000DD609 /* SSZipArchive.m */; };
		F6315C36179EC9E7000DD609 /* libz.dylib in Frameworks */ = {isa = PBXBuildFile; fileRef = F6315C35179EC9E7000DD609 /* libz.dylib */; };
		F65A916C17A73E90005A4666 /* Foundation.framework in Frameworks */ = {isa = PBXBuildFile; fileRef = F60CA7EA179FC4F60069F69A /* Foundation.framework */; };
		F65A916F17A73E90005A4666 /* main.m in Sources */ = {isa = PBXBuildFile; fileRef = F65A916E17A73E90005A4666 /* main.m */; };
		F65A917917A74018005A4666 /* SQRLCodeSignatureVerification.m in Sources */ = {isa = PBXBuildFile; fileRef = F6F2ED8217A33C4900F4D220 /* SQRLCodeSignatureVerification.m */; };
		F65A917A17A7401B005A4666 /* SQRLTerminationListener.m in Sources */ = {isa = PBXBuildFile; fileRef = F6442B4E17A6F1B900CD312E /* SQRLTerminationListener.m */; };
		F65A917B17A74445005A4666 /* shipit in Resources */ = {isa = PBXBuildFile; fileRef = F65A916B17A73E90005A4666 /* shipit */; };
		F65A917C17A7453B005A4666 /* shipit in Resources */ = {isa = PBXBuildFile; fileRef = F65A916B17A73E90005A4666 /* shipit */; };
		F65A917F17A7479F005A4666 /* AppKit.framework in Frameworks */ = {isa = PBXBuildFile; fileRef = F65A915F17A71AA5005A4666 /* AppKit.framework */; };
		F65A918017A747A9005A4666 /* Security.framework in Frameworks */ = {isa = PBXBuildFile; fileRef = F6EB217F179D0E4D001108CF /* Security.framework */; };
		F66AD31217A74925006F47B1 /* EXTScope.m in Sources */ = {isa = PBXBuildFile; fileRef = F6EB2166179D0228001108CF /* EXTScope.m */; };
		F66AD31517A83C7B006F47B1 /* SQRLInstaller.m in Sources */ = {isa = PBXBuildFile; fileRef = F66AD31417A83C7B006F47B1 /* SQRLInstaller.m */; };
		F6EB2162179CFD93001108CF /* SystemConfiguration.framework in Frameworks */ = {isa = PBXBuildFile; fileRef = F6EB2161179CFD93001108CF /* SystemConfiguration.framework */; };
		F6EB2168179D022C001108CF /* EXTScope.m in Sources */ = {isa = PBXBuildFile; fileRef = F6EB2166179D0228001108CF /* EXTScope.m */; };
		F6EB2169179D03AA001108CF /* EXTScope.h in Headers */ = {isa = PBXBuildFile; fileRef = F6EB2165179D0228001108CF /* EXTScope.h */; };
		F6EB216A179D03AE001108CF /* EXTKeyPathCoding.h in Headers */ = {isa = PBXBuildFile; fileRef = F6EB2164179D0228001108CF /* EXTKeyPathCoding.h */; };
		F6EB2180179D0E4D001108CF /* Security.framework in Frameworks */ = {isa = PBXBuildFile; fileRef = F6EB217F179D0E4D001108CF /* Security.framework */; };
		F6F2ED8417A33C4900F4D220 /* SQRLCodeSignatureVerification.m in Sources */ = {isa = PBXBuildFile; fileRef = F6F2ED8217A33C4900F4D220 /* SQRLCodeSignatureVerification.m */; };
/* End PBXBuildFile section */

/* Begin PBXContainerItemProxy section */
		D0C22BF3179CC00E00158214 /* PBXContainerItemProxy */ = {
			isa = PBXContainerItemProxy;
			containerPortal = D0C22BCE179CC00E00158214 /* Project object */;
			proxyType = 1;
			remoteGlobalIDString = D0C22BD6179CC00E00158214;
			remoteInfo = Squirrel;
		};
		D0C22C27179CC0B300158214 /* PBXContainerItemProxy */ = {
			isa = PBXContainerItemProxy;
			containerPortal = D0C22C1D179CC0B300158214 /* Expecta.xcodeproj */;
			proxyType = 2;
			remoteGlobalIDString = E9ACDF0C13B2DD520010F4D7;
			remoteInfo = Expecta;
		};
		D0C22C29179CC0B300158214 /* PBXContainerItemProxy */ = {
			isa = PBXContainerItemProxy;
			containerPortal = D0C22C1D179CC0B300158214 /* Expecta.xcodeproj */;
			proxyType = 2;
			remoteGlobalIDString = E93067CE13B2E6D100EA26FF;
			remoteInfo = "Expecta-iOS";
		};
		D0C22C2B179CC0B300158214 /* PBXContainerItemProxy */ = {
			isa = PBXContainerItemProxy;
			containerPortal = D0C22C1D179CC0B300158214 /* Expecta.xcodeproj */;
			proxyType = 2;
			remoteGlobalIDString = E9ACDF1D13B2DD520010F4D7;
			remoteInfo = ExpectaTests;
		};
		D0C22C2D179CC0B300158214 /* PBXContainerItemProxy */ = {
			isa = PBXContainerItemProxy;
			containerPortal = D0C22C1D179CC0B300158214 /* Expecta.xcodeproj */;
			proxyType = 2;
			remoteGlobalIDString = E93067DA13B2E6D100EA26FF;
			remoteInfo = "Expecta-iOSTests";
		};
		D0C22C33179CC0B300158214 /* PBXContainerItemProxy */ = {
			isa = PBXContainerItemProxy;
			containerPortal = D0C22C20179CC0B300158214 /* Specta.xcodeproj */;
			proxyType = 2;
			remoteGlobalIDString = E9D96A2614B6B8AB007D9521;
			remoteInfo = Specta;
		};
		D0C22C35179CC0B300158214 /* PBXContainerItemProxy */ = {
			isa = PBXContainerItemProxy;
			containerPortal = D0C22C20179CC0B300158214 /* Specta.xcodeproj */;
			proxyType = 2;
			remoteGlobalIDString = E9B777A414BA294B00D8DC76;
			remoteInfo = "Specta-iOS";
		};
		D0C22C37179CC0B300158214 /* PBXContainerItemProxy */ = {
			isa = PBXContainerItemProxy;
			containerPortal = D0C22C20179CC0B300158214 /* Specta.xcodeproj */;
			proxyType = 2;
			remoteGlobalIDString = E9D96A3A14B6B8AB007D9521;
			remoteInfo = SpectaTests;
		};
		D0C22C39179CC0B300158214 /* PBXContainerItemProxy */ = {
			isa = PBXContainerItemProxy;
			containerPortal = D0C22C20179CC0B300158214 /* Specta.xcodeproj */;
			proxyType = 2;
			remoteGlobalIDString = E9B777B314BA294C00D8DC76;
			remoteInfo = "Specta-iOSTests";
		};
		D0C22C3B179CC0BA00158214 /* PBXContainerItemProxy */ = {
			isa = PBXContainerItemProxy;
			containerPortal = D0C22C1D179CC0B300158214 /* Expecta.xcodeproj */;
			proxyType = 1;
			remoteGlobalIDString = E9ACDF0B13B2DD520010F4D7;
			remoteInfo = Expecta;
		};
		D0C22C3D179CC0BA00158214 /* PBXContainerItemProxy */ = {
			isa = PBXContainerItemProxy;
			containerPortal = D0C22C20179CC0B300158214 /* Specta.xcodeproj */;
			proxyType = 1;
			remoteGlobalIDString = E9D96A2514B6B8AB007D9521;
			remoteInfo = Specta;
		};
		D0F8E0CF17B191DB00BCA070 /* PBXContainerItemProxy */ = {
			isa = PBXContainerItemProxy;
			containerPortal = D0C22BCE179CC00E00158214 /* Project object */;
			proxyType = 1;
			remoteGlobalIDString = D0C22BD6179CC00E00158214;
			remoteInfo = Squirrel;
		};
		D0F8E0DA17B1924600BCA070 /* PBXContainerItemProxy */ = {
			isa = PBXContainerItemProxy;
			containerPortal = D0C22BCE179CC00E00158214 /* Project object */;
			proxyType = 1;
			remoteGlobalIDString = D0366BFC17B18FEE0086ED44;
			remoteInfo = TestApplication;
		};
		D0F8E13A17B1A10500BCA070 /* PBXContainerItemProxy */ = {
			isa = PBXContainerItemProxy;
			containerPortal = D0C22BCE179CC00E00158214 /* Project object */;
			proxyType = 1;
			remoteGlobalIDString = F65A916A17A73E90005A4666;
			remoteInfo = shipit;
		};
		F65A917D17A74711005A4666 /* PBXContainerItemProxy */ = {
			isa = PBXContainerItemProxy;
			containerPortal = D0C22BCE179CC00E00158214 /* Project object */;
			proxyType = 1;
			remoteGlobalIDString = F65A916A17A73E90005A4666;
			remoteInfo = shipit;
		};
/* End PBXContainerItemProxy section */

/* Begin PBXCopyFilesBuildPhase section */
		D0F8E0D817B1922E00BCA070 /* Copy Frameworks */ = {
			isa = PBXCopyFilesBuildPhase;
			buildActionMask = 2147483647;
			dstPath = "";
			dstSubfolderSpec = 10;
			files = (
				D0F8E0D917B1924000BCA070 /* Squirrel.framework in Copy Frameworks */,
			);
			name = "Copy Frameworks";
			runOnlyForDeploymentPostprocessing = 0;
		};
		D0F8E13C17B1A10C00BCA070 /* Copy Launch Services */ = {
			isa = PBXCopyFilesBuildPhase;
			buildActionMask = 2147483647;
			dstPath = Contents/Library/LaunchServices;
			dstSubfolderSpec = 1;
			files = (
				D0F8E13D17B1A11600BCA070 /* shipit in Copy Launch Services */,
			);
			name = "Copy Launch Services";
			runOnlyForDeploymentPostprocessing = 0;
		};
		F65A916917A73E90005A4666 /* CopyFiles */ = {
			isa = PBXCopyFilesBuildPhase;
			buildActionMask = 2147483647;
			dstPath = /usr/share/man/man1/;
			dstSubfolderSpec = 0;
			files = (
			);
			runOnlyForDeploymentPostprocessing = 1;
		};
/* End PBXCopyFilesBuildPhase section */

/* Begin PBXFileReference section */
		D00728FF17B09732008C7DDE /* SQRLArguments.m */ = {isa = PBXFileReference; fileEncoding = 4; lastKnownFileType = sourcecode.c.objc; name = SQRLArguments.m; path = Shipit/SQRLArguments.m; sourceTree = SOURCE_ROOT; };
		D007290817B0973E008C7DDE /* SQRLArguments.h */ = {isa = PBXFileReference; lastKnownFileType = sourcecode.c.h; name = SQRLArguments.h; path = Shipit/SQRLArguments.h; sourceTree = SOURCE_ROOT; };
		D0366BFD17B18FEE0086ED44 /* TestApplication.app */ = {isa = PBXFileReference; explicitFileType = wrapper.application; includeInIndex = 0; path = TestApplication.app; sourceTree = BUILT_PRODUCTS_DIR; };
		D0366C0017B18FEE0086ED44 /* AppKit.framework */ = {isa = PBXFileReference; lastKnownFileType = wrapper.framework; name = AppKit.framework; path = System/Library/Frameworks/AppKit.framework; sourceTree = SDKROOT; };
		D0366C0117B18FEE0086ED44 /* CoreData.framework */ = {isa = PBXFileReference; lastKnownFileType = wrapper.framework; name = CoreData.framework; path = System/Library/Frameworks/CoreData.framework; sourceTree = SDKROOT; };
		D0366C0217B18FEE0086ED44 /* Foundation.framework */ = {isa = PBXFileReference; lastKnownFileType = wrapper.framework; name = Foundation.framework; path = System/Library/Frameworks/Foundation.framework; sourceTree = SDKROOT; };
		D0366C0517B18FEE0086ED44 /* TestApplication-Info.plist */ = {isa = PBXFileReference; lastKnownFileType = text.plist.xml; path = "TestApplication-Info.plist"; sourceTree = "<group>"; };
		D0366C0717B18FEE0086ED44 /* en */ = {isa = PBXFileReference; lastKnownFileType = text.plist.strings; name = en; path = en.lproj/InfoPlist.strings; sourceTree = "<group>"; };
		D0366C0917B18FEE0086ED44 /* main.m */ = {isa = PBXFileReference; lastKnownFileType = sourcecode.c.objc; path = main.m; sourceTree = "<group>"; };
		D0366C0B17B18FEE0086ED44 /* TestApplication-Prefix.pch */ = {isa = PBXFileReference; lastKnownFileType = sourcecode.c.h; path = "TestApplication-Prefix.pch"; sourceTree = "<group>"; };
		D0366C0D17B18FEE0086ED44 /* en */ = {isa = PBXFileReference; lastKnownFileType = text.rtf; name = en; path = en.lproj/Credits.rtf; sourceTree = "<group>"; };
		D0366C0F17B18FEE0086ED44 /* SQRLAppDelegate.h */ = {isa = PBXFileReference; lastKnownFileType = sourcecode.c.h; path = SQRLAppDelegate.h; sourceTree = "<group>"; };
		D0366C1017B18FEE0086ED44 /* SQRLAppDelegate.m */ = {isa = PBXFileReference; lastKnownFileType = sourcecode.c.objc; path = SQRLAppDelegate.m; sourceTree = "<group>"; };
		D0366C1317B18FEE0086ED44 /* Base */ = {isa = PBXFileReference; lastKnownFileType = file.xib; name = Base; path = Base.lproj/MainMenu.xib; sourceTree = "<group>"; };
		D0366C1517B18FEE0086ED44 /* Images.xcassets */ = {isa = PBXFileReference; lastKnownFileType = folder.assetcatalog; path = Images.xcassets; sourceTree = "<group>"; };
		D0366C1C17B18FEE0086ED44 /* XCTest.framework */ = {isa = PBXFileReference; lastKnownFileType = wrapper.framework; name = XCTest.framework; path = Library/Frameworks/XCTest.framework; sourceTree = DEVELOPER_DIR; };
		D0C22BD7179CC00E00158214 /* Squirrel.framework */ = {isa = PBXFileReference; explicitFileType = wrapper.framework; includeInIndex = 0; path = Squirrel.framework; sourceTree = BUILT_PRODUCTS_DIR; };
		D0C22BDA179CC00E00158214 /* Cocoa.framework */ = {isa = PBXFileReference; lastKnownFileType = wrapper.framework; name = Cocoa.framework; path = System/Library/Frameworks/Cocoa.framework; sourceTree = SDKROOT; };
		D0C22BE2179CC00E00158214 /* Squirrel-Info.plist */ = {isa = PBXFileReference; lastKnownFileType = text.plist.xml; path = "Squirrel-Info.plist"; sourceTree = "<group>"; };
		D0C22BE4179CC00E00158214 /* en */ = {isa = PBXFileReference; lastKnownFileType = text.plist.strings; name = en; path = en.lproj/InfoPlist.strings; sourceTree = "<group>"; };
		D0C22BE6179CC00E00158214 /* Squirrel-Prefix.pch */ = {isa = PBXFileReference; lastKnownFileType = sourcecode.c.h; path = "Squirrel-Prefix.pch"; sourceTree = "<group>"; };
		D0C22BE7179CC00E00158214 /* Squirrel.h */ = {isa = PBXFileReference; lastKnownFileType = sourcecode.c.h; path = Squirrel.h; sourceTree = "<group>"; };
		D0C22BEF179CC00E00158214 /* SquirrelTests.octest */ = {isa = PBXFileReference; explicitFileType = wrapper.cfbundle; includeInIndex = 0; path = SquirrelTests.octest; sourceTree = BUILT_PRODUCTS_DIR; };
		D0C22BF0179CC00E00158214 /* SenTestingKit.framework */ = {isa = PBXFileReference; lastKnownFileType = wrapper.framework; name = SenTestingKit.framework; path = Library/Frameworks/SenTestingKit.framework; sourceTree = DEVELOPER_DIR; };
		D0C22BF8179CC00E00158214 /* SquirrelTests-Info.plist */ = {isa = PBXFileReference; lastKnownFileType = text.plist.xml; path = "SquirrelTests-Info.plist"; sourceTree = "<group>"; };
		D0C22BFA179CC00E00158214 /* en */ = {isa = PBXFileReference; lastKnownFileType = text.plist.strings; name = en; path = en.lproj/InfoPlist.strings; sourceTree = "<group>"; };
		D0C22C09179CC02E00158214 /* Common.xcconfig */ = {isa = PBXFileReference; lastKnownFileType = text.xcconfig; path = Common.xcconfig; sourceTree = "<group>"; };
		D0C22C0B179CC02E00158214 /* Debug.xcconfig */ = {isa = PBXFileReference; lastKnownFileType = text.xcconfig; path = Debug.xcconfig; sourceTree = "<group>"; };
		D0C22C0C179CC02E00158214 /* Profile.xcconfig */ = {isa = PBXFileReference; lastKnownFileType = text.xcconfig; path = Profile.xcconfig; sourceTree = "<group>"; };
		D0C22C0D179CC02E00158214 /* Release.xcconfig */ = {isa = PBXFileReference; lastKnownFileType = text.xcconfig; path = Release.xcconfig; sourceTree = "<group>"; };
		D0C22C0E179CC02E00158214 /* Test.xcconfig */ = {isa = PBXFileReference; lastKnownFileType = text.xcconfig; path = Test.xcconfig; sourceTree = "<group>"; };
		D0C22C10179CC02E00158214 /* Application.xcconfig */ = {isa = PBXFileReference; lastKnownFileType = text.xcconfig; path = Application.xcconfig; sourceTree = "<group>"; };
		D0C22C11179CC02E00158214 /* StaticLibrary.xcconfig */ = {isa = PBXFileReference; lastKnownFileType = text.xcconfig; path = StaticLibrary.xcconfig; sourceTree = "<group>"; };
		D0C22C13179CC02E00158214 /* iOS-Application.xcconfig */ = {isa = PBXFileReference; lastKnownFileType = text.xcconfig; path = "iOS-Application.xcconfig"; sourceTree = "<group>"; };
		D0C22C14179CC02E00158214 /* iOS-Base.xcconfig */ = {isa = PBXFileReference; lastKnownFileType = text.xcconfig; path = "iOS-Base.xcconfig"; sourceTree = "<group>"; };
		D0C22C15179CC02E00158214 /* iOS-StaticLibrary.xcconfig */ = {isa = PBXFileReference; lastKnownFileType = text.xcconfig; path = "iOS-StaticLibrary.xcconfig"; sourceTree = "<group>"; };
		D0C22C17179CC02E00158214 /* Mac-Application.xcconfig */ = {isa = PBXFileReference; lastKnownFileType = text.xcconfig; path = "Mac-Application.xcconfig"; sourceTree = "<group>"; };
		D0C22C18179CC02E00158214 /* Mac-Base.xcconfig */ = {isa = PBXFileReference; lastKnownFileType = text.xcconfig; path = "Mac-Base.xcconfig"; sourceTree = "<group>"; };
		D0C22C19179CC02E00158214 /* Mac-DynamicLibrary.xcconfig */ = {isa = PBXFileReference; lastKnownFileType = text.xcconfig; path = "Mac-DynamicLibrary.xcconfig"; sourceTree = "<group>"; };
		D0C22C1A179CC02E00158214 /* Mac-Framework.xcconfig */ = {isa = PBXFileReference; lastKnownFileType = text.xcconfig; path = "Mac-Framework.xcconfig"; sourceTree = "<group>"; };
		D0C22C1B179CC02E00158214 /* Mac-StaticLibrary.xcconfig */ = {isa = PBXFileReference; lastKnownFileType = text.xcconfig; path = "Mac-StaticLibrary.xcconfig"; sourceTree = "<group>"; };
		D0C22C1C179CC02E00158214 /* README.md */ = {isa = PBXFileReference; lastKnownFileType = text; path = README.md; sourceTree = "<group>"; };
		D0C22C1D179CC0B300158214 /* Expecta.xcodeproj */ = {isa = PBXFileReference; lastKnownFileType = "wrapper.pb-project"; name = Expecta.xcodeproj; path = External/expecta/Expecta.xcodeproj; sourceTree = "<group>"; };
		D0C22C20179CC0B300158214 /* Specta.xcodeproj */ = {isa = PBXFileReference; lastKnownFileType = "wrapper.pb-project"; name = Specta.xcodeproj; path = External/specta/Specta.xcodeproj; sourceTree = "<group>"; };
		D0C22C4A179CC15100158214 /* SQRLUpdater.h */ = {isa = PBXFileReference; fileEncoding = 4; lastKnownFileType = sourcecode.c.h; path = SQRLUpdater.h; sourceTree = "<group>"; };
		D0C22C4B179CC15100158214 /* SQRLUpdater.m */ = {isa = PBXFileReference; fileEncoding = 4; lastKnownFileType = sourcecode.c.objc; path = SQRLUpdater.m; sourceTree = "<group>"; };
		D0C22C4F179CC18C00158214 /* SQRLUpdaterSpec.m */ = {isa = PBXFileReference; fileEncoding = 4; lastKnownFileType = sourcecode.c.objc; path = SQRLUpdaterSpec.m; sourceTree = "<group>"; };
		D0C22C51179CC1A200158214 /* SquirrelTests-Prefix.pch */ = {isa = PBXFileReference; fileEncoding = 4; lastKnownFileType = sourcecode.c.h; path = "SquirrelTests-Prefix.pch"; sourceTree = "<group>"; };
		D0EDBE9A17B0C68E0058BC3C /* NSError+SQRLVerbosityExtensions.h */ = {isa = PBXFileReference; fileEncoding = 4; lastKnownFileType = sourcecode.c.h; name = "NSError+SQRLVerbosityExtensions.h"; path = "Squirrel/NSError+SQRLVerbosityExtensions.h"; sourceTree = "<group>"; };
		D0EDBE9B17B0C68E0058BC3C /* NSError+SQRLVerbosityExtensions.m */ = {isa = PBXFileReference; fileEncoding = 4; lastKnownFileType = sourcecode.c.objc; name = "NSError+SQRLVerbosityExtensions.m"; path = "Squirrel/NSError+SQRLVerbosityExtensions.m"; sourceTree = "<group>"; };
		D0EDBEAA17B0DAD20058BC3C /* Fixtures */ = {isa = PBXFileReference; lastKnownFileType = folder; path = Fixtures; sourceTree = "<group>"; };
		D0EDBEDB17B0DB3E0058BC3C /* SQRLTestCase.h */ = {isa = PBXFileReference; fileEncoding = 4; lastKnownFileType = sourcecode.c.h; path = SQRLTestCase.h; sourceTree = "<group>"; };
		D0EDBEDC17B0DB3E0058BC3C /* SQRLTestCase.m */ = {isa = PBXFileReference; fileEncoding = 4; lastKnownFileType = sourcecode.c.objc; path = SQRLTestCase.m; sourceTree = "<group>"; };
		D0EDBEE017B0E3650058BC3C /* SQRLCodeSignatureVerificationSpec.m */ = {isa = PBXFileReference; fileEncoding = 4; lastKnownFileType = sourcecode.c.objc; path = SQRLCodeSignatureVerificationSpec.m; sourceTree = "<group>"; };
		D0F8E0CC17B1919F00BCA070 /* en */ = {isa = PBXFileReference; lastKnownFileType = text.plist.strings; name = en; path = en.lproj/MainMenu.strings; sourceTree = "<group>"; };
		D0F8E12517B19AC900BCA070 /* shipit-Info.plist */ = {isa = PBXFileReference; fileEncoding = 4; lastKnownFileType = text.plist.xml; path = "shipit-Info.plist"; sourceTree = "<group>"; };
		D0F8E12617B19AC900BCA070 /* shipit-Launchd.plist */ = {isa = PBXFileReference; fileEncoding = 4; lastKnownFileType = text.plist.xml; path = "shipit-Launchd.plist"; sourceTree = "<group>"; };
		D0F8E13717B19C6D00BCA070 /* SQRLArguments+Private.h */ = {isa = PBXFileReference; lastKnownFileType = sourcecode.c.h; name = "SQRLArguments+Private.h"; path = "Shipit/SQRLArguments+Private.h"; sourceTree = "<group>"; };
		D0F8E13817B1A0C000BCA070 /* SQRLTerminationListenerSpec.m */ = {isa = PBXFileReference; fileEncoding = 4; lastKnownFileType = sourcecode.c.objc; path = SQRLTerminationListenerSpec.m; sourceTree = "<group>"; };
		F60CA7EA179FC4F60069F69A /* Foundation.framework */ = {isa = PBXFileReference; lastKnownFileType = wrapper.framework; name = Foundation.framework; path = System/Library/Frameworks/Foundation.framework; sourceTree = SDKROOT; };
		F6315C1F179EC9C6000DD609 /* crypt.h */ = {isa = PBXFileReference; fileEncoding = 4; lastKnownFileType = sourcecode.c.h; path = crypt.h; sourceTree = "<group>"; };
		F6315C20179EC9C6000DD609 /* ioapi.c */ = {isa = PBXFileReference; fileEncoding = 4; lastKnownFileType = sourcecode.c.c; path = ioapi.c; sourceTree = "<group>"; };
		F6315C21179EC9C6000DD609 /* ioapi.h */ = {isa = PBXFileReference; fileEncoding = 4; lastKnownFileType = sourcecode.c.h; path = ioapi.h; sourceTree = "<group>"; };
		F6315C22179EC9C6000DD609 /* mztools.c */ = {isa = PBXFileReference; fileEncoding = 4; lastKnownFileType = sourcecode.c.c; path = mztools.c; sourceTree = "<group>"; };
		F6315C23179EC9C6000DD609 /* mztools.h */ = {isa = PBXFileReference; fileEncoding = 4; lastKnownFileType = sourcecode.c.h; path = mztools.h; sourceTree = "<group>"; };
		F6315C24179EC9C6000DD609 /* unzip.c */ = {isa = PBXFileReference; fileEncoding = 4; lastKnownFileType = sourcecode.c.c; path = unzip.c; sourceTree = "<group>"; };
		F6315C25179EC9C6000DD609 /* unzip.h */ = {isa = PBXFileReference; fileEncoding = 4; lastKnownFileType = sourcecode.c.h; path = unzip.h; sourceTree = "<group>"; };
		F6315C26179EC9C6000DD609 /* zip.c */ = {isa = PBXFileReference; fileEncoding = 4; lastKnownFileType = sourcecode.c.c; path = zip.c; sourceTree = "<group>"; };
		F6315C27179EC9C6000DD609 /* zip.h */ = {isa = PBXFileReference; fileEncoding = 4; lastKnownFileType = sourcecode.c.h; path = zip.h; sourceTree = "<group>"; };
		F6315C28179EC9C6000DD609 /* SSZipArchive.h */ = {isa = PBXFileReference; fileEncoding = 4; lastKnownFileType = sourcecode.c.h; name = SSZipArchive.h; path = External/ssziparchive/SSZipArchive.h; sourceTree = "<group>"; };
		F6315C29179EC9C6000DD609 /* SSZipArchive.m */ = {isa = PBXFileReference; fileEncoding = 4; lastKnownFileType = sourcecode.c.objc; name = SSZipArchive.m; path = External/ssziparchive/SSZipArchive.m; sourceTree = "<group>"; };
		F6315C35179EC9E7000DD609 /* libz.dylib */ = {isa = PBXFileReference; lastKnownFileType = "compiled.mach-o.dylib"; name = libz.dylib; path = usr/lib/libz.dylib; sourceTree = SDKROOT; };
		F6442B4D17A6F1B900CD312E /* SQRLTerminationListener.h */ = {isa = PBXFileReference; fileEncoding = 4; lastKnownFileType = sourcecode.c.h; name = SQRLTerminationListener.h; path = ../Squirrel/SQRLTerminationListener.h; sourceTree = "<group>"; };
		F6442B4E17A6F1B900CD312E /* SQRLTerminationListener.m */ = {isa = PBXFileReference; fileEncoding = 4; lastKnownFileType = sourcecode.c.objc; name = SQRLTerminationListener.m; path = ../Squirrel/SQRLTerminationListener.m; sourceTree = "<group>"; };
		F65A915F17A71AA5005A4666 /* AppKit.framework */ = {isa = PBXFileReference; lastKnownFileType = wrapper.framework; name = AppKit.framework; path = System/Library/Frameworks/AppKit.framework; sourceTree = SDKROOT; };
		F65A916B17A73E90005A4666 /* shipit */ = {isa = PBXFileReference; explicitFileType = "compiled.mach-o.executable"; includeInIndex = 0; path = shipit; sourceTree = BUILT_PRODUCTS_DIR; };
		F65A916E17A73E90005A4666 /* main.m */ = {isa = PBXFileReference; lastKnownFileType = sourcecode.c.objc; path = main.m; sourceTree = "<group>"; };
		F66AD31317A83C7B006F47B1 /* SQRLInstaller.h */ = {isa = PBXFileReference; fileEncoding = 4; lastKnownFileType = sourcecode.c.h; name = SQRLInstaller.h; path = Shipit/SQRLInstaller.h; sourceTree = SOURCE_ROOT; };
		F66AD31417A83C7B006F47B1 /* SQRLInstaller.m */ = {isa = PBXFileReference; fileEncoding = 4; lastKnownFileType = sourcecode.c.objc; name = SQRLInstaller.m; path = Shipit/SQRLInstaller.m; sourceTree = SOURCE_ROOT; };
		F6EB2161179CFD93001108CF /* SystemConfiguration.framework */ = {isa = PBXFileReference; lastKnownFileType = wrapper.framework; name = SystemConfiguration.framework; path = System/Library/Frameworks/SystemConfiguration.framework; sourceTree = SDKROOT; };
		F6EB2164179D0228001108CF /* EXTKeyPathCoding.h */ = {isa = PBXFileReference; lastKnownFileType = sourcecode.c.h; name = EXTKeyPathCoding.h; path = Squirrel/extobjc/EXTKeyPathCoding.h; sourceTree = "<group>"; };
		F6EB2165179D0228001108CF /* EXTScope.h */ = {isa = PBXFileReference; lastKnownFileType = sourcecode.c.h; name = EXTScope.h; path = Squirrel/extobjc/EXTScope.h; sourceTree = "<group>"; };
		F6EB2166179D0228001108CF /* EXTScope.m */ = {isa = PBXFileReference; lastKnownFileType = sourcecode.c.objc; name = EXTScope.m; path = Squirrel/extobjc/EXTScope.m; sourceTree = "<group>"; };
		F6EB2167179D0228001108CF /* metamacros.h */ = {isa = PBXFileReference; lastKnownFileType = sourcecode.c.h; name = metamacros.h; path = Squirrel/extobjc/metamacros.h; sourceTree = "<group>"; };
		F6EB217F179D0E4D001108CF /* Security.framework */ = {isa = PBXFileReference; lastKnownFileType = wrapper.framework; name = Security.framework; path = System/Library/Frameworks/Security.framework; sourceTree = SDKROOT; };
		F6F2ED8117A33C4900F4D220 /* SQRLCodeSignatureVerification.h */ = {isa = PBXFileReference; fileEncoding = 4; lastKnownFileType = sourcecode.c.h; name = SQRLCodeSignatureVerification.h; path = Squirrel/SQRLCodeSignatureVerification.h; sourceTree = "<group>"; };
		F6F2ED8217A33C4900F4D220 /* SQRLCodeSignatureVerification.m */ = {isa = PBXFileReference; fileEncoding = 4; lastKnownFileType = sourcecode.c.objc; name = SQRLCodeSignatureVerification.m; path = Squirrel/SQRLCodeSignatureVerification.m; sourceTree = "<group>"; };
/* End PBXFileReference section */

/* Begin PBXFrameworksBuildPhase section */
		D0366BFA17B18FEE0086ED44 /* Frameworks */ = {
			isa = PBXFrameworksBuildPhase;
			buildActionMask = 2147483647;
			files = (
				D0F8E0D717B191DF00BCA070 /* Squirrel.framework in Frameworks */,
				D0366BFE17B18FEE0086ED44 /* Cocoa.framework in Frameworks */,
			);
			runOnlyForDeploymentPostprocessing = 0;
		};
		D0C22BD3179CC00E00158214 /* Frameworks */ = {
			isa = PBXFrameworksBuildPhase;
			buildActionMask = 2147483647;
			files = (
				F6315C36179EC9E7000DD609 /* libz.dylib in Frameworks */,
				F6EB2180179D0E4D001108CF /* Security.framework in Frameworks */,
				F6EB2162179CFD93001108CF /* SystemConfiguration.framework in Frameworks */,
				D0C22BDB179CC00E00158214 /* Cocoa.framework in Frameworks */,
			);
			runOnlyForDeploymentPostprocessing = 0;
		};
		D0C22BEB179CC00E00158214 /* Frameworks */ = {
			isa = PBXFrameworksBuildPhase;
			buildActionMask = 2147483647;
			files = (
				D0C22C3F179CC0C000158214 /* libExpecta.a in Frameworks */,
				D0C22C40179CC0C000158214 /* libSpecta.a in Frameworks */,
				D0C22BF1179CC00E00158214 /* SenTestingKit.framework in Frameworks */,
				D0C22BF2179CC00E00158214 /* Cocoa.framework in Frameworks */,
				D0C22BF5179CC00E00158214 /* Squirrel.framework in Frameworks */,
			);
			runOnlyForDeploymentPostprocessing = 0;
		};
		F65A916817A73E90005A4666 /* Frameworks */ = {
			isa = PBXFrameworksBuildPhase;
			buildActionMask = 2147483647;
			files = (
				F65A918017A747A9005A4666 /* Security.framework in Frameworks */,
				F65A917F17A7479F005A4666 /* AppKit.framework in Frameworks */,
				F65A916C17A73E90005A4666 /* Foundation.framework in Frameworks */,
			);
			runOnlyForDeploymentPostprocessing = 0;
		};
/* End PBXFrameworksBuildPhase section */

/* Begin PBXGroup section */
		D0366BFF17B18FEE0086ED44 /* Other Frameworks */ = {
			isa = PBXGroup;
			children = (
				D0366C0017B18FEE0086ED44 /* AppKit.framework */,
				D0366C0117B18FEE0086ED44 /* CoreData.framework */,
				D0366C0217B18FEE0086ED44 /* Foundation.framework */,
			);
			name = "Other Frameworks";
			sourceTree = "<group>";
		};
		D0366C0317B18FEE0086ED44 /* TestApplication */ = {
			isa = PBXGroup;
			children = (
				D0366C0F17B18FEE0086ED44 /* SQRLAppDelegate.h */,
				D0366C1017B18FEE0086ED44 /* SQRLAppDelegate.m */,
				D0366C1217B18FEE0086ED44 /* MainMenu.xib */,
				D0366C1517B18FEE0086ED44 /* Images.xcassets */,
				D0366C0417B18FEE0086ED44 /* Supporting Files */,
			);
			path = TestApplication;
			sourceTree = "<group>";
		};
		D0366C0417B18FEE0086ED44 /* Supporting Files */ = {
			isa = PBXGroup;
			children = (
				D0366C0517B18FEE0086ED44 /* TestApplication-Info.plist */,
				D0366C0617B18FEE0086ED44 /* InfoPlist.strings */,
				D0366C0917B18FEE0086ED44 /* main.m */,
				D0366C0B17B18FEE0086ED44 /* TestApplication-Prefix.pch */,
				D0366C0C17B18FEE0086ED44 /* Credits.rtf */,
			);
			name = "Supporting Files";
			sourceTree = "<group>";
		};
		D0C22BCD179CC00E00158214 = {
			isa = PBXGroup;
			children = (
				D0EDBE9F17B0C6930058BC3C /* Shared */,
				D0C22BE0179CC00E00158214 /* Squirrel */,
				D0C22BF6179CC00E00158214 /* SquirrelTests */,
				F65A916D17A73E90005A4666 /* shipit */,
				D0366C0317B18FEE0086ED44 /* TestApplication */,
				D0C22BD9179CC00E00158214 /* Frameworks */,
				D0C22C07179CC02E00158214 /* Configuration */,
				D0C22BD8179CC00E00158214 /* Products */,
			);
			sourceTree = "<group>";
		};
		D0C22BD8179CC00E00158214 /* Products */ = {
			isa = PBXGroup;
			children = (
				D0C22BD7179CC00E00158214 /* Squirrel.framework */,
				D0C22BEF179CC00E00158214 /* SquirrelTests.octest */,
				F65A916B17A73E90005A4666 /* shipit */,
				D0366BFD17B18FEE0086ED44 /* TestApplication.app */,
			);
			name = Products;
			sourceTree = "<group>";
		};
		D0C22BD9179CC00E00158214 /* Frameworks */ = {
			isa = PBXGroup;
			children = (
				F6315C1E179EC9C6000DD609 /* minizip */,
				F6315C28179EC9C6000DD609 /* SSZipArchive.h */,
				F6315C29179EC9C6000DD609 /* SSZipArchive.m */,
				F6EB2163179D01A9001108CF /* libextobjc */,
				F6315C35179EC9E7000DD609 /* libz.dylib */,
				D0C22C1D179CC0B300158214 /* Expecta.xcodeproj */,
				D0C22C20179CC0B300158214 /* Specta.xcodeproj */,
				F65A915F17A71AA5005A4666 /* AppKit.framework */,
				D0C22BDA179CC00E00158214 /* Cocoa.framework */,
				F6EB217F179D0E4D001108CF /* Security.framework */,
				F6EB2161179CFD93001108CF /* SystemConfiguration.framework */,
				D0C22BF0179CC00E00158214 /* SenTestingKit.framework */,
				F60CA7EA179FC4F60069F69A /* Foundation.framework */,
				D0366C1C17B18FEE0086ED44 /* XCTest.framework */,
				D0366BFF17B18FEE0086ED44 /* Other Frameworks */,
			);
			name = Frameworks;
			sourceTree = "<group>";
		};
		D0C22BE0179CC00E00158214 /* Squirrel */ = {
			isa = PBXGroup;
			children = (
				D0C22BE7179CC00E00158214 /* Squirrel.h */,
				D0C22C49179CC14400158214 /* Classes */,
				D0C22BE1179CC00E00158214 /* Supporting Files */,
			);
			path = Squirrel;
			sourceTree = "<group>";
		};
		D0C22BE1179CC00E00158214 /* Supporting Files */ = {
			isa = PBXGroup;
			children = (
				D0C22BE2179CC00E00158214 /* Squirrel-Info.plist */,
				D0C22BE3179CC00E00158214 /* InfoPlist.strings */,
				D0C22BE6179CC00E00158214 /* Squirrel-Prefix.pch */,
			);
			name = "Supporting Files";
			sourceTree = "<group>";
		};
		D0C22BF6179CC00E00158214 /* SquirrelTests */ = {
			isa = PBXGroup;
			children = (
				D0C22C4E179CC18000158214 /* Specs */,
				D0C22BF7179CC00E00158214 /* Supporting Files */,
			);
			path = SquirrelTests;
			sourceTree = "<group>";
		};
		D0C22BF7179CC00E00158214 /* Supporting Files */ = {
			isa = PBXGroup;
			children = (
				D0EDBEAA17B0DAD20058BC3C /* Fixtures */,
				D0C22BF8179CC00E00158214 /* SquirrelTests-Info.plist */,
				D0C22BF9179CC00E00158214 /* InfoPlist.strings */,
				D0C22C51179CC1A200158214 /* SquirrelTests-Prefix.pch */,
			);
			name = "Supporting Files";
			sourceTree = "<group>";
		};
		D0C22C07179CC02E00158214 /* Configuration */ = {
			isa = PBXGroup;
			children = (
				D0C22C08179CC02E00158214 /* Base */,
				D0C22C12179CC02E00158214 /* iOS */,
				D0C22C16179CC02E00158214 /* Mac OS X */,
				D0C22C1C179CC02E00158214 /* README.md */,
			);
			name = Configuration;
			path = External/xcconfigs;
			sourceTree = "<group>";
		};
		D0C22C08179CC02E00158214 /* Base */ = {
			isa = PBXGroup;
			children = (
				D0C22C09179CC02E00158214 /* Common.xcconfig */,
				D0C22C0A179CC02E00158214 /* Configurations */,
				D0C22C0F179CC02E00158214 /* Targets */,
			);
			path = Base;
			sourceTree = "<group>";
		};
		D0C22C0A179CC02E00158214 /* Configurations */ = {
			isa = PBXGroup;
			children = (
				D0C22C0B179CC02E00158214 /* Debug.xcconfig */,
				D0C22C0C179CC02E00158214 /* Profile.xcconfig */,
				D0C22C0D179CC02E00158214 /* Release.xcconfig */,
				D0C22C0E179CC02E00158214 /* Test.xcconfig */,
			);
			path = Configurations;
			sourceTree = "<group>";
		};
		D0C22C0F179CC02E00158214 /* Targets */ = {
			isa = PBXGroup;
			children = (
				D0C22C10179CC02E00158214 /* Application.xcconfig */,
				D0C22C11179CC02E00158214 /* StaticLibrary.xcconfig */,
			);
			path = Targets;
			sourceTree = "<group>";
		};
		D0C22C12179CC02E00158214 /* iOS */ = {
			isa = PBXGroup;
			children = (
				D0C22C13179CC02E00158214 /* iOS-Application.xcconfig */,
				D0C22C14179CC02E00158214 /* iOS-Base.xcconfig */,
				D0C22C15179CC02E00158214 /* iOS-StaticLibrary.xcconfig */,
			);
			path = iOS;
			sourceTree = "<group>";
		};
		D0C22C16179CC02E00158214 /* Mac OS X */ = {
			isa = PBXGroup;
			children = (
				D0C22C17179CC02E00158214 /* Mac-Application.xcconfig */,
				D0C22C18179CC02E00158214 /* Mac-Base.xcconfig */,
				D0C22C19179CC02E00158214 /* Mac-DynamicLibrary.xcconfig */,
				D0C22C1A179CC02E00158214 /* Mac-Framework.xcconfig */,
				D0C22C1B179CC02E00158214 /* Mac-StaticLibrary.xcconfig */,
			);
			path = "Mac OS X";
			sourceTree = "<group>";
		};
		D0C22C1E179CC0B300158214 /* Products */ = {
			isa = PBXGroup;
			children = (
				D0C22C28179CC0B300158214 /* libExpecta.a */,
				D0C22C2A179CC0B300158214 /* libExpecta-iOS.a */,
				D0C22C2C179CC0B300158214 /* ExpectaTests.octest */,
				D0C22C2E179CC0B300158214 /* Expecta-iOSTests.octest */,
			);
			name = Products;
			sourceTree = "<group>";
		};
		D0C22C21179CC0B300158214 /* Products */ = {
			isa = PBXGroup;
			children = (
				D0C22C34179CC0B300158214 /* libSpecta.a */,
				D0C22C36179CC0B300158214 /* libSpecta-iOS.a */,
				D0C22C38179CC0B300158214 /* SpectaTests.octest */,
				D0C22C3A179CC0B300158214 /* Specta-iOSTests.octest */,
			);
			name = Products;
			sourceTree = "<group>";
		};
		D0C22C49179CC14400158214 /* Classes */ = {
			isa = PBXGroup;
			children = (
				D0C22C4A179CC15100158214 /* SQRLUpdater.h */,
				D0C22C4B179CC15100158214 /* SQRLUpdater.m */,
			);
			name = Classes;
			sourceTree = "<group>";
		};
		D0C22C4E179CC18000158214 /* Specs */ = {
			isa = PBXGroup;
			children = (
				D0EDBEDB17B0DB3E0058BC3C /* SQRLTestCase.h */,
				D0EDBEDC17B0DB3E0058BC3C /* SQRLTestCase.m */,
				D0EDBEE017B0E3650058BC3C /* SQRLCodeSignatureVerificationSpec.m */,
				D0F8E13817B1A0C000BCA070 /* SQRLTerminationListenerSpec.m */,
				D0C22C4F179CC18C00158214 /* SQRLUpdaterSpec.m */,
			);
			name = Specs;
			sourceTree = "<group>";
		};
		D0EDBE9F17B0C6930058BC3C /* Shared */ = {
			isa = PBXGroup;
			children = (
				D0EDBE9A17B0C68E0058BC3C /* NSError+SQRLVerbosityExtensions.h */,
				D0EDBE9B17B0C68E0058BC3C /* NSError+SQRLVerbosityExtensions.m */,
				D007290817B0973E008C7DDE /* SQRLArguments.h */,
				D00728FF17B09732008C7DDE /* SQRLArguments.m */,
				D0F8E13717B19C6D00BCA070 /* SQRLArguments+Private.h */,
				F6F2ED8117A33C4900F4D220 /* SQRLCodeSignatureVerification.h */,
				F6F2ED8217A33C4900F4D220 /* SQRLCodeSignatureVerification.m */,
			);
			name = Shared;
			sourceTree = "<group>";
		};
		D0F8E12D17B19ACC00BCA070 /* Supporting Files */ = {
			isa = PBXGroup;
			children = (
				D0F8E12517B19AC900BCA070 /* shipit-Info.plist */,
				D0F8E12617B19AC900BCA070 /* shipit-Launchd.plist */,
			);
			name = "Supporting Files";
			sourceTree = "<group>";
		};
		F6315C1E179EC9C6000DD609 /* minizip */ = {
			isa = PBXGroup;
			children = (
				F6315C1F179EC9C6000DD609 /* crypt.h */,
				F6315C20179EC9C6000DD609 /* ioapi.c */,
				F6315C21179EC9C6000DD609 /* ioapi.h */,
				F6315C22179EC9C6000DD609 /* mztools.c */,
				F6315C23179EC9C6000DD609 /* mztools.h */,
				F6315C24179EC9C6000DD609 /* unzip.c */,
				F6315C25179EC9C6000DD609 /* unzip.h */,
				F6315C26179EC9C6000DD609 /* zip.c */,
				F6315C27179EC9C6000DD609 /* zip.h */,
			);
			name = minizip;
			path = External/ssziparchive/minizip;
			sourceTree = "<group>";
		};
		F65A916D17A73E90005A4666 /* shipit */ = {
			isa = PBXGroup;
			children = (
				F65A916E17A73E90005A4666 /* main.m */,
				F66AD31317A83C7B006F47B1 /* SQRLInstaller.h */,
				F66AD31417A83C7B006F47B1 /* SQRLInstaller.m */,
				F6442B4D17A6F1B900CD312E /* SQRLTerminationListener.h */,
				F6442B4E17A6F1B900CD312E /* SQRLTerminationListener.m */,
				D0F8E12D17B19ACC00BCA070 /* Supporting Files */,
			);
			path = shipit;
			sourceTree = "<group>";
		};
		F6EB2163179D01A9001108CF /* libextobjc */ = {
			isa = PBXGroup;
			children = (
				F6EB2164179D0228001108CF /* EXTKeyPathCoding.h */,
				F6EB2165179D0228001108CF /* EXTScope.h */,
				F6EB2166179D0228001108CF /* EXTScope.m */,
				F6EB2167179D0228001108CF /* metamacros.h */,
			);
			name = libextobjc;
			sourceTree = "<group>";
		};
/* End PBXGroup section */

/* Begin PBXHeadersBuildPhase section */
		D0C22BD4179CC00E00158214 /* Headers */ = {
			isa = PBXHeadersBuildPhase;
			buildActionMask = 2147483647;
			files = (
				D0C22C4C179CC15100158214 /* SQRLUpdater.h in Headers */,
				D0C22C52179CC23900158214 /* Squirrel.h in Headers */,
				F6315C33179EC9C6000DD609 /* SSZipArchive.h in Headers */,
				F6315C2C179EC9C6000DD609 /* ioapi.h in Headers */,
				F6315C32179EC9C6000DD609 /* zip.h in Headers */,
				F6EB2169179D03AA001108CF /* EXTScope.h in Headers */,
				F6EB216A179D03AE001108CF /* EXTKeyPathCoding.h in Headers */,
				F6315C30179EC9C6000DD609 /* unzip.h in Headers */,
				F6315C2A179EC9C6000DD609 /* crypt.h in Headers */,
				F6315C2E179EC9C6000DD609 /* mztools.h in Headers */,
			);
			runOnlyForDeploymentPostprocessing = 0;
		};
/* End PBXHeadersBuildPhase section */

/* Begin PBXNativeTarget section */
		D0366BFC17B18FEE0086ED44 /* TestApplication */ = {
			isa = PBXNativeTarget;
			buildConfigurationList = D0366C2917B18FEE0086ED44 /* Build configuration list for PBXNativeTarget "TestApplication" */;
			buildPhases = (
				D0366BF917B18FEE0086ED44 /* Sources */,
				D0366BFA17B18FEE0086ED44 /* Frameworks */,
				D0366BFB17B18FEE0086ED44 /* Resources */,
				D0F8E0D817B1922E00BCA070 /* Copy Frameworks */,
				D0F8E13C17B1A10C00BCA070 /* Copy Launch Services */,
			);
			buildRules = (
			);
			dependencies = (
				D0F8E13B17B1A10500BCA070 /* PBXTargetDependency */,
				D0F8E0D017B191DB00BCA070 /* PBXTargetDependency */,
			);
			name = TestApplication;
			productName = TestApplication;
			productReference = D0366BFD17B18FEE0086ED44 /* TestApplication.app */;
			productType = "com.apple.product-type.application";
		};
		D0C22BD6179CC00E00158214 /* Squirrel */ = {
			isa = PBXNativeTarget;
			buildConfigurationList = D0C22C01179CC00E00158214 /* Build configuration list for PBXNativeTarget "Squirrel" */;
			buildPhases = (
				D0C22BD2179CC00E00158214 /* Sources */,
				D0C22BD3179CC00E00158214 /* Frameworks */,
				D0C22BD4179CC00E00158214 /* Headers */,
				D0C22BD5179CC00E00158214 /* Resources */,
			);
			buildRules = (
			);
			dependencies = (
				F65A917E17A74711005A4666 /* PBXTargetDependency */,
			);
			name = Squirrel;
			productName = Squirrel;
			productReference = D0C22BD7179CC00E00158214 /* Squirrel.framework */;
			productType = "com.apple.product-type.framework";
		};
		D0C22BEE179CC00E00158214 /* SquirrelTests */ = {
			isa = PBXNativeTarget;
			buildConfigurationList = D0C22C04179CC00E00158214 /* Build configuration list for PBXNativeTarget "SquirrelTests" */;
			buildPhases = (
				D0C22BEA179CC00E00158214 /* Sources */,
				D0C22BEB179CC00E00158214 /* Frameworks */,
				D0C22BEC179CC00E00158214 /* Resources */,
				D0C22BED179CC00E00158214 /* ShellScript */,
			);
			buildRules = (
			);
			dependencies = (
				D0F8E0DB17B1924600BCA070 /* PBXTargetDependency */,
				D0C22C3C179CC0BA00158214 /* PBXTargetDependency */,
				D0C22C3E179CC0BA00158214 /* PBXTargetDependency */,
				D0C22BF4179CC00E00158214 /* PBXTargetDependency */,
			);
			name = SquirrelTests;
			productName = SquirrelTests;
			productReference = D0C22BEF179CC00E00158214 /* SquirrelTests.octest */;
			productType = "com.apple.product-type.bundle";
		};
		F65A916A17A73E90005A4666 /* shipit */ = {
			isa = PBXNativeTarget;
			buildConfigurationList = F65A917417A73E90005A4666 /* Build configuration list for PBXNativeTarget "shipit" */;
			buildPhases = (
				F65A916717A73E90005A4666 /* Sources */,
				F65A916817A73E90005A4666 /* Frameworks */,
				F65A916917A73E90005A4666 /* CopyFiles */,
			);
			buildRules = (
			);
			dependencies = (
			);
			name = shipit;
			productName = shipit;
			productReference = F65A916B17A73E90005A4666 /* shipit */;
			productType = "com.apple.product-type.tool";
		};
/* End PBXNativeTarget section */

/* Begin PBXProject section */
		D0C22BCE179CC00E00158214 /* Project object */ = {
			isa = PBXProject;
			attributes = {
				CLASSPREFIX = SQRL;
				LastUpgradeCheck = 0500;
				ORGANIZATIONNAME = GitHub;
			};
			buildConfigurationList = D0C22BD1179CC00E00158214 /* Build configuration list for PBXProject "Squirrel" */;
			compatibilityVersion = "Xcode 3.2";
			developmentRegion = English;
			hasScannedForEncodings = 0;
			knownRegions = (
				en,
				Base,
			);
			mainGroup = D0C22BCD179CC00E00158214;
			productRefGroup = D0C22BD8179CC00E00158214 /* Products */;
			projectDirPath = "";
			projectReferences = (
				{
					ProductGroup = D0C22C1E179CC0B300158214 /* Products */;
					ProjectRef = D0C22C1D179CC0B300158214 /* Expecta.xcodeproj */;
				},
				{
					ProductGroup = D0C22C21179CC0B300158214 /* Products */;
					ProjectRef = D0C22C20179CC0B300158214 /* Specta.xcodeproj */;
				},
			);
			projectRoot = "";
			targets = (
				D0C22BD6179CC00E00158214 /* Squirrel */,
				D0C22BEE179CC00E00158214 /* SquirrelTests */,
				F65A916A17A73E90005A4666 /* shipit */,
				D0366BFC17B18FEE0086ED44 /* TestApplication */,
			);
		};
/* End PBXProject section */

/* Begin PBXReferenceProxy section */
		D0C22C28179CC0B300158214 /* libExpecta.a */ = {
			isa = PBXReferenceProxy;
			fileType = archive.ar;
			path = libExpecta.a;
			remoteRef = D0C22C27179CC0B300158214 /* PBXContainerItemProxy */;
			sourceTree = BUILT_PRODUCTS_DIR;
		};
		D0C22C2A179CC0B300158214 /* libExpecta-iOS.a */ = {
			isa = PBXReferenceProxy;
			fileType = archive.ar;
			path = "libExpecta-iOS.a";
			remoteRef = D0C22C29179CC0B300158214 /* PBXContainerItemProxy */;
			sourceTree = BUILT_PRODUCTS_DIR;
		};
		D0C22C2C179CC0B300158214 /* ExpectaTests.octest */ = {
			isa = PBXReferenceProxy;
			fileType = wrapper.cfbundle;
			path = ExpectaTests.octest;
			remoteRef = D0C22C2B179CC0B300158214 /* PBXContainerItemProxy */;
			sourceTree = BUILT_PRODUCTS_DIR;
		};
		D0C22C2E179CC0B300158214 /* Expecta-iOSTests.octest */ = {
			isa = PBXReferenceProxy;
			fileType = wrapper.cfbundle;
			path = "Expecta-iOSTests.octest";
			remoteRef = D0C22C2D179CC0B300158214 /* PBXContainerItemProxy */;
			sourceTree = BUILT_PRODUCTS_DIR;
		};
		D0C22C34179CC0B300158214 /* libSpecta.a */ = {
			isa = PBXReferenceProxy;
			fileType = archive.ar;
			path = libSpecta.a;
			remoteRef = D0C22C33179CC0B300158214 /* PBXContainerItemProxy */;
			sourceTree = BUILT_PRODUCTS_DIR;
		};
		D0C22C36179CC0B300158214 /* libSpecta-iOS.a */ = {
			isa = PBXReferenceProxy;
			fileType = archive.ar;
			path = "libSpecta-iOS.a";
			remoteRef = D0C22C35179CC0B300158214 /* PBXContainerItemProxy */;
			sourceTree = BUILT_PRODUCTS_DIR;
		};
		D0C22C38179CC0B300158214 /* SpectaTests.octest */ = {
			isa = PBXReferenceProxy;
			fileType = wrapper.cfbundle;
			path = SpectaTests.octest;
			remoteRef = D0C22C37179CC0B300158214 /* PBXContainerItemProxy */;
			sourceTree = BUILT_PRODUCTS_DIR;
		};
		D0C22C3A179CC0B300158214 /* Specta-iOSTests.octest */ = {
			isa = PBXReferenceProxy;
			fileType = wrapper.cfbundle;
			path = "Specta-iOSTests.octest";
			remoteRef = D0C22C39179CC0B300158214 /* PBXContainerItemProxy */;
			sourceTree = BUILT_PRODUCTS_DIR;
		};
/* End PBXReferenceProxy section */

/* Begin PBXResourcesBuildPhase section */
		D0366BFB17B18FEE0086ED44 /* Resources */ = {
			isa = PBXResourcesBuildPhase;
			buildActionMask = 2147483647;
			files = (
				D0366C0817B18FEE0086ED44 /* InfoPlist.strings in Resources */,
				D0366C1617B18FEE0086ED44 /* Images.xcassets in Resources */,
				D0366C0E17B18FEE0086ED44 /* Credits.rtf in Resources */,
				D0366C1417B18FEE0086ED44 /* MainMenu.xib in Resources */,
			);
			runOnlyForDeploymentPostprocessing = 0;
		};
		D0C22BD5179CC00E00158214 /* Resources */ = {
			isa = PBXResourcesBuildPhase;
			buildActionMask = 2147483647;
			files = (
				F65A917C17A7453B005A4666 /* shipit in Resources */,
				D0C22BE5179CC00E00158214 /* InfoPlist.strings in Resources */,
			);
			runOnlyForDeploymentPostprocessing = 0;
		};
		D0C22BEC179CC00E00158214 /* Resources */ = {
			isa = PBXResourcesBuildPhase;
			buildActionMask = 2147483647;
			files = (
				D0F8E0DC17B1924F00BCA070 /* TestApplication.app in Resources */,
				D0EDBEAB17B0DAD20058BC3C /* Fixtures in Resources */,
				F65A917B17A74445005A4666 /* shipit in Resources */,
				D0C22BFB179CC00E00158214 /* InfoPlist.strings in Resources */,
			);
			runOnlyForDeploymentPostprocessing = 0;
		};
/* End PBXResourcesBuildPhase section */

/* Begin PBXShellScriptBuildPhase section */
		D0C22BED179CC00E00158214 /* ShellScript */ = {
			isa = PBXShellScriptBuildPhase;
			buildActionMask = 2147483647;
			files = (
			);
			inputPaths = (
			);
			outputPaths = (
			);
			runOnlyForDeploymentPostprocessing = 0;
			shellPath = /bin/sh;
			shellScript = "# Run the unit tests in this test bundle.\n\"${SYSTEM_DEVELOPER_DIR}/Tools/RunUnitTests\"\n";
		};
/* End PBXShellScriptBuildPhase section */

/* Begin PBXSourcesBuildPhase section */
		D0366BF917B18FEE0086ED44 /* Sources */ = {
			isa = PBXSourcesBuildPhase;
			buildActionMask = 2147483647;
			files = (
				D0366C1117B18FEE0086ED44 /* SQRLAppDelegate.m in Sources */,
				D0366C0A17B18FEE0086ED44 /* main.m in Sources */,
			);
			runOnlyForDeploymentPostprocessing = 0;
		};
		D0C22BD2179CC00E00158214 /* Sources */ = {
			isa = PBXSourcesBuildPhase;
			buildActionMask = 2147483647;
			files = (
				F6315C2B179EC9C6000DD609 /* ioapi.c in Sources */,
				F6EB2168179D022C001108CF /* EXTScope.m in Sources */,
				F6315C31179EC9C6000DD609 /* zip.c in Sources */,
				F6F2ED8417A33C4900F4D220 /* SQRLCodeSignatureVerification.m in Sources */,
				F6315C2D179EC9C6000DD609 /* mztools.c in Sources */,
				D007290017B09732008C7DDE /* SQRLArguments.m in Sources */,
				F6315C34179EC9C6000DD609 /* SSZipArchive.m in Sources */,
				D0C22C4D179CC15100158214 /* SQRLUpdater.m in Sources */,
				F6315C2F179EC9C6000DD609 /* unzip.c in Sources */,
				D0EDBE9D17B0C68E0058BC3C /* NSError+SQRLVerbosityExtensions.m in Sources */,
			);
			runOnlyForDeploymentPostprocessing = 0;
		};
		D0C22BEA179CC00E00158214 /* Sources */ = {
			isa = PBXSourcesBuildPhase;
			buildActionMask = 2147483647;
			files = (
				D0C22C50179CC18C00158214 /* SQRLUpdaterSpec.m in Sources */,
				D0F8E13917B1A0C000BCA070 /* SQRLTerminationListenerSpec.m in Sources */,
				D0EDBEDD17B0DB3E0058BC3C /* SQRLTestCase.m in Sources */,
				D0EDBEE117B0E3650058BC3C /* SQRLCodeSignatureVerificationSpec.m in Sources */,
			);
			runOnlyForDeploymentPostprocessing = 0;
		};
		F65A916717A73E90005A4666 /* Sources */ = {
			isa = PBXSourcesBuildPhase;
			buildActionMask = 2147483647;
			files = (
				F66AD31217A74925006F47B1 /* EXTScope.m in Sources */,
				F65A917A17A7401B005A4666 /* SQRLTerminationListener.m in Sources */,
				D007290117B09732008C7DDE /* SQRLArguments.m in Sources */,
				F66AD31517A83C7B006F47B1 /* SQRLInstaller.m in Sources */,
				F65A917917A74018005A4666 /* SQRLCodeSignatureVerification.m in Sources */,
				D0EDBE9E17B0C68E0058BC3C /* NSError+SQRLVerbosityExtensions.m in Sources */,
				F65A916F17A73E90005A4666 /* main.m in Sources */,
			);
			runOnlyForDeploymentPostprocessing = 0;
		};
/* End PBXSourcesBuildPhase section */

/* Begin PBXTargetDependency section */
		D0C22BF4179CC00E00158214 /* PBXTargetDependency */ = {
			isa = PBXTargetDependency;
			target = D0C22BD6179CC00E00158214 /* Squirrel */;
			targetProxy = D0C22BF3179CC00E00158214 /* PBXContainerItemProxy */;
		};
		D0C22C3C179CC0BA00158214 /* PBXTargetDependency */ = {
			isa = PBXTargetDependency;
			name = Expecta;
			targetProxy = D0C22C3B179CC0BA00158214 /* PBXContainerItemProxy */;
		};
		D0C22C3E179CC0BA00158214 /* PBXTargetDependency */ = {
			isa = PBXTargetDependency;
			name = Specta;
			targetProxy = D0C22C3D179CC0BA00158214 /* PBXContainerItemProxy */;
		};
		D0F8E0D017B191DB00BCA070 /* PBXTargetDependency */ = {
			isa = PBXTargetDependency;
			target = D0C22BD6179CC00E00158214 /* Squirrel */;
			targetProxy = D0F8E0CF17B191DB00BCA070 /* PBXContainerItemProxy */;
		};
		D0F8E0DB17B1924600BCA070 /* PBXTargetDependency */ = {
			isa = PBXTargetDependency;
			target = D0366BFC17B18FEE0086ED44 /* TestApplication */;
			targetProxy = D0F8E0DA17B1924600BCA070 /* PBXContainerItemProxy */;
		};
		D0F8E13B17B1A10500BCA070 /* PBXTargetDependency */ = {
			isa = PBXTargetDependency;
			target = F65A916A17A73E90005A4666 /* shipit */;
			targetProxy = D0F8E13A17B1A10500BCA070 /* PBXContainerItemProxy */;
		};
		F65A917E17A74711005A4666 /* PBXTargetDependency */ = {
			isa = PBXTargetDependency;
			target = F65A916A17A73E90005A4666 /* shipit */;
			targetProxy = F65A917D17A74711005A4666 /* PBXContainerItemProxy */;
		};
/* End PBXTargetDependency section */

/* Begin PBXVariantGroup section */
		D0366C0617B18FEE0086ED44 /* InfoPlist.strings */ = {
			isa = PBXVariantGroup;
			children = (
				D0366C0717B18FEE0086ED44 /* en */,
			);
			name = InfoPlist.strings;
			sourceTree = "<group>";
		};
		D0366C0C17B18FEE0086ED44 /* Credits.rtf */ = {
			isa = PBXVariantGroup;
			children = (
				D0366C0D17B18FEE0086ED44 /* en */,
			);
			name = Credits.rtf;
			sourceTree = "<group>";
		};
		D0366C1217B18FEE0086ED44 /* MainMenu.xib */ = {
			isa = PBXVariantGroup;
			children = (
				D0366C1317B18FEE0086ED44 /* Base */,
				D0F8E0CC17B1919F00BCA070 /* en */,
			);
			name = MainMenu.xib;
			sourceTree = "<group>";
		};
		D0C22BE3179CC00E00158214 /* InfoPlist.strings */ = {
			isa = PBXVariantGroup;
			children = (
				D0C22BE4179CC00E00158214 /* en */,
			);
			name = InfoPlist.strings;
			sourceTree = "<group>";
		};
		D0C22BF9179CC00E00158214 /* InfoPlist.strings */ = {
			isa = PBXVariantGroup;
			children = (
				D0C22BFA179CC00E00158214 /* en */,
			);
			name = InfoPlist.strings;
			sourceTree = "<group>";
		};
/* End PBXVariantGroup section */

/* Begin XCBuildConfiguration section */
		D0366C2A17B18FEE0086ED44 /* Debug */ = {
			isa = XCBuildConfiguration;
			baseConfigurationReference = D0C22C17179CC02E00158214 /* Mac-Application.xcconfig */;
			buildSettings = {
				ASSETCATALOG_COMPILER_APPICON_NAME = AppIcon;
				CLANG_ENABLE_MODULES = YES;
				CODE_SIGN_IDENTITY = "Developer ID Application";
				COPY_PHASE_STRIP = NO;
				ENABLE_NS_ASSERTIONS = YES;
				GCC_OPTIMIZATION_LEVEL = 0;
				GCC_PREFIX_HEADER = "TestApplication/TestApplication-Prefix.pch";
				INFOPLIST_FILE = "TestApplication/TestApplication-Info.plist";
				OTHER_CODE_SIGN_FLAGS = "--timestamp=none";
				PRODUCT_NAME = "$(TARGET_NAME)";
				STRIP_INSTALLED_PRODUCT = NO;
				WRAPPER_EXTENSION = app;
			};
			name = Debug;
		};
		D0366C2B17B18FEE0086ED44 /* Release */ = {
			isa = XCBuildConfiguration;
			baseConfigurationReference = D0C22C17179CC02E00158214 /* Mac-Application.xcconfig */;
			buildSettings = {
				ASSETCATALOG_COMPILER_APPICON_NAME = AppIcon;
				CLANG_ENABLE_MODULES = YES;
				CODE_SIGN_IDENTITY = "Developer ID Application";
				COPY_PHASE_STRIP = NO;
				ENABLE_NS_ASSERTIONS = YES;
				GCC_OPTIMIZATION_LEVEL = 0;
				GCC_PREFIX_HEADER = "TestApplication/TestApplication-Prefix.pch";
				INFOPLIST_FILE = "TestApplication/TestApplication-Info.plist";
				OTHER_CODE_SIGN_FLAGS = "--timestamp=none";
				PRODUCT_NAME = "$(TARGET_NAME)";
				STRIP_INSTALLED_PRODUCT = NO;
				WRAPPER_EXTENSION = app;
			};
			name = Release;
		};
		D0366C2C17B18FEE0086ED44 /* Test */ = {
			isa = XCBuildConfiguration;
			baseConfigurationReference = D0C22C17179CC02E00158214 /* Mac-Application.xcconfig */;
			buildSettings = {
				ASSETCATALOG_COMPILER_APPICON_NAME = AppIcon;
				CLANG_ENABLE_MODULES = YES;
				CODE_SIGN_IDENTITY = "Developer ID Application";
				COPY_PHASE_STRIP = NO;
				ENABLE_NS_ASSERTIONS = YES;
				GCC_OPTIMIZATION_LEVEL = 0;
				GCC_PREFIX_HEADER = "TestApplication/TestApplication-Prefix.pch";
				INFOPLIST_FILE = "TestApplication/TestApplication-Info.plist";
				OTHER_CODE_SIGN_FLAGS = "--timestamp=none";
				PRODUCT_NAME = "$(TARGET_NAME)";
				STRIP_INSTALLED_PRODUCT = NO;
				WRAPPER_EXTENSION = app;
			};
			name = Test;
		};
		D0366C2D17B18FEE0086ED44 /* Profile */ = {
			isa = XCBuildConfiguration;
			baseConfigurationReference = D0C22C17179CC02E00158214 /* Mac-Application.xcconfig */;
			buildSettings = {
				ASSETCATALOG_COMPILER_APPICON_NAME = AppIcon;
				CLANG_ENABLE_MODULES = YES;
				CODE_SIGN_IDENTITY = "Developer ID Application";
				COPY_PHASE_STRIP = NO;
				ENABLE_NS_ASSERTIONS = YES;
				GCC_OPTIMIZATION_LEVEL = 0;
				GCC_PREFIX_HEADER = "TestApplication/TestApplication-Prefix.pch";
				INFOPLIST_FILE = "TestApplication/TestApplication-Info.plist";
				OTHER_CODE_SIGN_FLAGS = "--timestamp=none";
				PRODUCT_NAME = "$(TARGET_NAME)";
				STRIP_INSTALLED_PRODUCT = NO;
				WRAPPER_EXTENSION = app;
			};
			name = Profile;
		};
		D0C22BFF179CC00E00158214 /* Debug */ = {
			isa = XCBuildConfiguration;
			baseConfigurationReference = D0C22C0B179CC02E00158214 /* Debug.xcconfig */;
			buildSettings = {
				ARCHS = "$(ARCHS_STANDARD_64_BIT)";
				CLANG_CXX_LANGUAGE_STANDARD = "gnu++0x";
				CLANG_CXX_LIBRARY = "libc++";
				GCC_C_LANGUAGE_STANDARD = gnu99;
				GCC_PREFIX_HEADER = "Squirrel/Squirrel-Prefix.pch";
				MACOSX_DEPLOYMENT_TARGET = 10.7;
				SDKROOT = macosx;
			};
			name = Debug;
		};
		D0C22C00179CC00E00158214 /* Release */ = {
			isa = XCBuildConfiguration;
			baseConfigurationReference = D0C22C0D179CC02E00158214 /* Release.xcconfig */;
			buildSettings = {
				ARCHS = "$(ARCHS_STANDARD_64_BIT)";
				CLANG_CXX_LANGUAGE_STANDARD = "gnu++0x";
				CLANG_CXX_LIBRARY = "libc++";
				GCC_C_LANGUAGE_STANDARD = gnu99;
				GCC_PREFIX_HEADER = "Squirrel/Squirrel-Prefix.pch";
				GCC_PREPROCESSOR_DEFINITIONS = "NDEBUG=1";
				MACOSX_DEPLOYMENT_TARGET = 10.7;
				SDKROOT = macosx;
			};
			name = Release;
		};
		D0C22C02179CC00E00158214 /* Debug */ = {
			isa = XCBuildConfiguration;
			baseConfigurationReference = D0C22C1A179CC02E00158214 /* Mac-Framework.xcconfig */;
			buildSettings = {
				DYLIB_COMPATIBILITY_VERSION = 1;
				DYLIB_CURRENT_VERSION = 1;
				FRAMEWORK_VERSION = A;
				INFOPLIST_FILE = "Squirrel/Squirrel-Info.plist";
				PRODUCT_NAME = "$(TARGET_NAME)";
				WRAPPER_EXTENSION = framework;
			};
			name = Debug;
		};
		D0C22C03179CC00E00158214 /* Release */ = {
			isa = XCBuildConfiguration;
			baseConfigurationReference = D0C22C1A179CC02E00158214 /* Mac-Framework.xcconfig */;
			buildSettings = {
				DYLIB_COMPATIBILITY_VERSION = 1;
				DYLIB_CURRENT_VERSION = 1;
				FRAMEWORK_VERSION = A;
				INFOPLIST_FILE = "Squirrel/Squirrel-Info.plist";
				PRODUCT_NAME = "$(TARGET_NAME)";
				WRAPPER_EXTENSION = framework;
			};
			name = Release;
		};
		D0C22C05179CC00E00158214 /* Debug */ = {
			isa = XCBuildConfiguration;
			baseConfigurationReference = D0C22C17179CC02E00158214 /* Mac-Application.xcconfig */;
			buildSettings = {
				FRAMEWORK_SEARCH_PATHS = "\"$(DEVELOPER_LIBRARY_DIR)/Frameworks\"";
				GCC_PREFIX_HEADER = "SquirrelTests/SquirrelTests-Prefix.pch";
				HEADER_SEARCH_PATHS = (
					External/specta/src,
					"External/expecta/src/**",
				);
				INFOPLIST_FILE = "SquirrelTests/SquirrelTests-Info.plist";
				OTHER_LDFLAGS = "-all_load";
				PRODUCT_NAME = "$(TARGET_NAME)";
				WRAPPER_EXTENSION = octest;
			};
			name = Debug;
		};
		D0C22C06179CC00E00158214 /* Release */ = {
			isa = XCBuildConfiguration;
			baseConfigurationReference = D0C22C17179CC02E00158214 /* Mac-Application.xcconfig */;
			buildSettings = {
				FRAMEWORK_SEARCH_PATHS = "\"$(DEVELOPER_LIBRARY_DIR)/Frameworks\"";
				GCC_PREFIX_HEADER = "SquirrelTests/SquirrelTests-Prefix.pch";
				HEADER_SEARCH_PATHS = (
					External/specta/src,
					"External/expecta/src/**",
				);
				INFOPLIST_FILE = "SquirrelTests/SquirrelTests-Info.plist";
				OTHER_LDFLAGS = "-all_load";
				PRODUCT_NAME = "$(TARGET_NAME)";
				WRAPPER_EXTENSION = octest;
			};
			name = Release;
		};
		D0C22C41179CC0D800158214 /* Profile */ = {
			isa = XCBuildConfiguration;
			baseConfigurationReference = D0C22C0C179CC02E00158214 /* Profile.xcconfig */;
			buildSettings = {
				ARCHS = "$(ARCHS_STANDARD_64_BIT)";
				CLANG_CXX_LANGUAGE_STANDARD = "gnu++0x";
				CLANG_CXX_LIBRARY = "libc++";
				GCC_C_LANGUAGE_STANDARD = gnu99;
				GCC_PREFIX_HEADER = "Squirrel/Squirrel-Prefix.pch";
				GCC_PREPROCESSOR_DEFINITIONS = "NDEBUG=1";
				MACOSX_DEPLOYMENT_TARGET = 10.7;
				SDKROOT = macosx;
			};
			name = Profile;
		};
		D0C22C42179CC0D800158214 /* Profile */ = {
			isa = XCBuildConfiguration;
			baseConfigurationReference = D0C22C1A179CC02E00158214 /* Mac-Framework.xcconfig */;
			buildSettings = {
				DYLIB_COMPATIBILITY_VERSION = 1;
				DYLIB_CURRENT_VERSION = 1;
				FRAMEWORK_VERSION = A;
				INFOPLIST_FILE = "Squirrel/Squirrel-Info.plist";
				PRODUCT_NAME = "$(TARGET_NAME)";
				WRAPPER_EXTENSION = framework;
			};
			name = Profile;
		};
		D0C22C43179CC0D800158214 /* Profile */ = {
			isa = XCBuildConfiguration;
			baseConfigurationReference = D0C22C17179CC02E00158214 /* Mac-Application.xcconfig */;
			buildSettings = {
				FRAMEWORK_SEARCH_PATHS = "\"$(DEVELOPER_LIBRARY_DIR)/Frameworks\"";
				GCC_PREFIX_HEADER = "SquirrelTests/SquirrelTests-Prefix.pch";
				HEADER_SEARCH_PATHS = (
					External/specta/src,
					"External/expecta/src/**",
				);
				INFOPLIST_FILE = "SquirrelTests/SquirrelTests-Info.plist";
				OTHER_LDFLAGS = "-all_load";
				PRODUCT_NAME = "$(TARGET_NAME)";
				WRAPPER_EXTENSION = octest;
			};
			name = Profile;
		};
		D0C22C44179CC0DC00158214 /* Test */ = {
			isa = XCBuildConfiguration;
			baseConfigurationReference = D0C22C0E179CC02E00158214 /* Test.xcconfig */;
			buildSettings = {
				ARCHS = "$(ARCHS_STANDARD_64_BIT)";
				CLANG_CXX_LANGUAGE_STANDARD = "gnu++0x";
				CLANG_CXX_LIBRARY = "libc++";
				GCC_C_LANGUAGE_STANDARD = gnu99;
				GCC_PREFIX_HEADER = "Squirrel/Squirrel-Prefix.pch";
				GCC_PREPROCESSOR_DEFINITIONS = (
					"DEBUG=1",
					"TESTING=1",
				);
				MACOSX_DEPLOYMENT_TARGET = 10.7;
				SDKROOT = macosx;
			};
			name = Test;
		};
		D0C22C45179CC0DC00158214 /* Test */ = {
			isa = XCBuildConfiguration;
			baseConfigurationReference = D0C22C1A179CC02E00158214 /* Mac-Framework.xcconfig */;
			buildSettings = {
				DYLIB_COMPATIBILITY_VERSION = 1;
				DYLIB_CURRENT_VERSION = 1;
				FRAMEWORK_VERSION = A;
				INFOPLIST_FILE = "Squirrel/Squirrel-Info.plist";
				PRODUCT_NAME = "$(TARGET_NAME)";
				WRAPPER_EXTENSION = framework;
			};
			name = Test;
		};
		D0C22C46179CC0DC00158214 /* Test */ = {
			isa = XCBuildConfiguration;
			baseConfigurationReference = D0C22C17179CC02E00158214 /* Mac-Application.xcconfig */;
			buildSettings = {
				FRAMEWORK_SEARCH_PATHS = "\"$(DEVELOPER_LIBRARY_DIR)/Frameworks\"";
				GCC_PREFIX_HEADER = "SquirrelTests/SquirrelTests-Prefix.pch";
				HEADER_SEARCH_PATHS = (
					External/specta/src,
					"External/expecta/src/**",
				);
				INFOPLIST_FILE = "SquirrelTests/SquirrelTests-Info.plist";
				OTHER_LDFLAGS = "-all_load";
				PRODUCT_NAME = "$(TARGET_NAME)";
				WRAPPER_EXTENSION = octest;
			};
			name = Test;
		};
		F65A917517A73E90005A4666 /* Debug */ = {
			isa = XCBuildConfiguration;
			baseConfigurationReference = D0C22C17179CC02E00158214 /* Mac-Application.xcconfig */;
			buildSettings = {
				GCC_PREFIX_HEADER = "Squirrel/Squirrel-Prefix.pch";
				PRODUCT_NAME = "$(TARGET_NAME)";
			};
			name = Debug;
		};
		F65A917617A73E90005A4666 /* Release */ = {
			isa = XCBuildConfiguration;
			baseConfigurationReference = D0C22C17179CC02E00158214 /* Mac-Application.xcconfig */;
			buildSettings = {
				GCC_PREFIX_HEADER = "Squirrel/Squirrel-Prefix.pch";
				PRODUCT_NAME = "$(TARGET_NAME)";
			};
			name = Release;
		};
		F65A917717A73E90005A4666 /* Test */ = {
			isa = XCBuildConfiguration;
			baseConfigurationReference = D0C22C17179CC02E00158214 /* Mac-Application.xcconfig */;
			buildSettings = {
				GCC_PREFIX_HEADER = "Squirrel/Squirrel-Prefix.pch";
				OTHER_LDFLAGS = (
					"-sectcreate",
					__TEXT,
					__launchd_plist,
					"shipit/shipit-Launchd.plist",
					"-sectcreate",
					__TEXT,
					__info_plist,
					"shipit/shipit-Info.plist",
				);
				PRODUCT_NAME = "$(TARGET_NAME)";
			};
			name = Test;
		};
		F65A917817A73E90005A4666 /* Profile */ = {
			isa = XCBuildConfiguration;
			baseConfigurationReference = D0C22C17179CC02E00158214 /* Mac-Application.xcconfig */;
			buildSettings = {
				GCC_PREFIX_HEADER = "Squirrel/Squirrel-Prefix.pch";
				PRODUCT_NAME = "$(TARGET_NAME)";
			};
			name = Profile;
		};
/* End XCBuildConfiguration section */

/* Begin XCConfigurationList section */
		D0366C2917B18FEE0086ED44 /* Build configuration list for PBXNativeTarget "TestApplication" */ = {
			isa = XCConfigurationList;
			buildConfigurations = (
				D0366C2A17B18FEE0086ED44 /* Debug */,
				D0366C2B17B18FEE0086ED44 /* Release */,
				D0366C2C17B18FEE0086ED44 /* Test */,
				D0366C2D17B18FEE0086ED44 /* Profile */,
			);
			defaultConfigurationIsVisible = 0;
			defaultConfigurationName = Release;
		};
		D0C22BD1179CC00E00158214 /* Build configuration list for PBXProject "Squirrel" */ = {
			isa = XCConfigurationList;
			buildConfigurations = (
				D0C22BFF179CC00E00158214 /* Debug */,
				D0C22C00179CC00E00158214 /* Release */,
				D0C22C44179CC0DC00158214 /* Test */,
				D0C22C41179CC0D800158214 /* Profile */,
			);
			defaultConfigurationIsVisible = 0;
			defaultConfigurationName = Release;
		};
		D0C22C01179CC00E00158214 /* Build configuration list for PBXNativeTarget "Squirrel" */ = {
			isa = XCConfigurationList;
			buildConfigurations = (
				D0C22C02179CC00E00158214 /* Debug */,
				D0C22C03179CC00E00158214 /* Release */,
				D0C22C45179CC0DC00158214 /* Test */,
				D0C22C42179CC0D800158214 /* Profile */,
			);
			defaultConfigurationIsVisible = 0;
			defaultConfigurationName = Release;
		};
		D0C22C04179CC00E00158214 /* Build configuration list for PBXNativeTarget "SquirrelTests" */ = {
			isa = XCConfigurationList;
			buildConfigurations = (
				D0C22C05179CC00E00158214 /* Debug */,
				D0C22C06179CC00E00158214 /* Release */,
				D0C22C46179CC0DC00158214 /* Test */,
				D0C22C43179CC0D800158214 /* Profile */,
			);
			defaultConfigurationIsVisible = 0;
			defaultConfigurationName = Release;
		};
		F65A917417A73E90005A4666 /* Build configuration list for PBXNativeTarget "shipit" */ = {
			isa = XCConfigurationList;
			buildConfigurations = (
				F65A917517A73E90005A4666 /* Debug */,
				F65A917617A73E90005A4666 /* Release */,
				F65A917717A73E90005A4666 /* Test */,
				F65A917817A73E90005A4666 /* Profile */,
			);
			defaultConfigurationIsVisible = 0;
			defaultConfigurationName = Release;
		};
/* End XCConfigurationList section */
	};
	rootObject = D0C22BCE179CC00E00158214 /* Project object */;
}
