// !$*UTF8*$!
{
	archiveVersion = 1;
	classes = {
	};
	objectVersion = 46;
	objects = {

/* Begin PBXBuildFile section */
		D0C22BDB179CC00E00158214 /* Cocoa.framework in Frameworks */ = {isa = PBXBuildFile; fileRef = D0C22BDA179CC00E00158214 /* Cocoa.framework */; };
		D0C22BE5179CC00E00158214 /* InfoPlist.strings in Resources */ = {isa = PBXBuildFile; fileRef = D0C22BE3179CC00E00158214 /* InfoPlist.strings */; };
		D0C22BF1179CC00E00158214 /* SenTestingKit.framework in Frameworks */ = {isa = PBXBuildFile; fileRef = D0C22BF0179CC00E00158214 /* SenTestingKit.framework */; };
		D0C22BF2179CC00E00158214 /* Cocoa.framework in Frameworks */ = {isa = PBXBuildFile; fileRef = D0C22BDA179CC00E00158214 /* Cocoa.framework */; };
		D0C22BF5179CC00E00158214 /* Squirrel.framework in Frameworks */ = {isa = PBXBuildFile; fileRef = D0C22BD7179CC00E00158214 /* Squirrel.framework */; };
		D0C22BFB179CC00E00158214 /* InfoPlist.strings in Resources */ = {isa = PBXBuildFile; fileRef = D0C22BF9179CC00E00158214 /* InfoPlist.strings */; };
		D0C22C3F179CC0C000158214 /* libExpecta.a in Frameworks */ = {isa = PBXBuildFile; fileRef = D0C22C28179CC0B300158214 /* libExpecta.a */; };
		D0C22C40179CC0C000158214 /* libSpecta.a in Frameworks */ = {isa = PBXBuildFile; fileRef = D0C22C34179CC0B300158214 /* libSpecta.a */; };
		D0C22C4C179CC15100158214 /* SQRLUpdater.h in Headers */ = {isa = PBXBuildFile; fileRef = D0C22C4A179CC15100158214 /* SQRLUpdater.h */; settings = {ATTRIBUTES = (Public, ); }; };
		D0C22C4D179CC15100158214 /* SQRLUpdater.m in Sources */ = {isa = PBXBuildFile; fileRef = D0C22C4B179CC15100158214 /* SQRLUpdater.m */; };
		D0C22C50179CC18C00158214 /* SQRLUpdaterSpec.m in Sources */ = {isa = PBXBuildFile; fileRef = D0C22C4F179CC18C00158214 /* SQRLUpdaterSpec.m */; };
		D0C22C52179CC23900158214 /* Squirrel.h in Headers */ = {isa = PBXBuildFile; fileRef = D0C22BE7179CC00E00158214 /* Squirrel.h */; settings = {ATTRIBUTES = (Public, ); }; };
/* End PBXBuildFile section */

/* Begin PBXContainerItemProxy section */
		D0C22BF3179CC00E00158214 /* PBXContainerItemProxy */ = {
			isa = PBXContainerItemProxy;
			containerPortal = D0C22BCE179CC00E00158214 /* Project object */;
			proxyType = 1;
			remoteGlobalIDString = D0C22BD6179CC00E00158214;
			remoteInfo = Squirrel;
		};
		D0C22C27179CC0B300158214 /* PBXContainerItemProxy */ = {
			isa = PBXContainerItemProxy;
			containerPortal = D0C22C1D179CC0B300158214 /* Expecta.xcodeproj */;
			proxyType = 2;
			remoteGlobalIDString = E9ACDF0C13B2DD520010F4D7;
			remoteInfo = Expecta;
		};
		D0C22C29179CC0B300158214 /* PBXContainerItemProxy */ = {
			isa = PBXContainerItemProxy;
			containerPortal = D0C22C1D179CC0B300158214 /* Expecta.xcodeproj */;
			proxyType = 2;
			remoteGlobalIDString = E93067CE13B2E6D100EA26FF;
			remoteInfo = "Expecta-iOS";
		};
		D0C22C2B179CC0B300158214 /* PBXContainerItemProxy */ = {
			isa = PBXContainerItemProxy;
			containerPortal = D0C22C1D179CC0B300158214 /* Expecta.xcodeproj */;
			proxyType = 2;
			remoteGlobalIDString = E9ACDF1D13B2DD520010F4D7;
			remoteInfo = ExpectaTests;
		};
		D0C22C2D179CC0B300158214 /* PBXContainerItemProxy */ = {
			isa = PBXContainerItemProxy;
			containerPortal = D0C22C1D179CC0B300158214 /* Expecta.xcodeproj */;
			proxyType = 2;
			remoteGlobalIDString = E93067DA13B2E6D100EA26FF;
			remoteInfo = "Expecta-iOSTests";
		};
		D0C22C33179CC0B300158214 /* PBXContainerItemProxy */ = {
			isa = PBXContainerItemProxy;
			containerPortal = D0C22C20179CC0B300158214 /* Specta.xcodeproj */;
			proxyType = 2;
			remoteGlobalIDString = E9D96A2614B6B8AB007D9521;
			remoteInfo = Specta;
		};
		D0C22C35179CC0B300158214 /* PBXContainerItemProxy */ = {
			isa = PBXContainerItemProxy;
			containerPortal = D0C22C20179CC0B300158214 /* Specta.xcodeproj */;
			proxyType = 2;
			remoteGlobalIDString = E9B777A414BA294B00D8DC76;
			remoteInfo = "Specta-iOS";
		};
		D0C22C37179CC0B300158214 /* PBXContainerItemProxy */ = {
			isa = PBXContainerItemProxy;
			containerPortal = D0C22C20179CC0B300158214 /* Specta.xcodeproj */;
			proxyType = 2;
			remoteGlobalIDString = E9D96A3A14B6B8AB007D9521;
			remoteInfo = SpectaTests;
		};
		D0C22C39179CC0B300158214 /* PBXContainerItemProxy */ = {
			isa = PBXContainerItemProxy;
			containerPortal = D0C22C20179CC0B300158214 /* Specta.xcodeproj */;
			proxyType = 2;
			remoteGlobalIDString = E9B777B314BA294C00D8DC76;
			remoteInfo = "Specta-iOSTests";
		};
		D0C22C3B179CC0BA00158214 /* PBXContainerItemProxy */ = {
			isa = PBXContainerItemProxy;
			containerPortal = D0C22C1D179CC0B300158214 /* Expecta.xcodeproj */;
			proxyType = 1;
			remoteGlobalIDString = E9ACDF0B13B2DD520010F4D7;
			remoteInfo = Expecta;
		};
		D0C22C3D179CC0BA00158214 /* PBXContainerItemProxy */ = {
			isa = PBXContainerItemProxy;
			containerPortal = D0C22C20179CC0B300158214 /* Specta.xcodeproj */;
			proxyType = 1;
			remoteGlobalIDString = E9D96A2514B6B8AB007D9521;
			remoteInfo = Specta;
		};
/* End PBXContainerItemProxy section */

/* Begin PBXFileReference section */
		D0C22BD7179CC00E00158214 /* Squirrel.framework */ = {isa = PBXFileReference; explicitFileType = wrapper.framework; includeInIndex = 0; path = Squirrel.framework; sourceTree = BUILT_PRODUCTS_DIR; };
		D0C22BDA179CC00E00158214 /* Cocoa.framework */ = {isa = PBXFileReference; lastKnownFileType = wrapper.framework; name = Cocoa.framework; path = System/Library/Frameworks/Cocoa.framework; sourceTree = SDKROOT; };
		D0C22BE2179CC00E00158214 /* Squirrel-Info.plist */ = {isa = PBXFileReference; lastKnownFileType = text.plist.xml; path = "Squirrel-Info.plist"; sourceTree = "<group>"; };
		D0C22BE4179CC00E00158214 /* en */ = {isa = PBXFileReference; lastKnownFileType = text.plist.strings; name = en; path = en.lproj/InfoPlist.strings; sourceTree = "<group>"; };
		D0C22BE6179CC00E00158214 /* Squirrel-Prefix.pch */ = {isa = PBXFileReference; lastKnownFileType = sourcecode.c.h; path = "Squirrel-Prefix.pch"; sourceTree = "<group>"; };
		D0C22BE7179CC00E00158214 /* Squirrel.h */ = {isa = PBXFileReference; lastKnownFileType = sourcecode.c.h; path = Squirrel.h; sourceTree = "<group>"; };
		D0C22BEF179CC00E00158214 /* SquirrelTests.octest */ = {isa = PBXFileReference; explicitFileType = wrapper.cfbundle; includeInIndex = 0; path = SquirrelTests.octest; sourceTree = BUILT_PRODUCTS_DIR; };
		D0C22BF0179CC00E00158214 /* SenTestingKit.framework */ = {isa = PBXFileReference; lastKnownFileType = wrapper.framework; name = SenTestingKit.framework; path = Library/Frameworks/SenTestingKit.framework; sourceTree = DEVELOPER_DIR; };
		D0C22BF8179CC00E00158214 /* SquirrelTests-Info.plist */ = {isa = PBXFileReference; lastKnownFileType = text.plist.xml; path = "SquirrelTests-Info.plist"; sourceTree = "<group>"; };
		D0C22BFA179CC00E00158214 /* en */ = {isa = PBXFileReference; lastKnownFileType = text.plist.strings; name = en; path = en.lproj/InfoPlist.strings; sourceTree = "<group>"; };
		D0C22C09179CC02E00158214 /* Common.xcconfig */ = {isa = PBXFileReference; lastKnownFileType = text.xcconfig; path = Common.xcconfig; sourceTree = "<group>"; };
		D0C22C0B179CC02E00158214 /* Debug.xcconfig */ = {isa = PBXFileReference; lastKnownFileType = text.xcconfig; path = Debug.xcconfig; sourceTree = "<group>"; };
		D0C22C0C179CC02E00158214 /* Profile.xcconfig */ = {isa = PBXFileReference; lastKnownFileType = text.xcconfig; path = Profile.xcconfig; sourceTree = "<group>"; };
		D0C22C0D179CC02E00158214 /* Release.xcconfig */ = {isa = PBXFileReference; lastKnownFileType = text.xcconfig; path = Release.xcconfig; sourceTree = "<group>"; };
		D0C22C0E179CC02E00158214 /* Test.xcconfig */ = {isa = PBXFileReference; lastKnownFileType = text.xcconfig; path = Test.xcconfig; sourceTree = "<group>"; };
		D0C22C10179CC02E00158214 /* Application.xcconfig */ = {isa = PBXFileReference; lastKnownFileType = text.xcconfig; path = Application.xcconfig; sourceTree = "<group>"; };
		D0C22C11179CC02E00158214 /* StaticLibrary.xcconfig */ = {isa = PBXFileReference; lastKnownFileType = text.xcconfig; path = StaticLibrary.xcconfig; sourceTree = "<group>"; };
		D0C22C13179CC02E00158214 /* iOS-Application.xcconfig */ = {isa = PBXFileReference; lastKnownFileType = text.xcconfig; path = "iOS-Application.xcconfig"; sourceTree = "<group>"; };
		D0C22C14179CC02E00158214 /* iOS-Base.xcconfig */ = {isa = PBXFileReference; lastKnownFileType = text.xcconfig; path = "iOS-Base.xcconfig"; sourceTree = "<group>"; };
		D0C22C15179CC02E00158214 /* iOS-StaticLibrary.xcconfig */ = {isa = PBXFileReference; lastKnownFileType = text.xcconfig; path = "iOS-StaticLibrary.xcconfig"; sourceTree = "<group>"; };
		D0C22C17179CC02E00158214 /* Mac-Application.xcconfig */ = {isa = PBXFileReference; lastKnownFileType = text.xcconfig; path = "Mac-Application.xcconfig"; sourceTree = "<group>"; };
		D0C22C18179CC02E00158214 /* Mac-Base.xcconfig */ = {isa = PBXFileReference; lastKnownFileType = text.xcconfig; path = "Mac-Base.xcconfig"; sourceTree = "<group>"; };
		D0C22C19179CC02E00158214 /* Mac-DynamicLibrary.xcconfig */ = {isa = PBXFileReference; lastKnownFileType = text.xcconfig; path = "Mac-DynamicLibrary.xcconfig"; sourceTree = "<group>"; };
		D0C22C1A179CC02E00158214 /* Mac-Framework.xcconfig */ = {isa = PBXFileReference; lastKnownFileType = text.xcconfig; path = "Mac-Framework.xcconfig"; sourceTree = "<group>"; };
		D0C22C1B179CC02E00158214 /* Mac-StaticLibrary.xcconfig */ = {isa = PBXFileReference; lastKnownFileType = text.xcconfig; path = "Mac-StaticLibrary.xcconfig"; sourceTree = "<group>"; };
		D0C22C1C179CC02E00158214 /* README.md */ = {isa = PBXFileReference; lastKnownFileType = text; path = README.md; sourceTree = "<group>"; };
		D0C22C1D179CC0B300158214 /* Expecta.xcodeproj */ = {isa = PBXFileReference; lastKnownFileType = "wrapper.pb-project"; name = Expecta.xcodeproj; path = External/expecta/Expecta.xcodeproj; sourceTree = "<group>"; };
		D0C22C20179CC0B300158214 /* Specta.xcodeproj */ = {isa = PBXFileReference; lastKnownFileType = "wrapper.pb-project"; name = Specta.xcodeproj; path = External/specta/Specta.xcodeproj; sourceTree = "<group>"; };
		D0C22C4A179CC15100158214 /* SQRLUpdater.h */ = {isa = PBXFileReference; fileEncoding = 4; lastKnownFileType = sourcecode.c.h; path = SQRLUpdater.h; sourceTree = "<group>"; };
		D0C22C4B179CC15100158214 /* SQRLUpdater.m */ = {isa = PBXFileReference; fileEncoding = 4; lastKnownFileType = sourcecode.c.objc; path = SQRLUpdater.m; sourceTree = "<group>"; };
		D0C22C4F179CC18C00158214 /* SQRLUpdaterSpec.m */ = {isa = PBXFileReference; fileEncoding = 4; lastKnownFileType = sourcecode.c.objc; path = SQRLUpdaterSpec.m; sourceTree = "<group>"; };
		D0C22C51179CC1A200158214 /* SquirrelTests-Prefix.pch */ = {isa = PBXFileReference; fileEncoding = 4; lastKnownFileType = sourcecode.c.h; path = "SquirrelTests-Prefix.pch"; sourceTree = "<group>"; };
/* End PBXFileReference section */

/* Begin PBXFrameworksBuildPhase section */
		D0C22BD3179CC00E00158214 /* Frameworks */ = {
			isa = PBXFrameworksBuildPhase;
			buildActionMask = 2147483647;
			files = (
				D0C22BDB179CC00E00158214 /* Cocoa.framework in Frameworks */,
			);
			runOnlyForDeploymentPostprocessing = 0;
		};
		D0C22BEB179CC00E00158214 /* Frameworks */ = {
			isa = PBXFrameworksBuildPhase;
			buildActionMask = 2147483647;
			files = (
				D0C22C3F179CC0C000158214 /* libExpecta.a in Frameworks */,
				D0C22C40179CC0C000158214 /* libSpecta.a in Frameworks */,
				D0C22BF1179CC00E00158214 /* SenTestingKit.framework in Frameworks */,
				D0C22BF2179CC00E00158214 /* Cocoa.framework in Frameworks */,
				D0C22BF5179CC00E00158214 /* Squirrel.framework in Frameworks */,
			);
			runOnlyForDeploymentPostprocessing = 0;
		};
/* End PBXFrameworksBuildPhase section */

/* Begin PBXGroup section */
		D0C22BCD179CC00E00158214 = {
			isa = PBXGroup;
			children = (
				D0C22BE0179CC00E00158214 /* Squirrel */,
				D0C22BF6179CC00E00158214 /* SquirrelTests */,
				D0C22BD9179CC00E00158214 /* Frameworks */,
				D0C22C07179CC02E00158214 /* Configuration */,
				D0C22BD8179CC00E00158214 /* Products */,
			);
			sourceTree = "<group>";
		};
		D0C22BD8179CC00E00158214 /* Products */ = {
			isa = PBXGroup;
			children = (
				D0C22BD7179CC00E00158214 /* Squirrel.framework */,
				D0C22BEF179CC00E00158214 /* SquirrelTests.octest */,
			);
			name = Products;
			sourceTree = "<group>";
		};
		D0C22BD9179CC00E00158214 /* Frameworks */ = {
			isa = PBXGroup;
			children = (
				D0C22C1D179CC0B300158214 /* Expecta.xcodeproj */,
				D0C22C20179CC0B300158214 /* Specta.xcodeproj */,
				D0C22BDA179CC00E00158214 /* Cocoa.framework */,
				D0C22BF0179CC00E00158214 /* SenTestingKit.framework */,
			);
			name = Frameworks;
			sourceTree = "<group>";
		};
		D0C22BE0179CC00E00158214 /* Squirrel */ = {
			isa = PBXGroup;
			children = (
				D0C22BE7179CC00E00158214 /* Squirrel.h */,
				D0C22C49179CC14400158214 /* Classes */,
				D0C22BE1179CC00E00158214 /* Supporting Files */,
			);
			path = Squirrel;
			sourceTree = "<group>";
		};
		D0C22BE1179CC00E00158214 /* Supporting Files */ = {
			isa = PBXGroup;
			children = (
				D0C22BE2179CC00E00158214 /* Squirrel-Info.plist */,
				D0C22BE3179CC00E00158214 /* InfoPlist.strings */,
				D0C22BE6179CC00E00158214 /* Squirrel-Prefix.pch */,
			);
			name = "Supporting Files";
			sourceTree = "<group>";
		};
		D0C22BF6179CC00E00158214 /* SquirrelTests */ = {
			isa = PBXGroup;
			children = (
				D0C22C4E179CC18000158214 /* Specs */,
				D0C22BF7179CC00E00158214 /* Supporting Files */,
			);
			path = SquirrelTests;
			sourceTree = "<group>";
		};
		D0C22BF7179CC00E00158214 /* Supporting Files */ = {
			isa = PBXGroup;
			children = (
				D0C22BF8179CC00E00158214 /* SquirrelTests-Info.plist */,
				D0C22BF9179CC00E00158214 /* InfoPlist.strings */,
				D0C22C51179CC1A200158214 /* SquirrelTests-Prefix.pch */,
			);
			name = "Supporting Files";
			sourceTree = "<group>";
		};
		D0C22C07179CC02E00158214 /* Configuration */ = {
			isa = PBXGroup;
			children = (
				D0C22C08179CC02E00158214 /* Base */,
				D0C22C12179CC02E00158214 /* iOS */,
				D0C22C16179CC02E00158214 /* Mac OS X */,
				D0C22C1C179CC02E00158214 /* README.md */,
			);
			name = Configuration;
			path = External/xcconfigs;
			sourceTree = "<group>";
		};
		D0C22C08179CC02E00158214 /* Base */ = {
			isa = PBXGroup;
			children = (
				D0C22C09179CC02E00158214 /* Common.xcconfig */,
				D0C22C0A179CC02E00158214 /* Configurations */,
				D0C22C0F179CC02E00158214 /* Targets */,
			);
			path = Base;
			sourceTree = "<group>";
		};
		D0C22C0A179CC02E00158214 /* Configurations */ = {
			isa = PBXGroup;
			children = (
				D0C22C0B179CC02E00158214 /* Debug.xcconfig */,
				D0C22C0C179CC02E00158214 /* Profile.xcconfig */,
				D0C22C0D179CC02E00158214 /* Release.xcconfig */,
				D0C22C0E179CC02E00158214 /* Test.xcconfig */,
			);
			path = Configurations;
			sourceTree = "<group>";
		};
		D0C22C0F179CC02E00158214 /* Targets */ = {
			isa = PBXGroup;
			children = (
				D0C22C10179CC02E00158214 /* Application.xcconfig */,
				D0C22C11179CC02E00158214 /* StaticLibrary.xcconfig */,
			);
			path = Targets;
			sourceTree = "<group>";
		};
		D0C22C12179CC02E00158214 /* iOS */ = {
			isa = PBXGroup;
			children = (
				D0C22C13179CC02E00158214 /* iOS-Application.xcconfig */,
				D0C22C14179CC02E00158214 /* iOS-Base.xcconfig */,
				D0C22C15179CC02E00158214 /* iOS-StaticLibrary.xcconfig */,
			);
			path = iOS;
			sourceTree = "<group>";
		};
		D0C22C16179CC02E00158214 /* Mac OS X */ = {
			isa = PBXGroup;
			children = (
				D0C22C17179CC02E00158214 /* Mac-Application.xcconfig */,
				D0C22C18179CC02E00158214 /* Mac-Base.xcconfig */,
				D0C22C19179CC02E00158214 /* Mac-DynamicLibrary.xcconfig */,
				D0C22C1A179CC02E00158214 /* Mac-Framework.xcconfig */,
				D0C22C1B179CC02E00158214 /* Mac-StaticLibrary.xcconfig */,
			);
			path = "Mac OS X";
			sourceTree = "<group>";
		};
		D0C22C1E179CC0B300158214 /* Products */ = {
			isa = PBXGroup;
			children = (
				D0C22C28179CC0B300158214 /* libExpecta.a */,
				D0C22C2A179CC0B300158214 /* libExpecta-iOS.a */,
				D0C22C2C179CC0B300158214 /* ExpectaTests.octest */,
				D0C22C2E179CC0B300158214 /* Expecta-iOSTests.octest */,
			);
			name = Products;
			sourceTree = "<group>";
		};
		D0C22C21179CC0B300158214 /* Products */ = {
			isa = PBXGroup;
			children = (
				D0C22C34179CC0B300158214 /* libSpecta.a */,
				D0C22C36179CC0B300158214 /* libSpecta-iOS.a */,
				D0C22C38179CC0B300158214 /* SpectaTests.octest */,
				D0C22C3A179CC0B300158214 /* Specta-iOSTests.octest */,
			);
			name = Products;
			sourceTree = "<group>";
		};
		D0C22C49179CC14400158214 /* Classes */ = {
			isa = PBXGroup;
			children = (
				D0C22C4A179CC15100158214 /* SQRLUpdater.h */,
				D0C22C4B179CC15100158214 /* SQRLUpdater.m */,
			);
			name = Classes;
			sourceTree = "<group>";
		};
		D0C22C4E179CC18000158214 /* Specs */ = {
			isa = PBXGroup;
			children = (
				D0C22C4F179CC18C00158214 /* SQRLUpdaterSpec.m */,
			);
			name = Specs;
			sourceTree = "<group>";
		};
/* End PBXGroup section */

/* Begin PBXHeadersBuildPhase section */
		D0C22BD4179CC00E00158214 /* Headers */ = {
			isa = PBXHeadersBuildPhase;
			buildActionMask = 2147483647;
			files = (
				D0C22C4C179CC15100158214 /* SQRLUpdater.h in Headers */,
				D0C22C52179CC23900158214 /* Squirrel.h in Headers */,
			);
			runOnlyForDeploymentPostprocessing = 0;
		};
/* End PBXHeadersBuildPhase section */

/* Begin PBXNativeTarget section */
		D0C22BD6179CC00E00158214 /* Squirrel */ = {
			isa = PBXNativeTarget;
			buildConfigurationList = D0C22C01179CC00E00158214 /* Build configuration list for PBXNativeTarget "Squirrel" */;
			buildPhases = (
				D0C22BD2179CC00E00158214 /* Sources */,
				D0C22BD3179CC00E00158214 /* Frameworks */,
				D0C22BD4179CC00E00158214 /* Headers */,
				D0C22BD5179CC00E00158214 /* Resources */,
			);
			buildRules = (
			);
			dependencies = (
			);
			name = Squirrel;
			productName = Squirrel;
			productReference = D0C22BD7179CC00E00158214 /* Squirrel.framework */;
			productType = "com.apple.product-type.framework";
		};
		D0C22BEE179CC00E00158214 /* SquirrelTests */ = {
			isa = PBXNativeTarget;
			buildConfigurationList = D0C22C04179CC00E00158214 /* Build configuration list for PBXNativeTarget "SquirrelTests" */;
			buildPhases = (
				D0C22BEA179CC00E00158214 /* Sources */,
				D0C22BEB179CC00E00158214 /* Frameworks */,
				D0C22BEC179CC00E00158214 /* Resources */,
				D0C22BED179CC00E00158214 /* ShellScript */,
			);
			buildRules = (
			);
			dependencies = (
				D0C22C3C179CC0BA00158214 /* PBXTargetDependency */,
				D0C22C3E179CC0BA00158214 /* PBXTargetDependency */,
				D0C22BF4179CC00E00158214 /* PBXTargetDependency */,
			);
			name = SquirrelTests;
			productName = SquirrelTests;
			productReference = D0C22BEF179CC00E00158214 /* SquirrelTests.octest */;
			productType = "com.apple.product-type.bundle";
		};
/* End PBXNativeTarget section */

/* Begin PBXProject section */
		D0C22BCE179CC00E00158214 /* Project object */ = {
			isa = PBXProject;
			attributes = {
				CLASSPREFIX = SQRL;
				LastUpgradeCheck = 0460;
				ORGANIZATIONNAME = GitHub;
			};
			buildConfigurationList = D0C22BD1179CC00E00158214 /* Build configuration list for PBXProject "Squirrel" */;
			compatibilityVersion = "Xcode 3.2";
			developmentRegion = English;
			hasScannedForEncodings = 0;
			knownRegions = (
				en,
			);
			mainGroup = D0C22BCD179CC00E00158214;
			productRefGroup = D0C22BD8179CC00E00158214 /* Products */;
			projectDirPath = "";
			projectReferences = (
				{
					ProductGroup = D0C22C1E179CC0B300158214 /* Products */;
					ProjectRef = D0C22C1D179CC0B300158214 /* Expecta.xcodeproj */;
				},
				{
					ProductGroup = D0C22C21179CC0B300158214 /* Products */;
					ProjectRef = D0C22C20179CC0B300158214 /* Specta.xcodeproj */;
				},
			);
			projectRoot = "";
			targets = (
				D0C22BD6179CC00E00158214 /* Squirrel */,
				D0C22BEE179CC00E00158214 /* SquirrelTests */,
			);
		};
/* End PBXProject section */

/* Begin PBXReferenceProxy section */
		D0C22C28179CC0B300158214 /* libExpecta.a */ = {
			isa = PBXReferenceProxy;
			fileType = archive.ar;
			path = libExpecta.a;
			remoteRef = D0C22C27179CC0B300158214 /* PBXContainerItemProxy */;
			sourceTree = BUILT_PRODUCTS_DIR;
		};
		D0C22C2A179CC0B300158214 /* libExpecta-iOS.a */ = {
			isa = PBXReferenceProxy;
			fileType = archive.ar;
			path = "libExpecta-iOS.a";
			remoteRef = D0C22C29179CC0B300158214 /* PBXContainerItemProxy */;
			sourceTree = BUILT_PRODUCTS_DIR;
		};
		D0C22C2C179CC0B300158214 /* ExpectaTests.octest */ = {
			isa = PBXReferenceProxy;
			fileType = wrapper.cfbundle;
			path = ExpectaTests.octest;
			remoteRef = D0C22C2B179CC0B300158214 /* PBXContainerItemProxy */;
			sourceTree = BUILT_PRODUCTS_DIR;
		};
		D0C22C2E179CC0B300158214 /* Expecta-iOSTests.octest */ = {
			isa = PBXReferenceProxy;
			fileType = wrapper.cfbundle;
			path = "Expecta-iOSTests.octest";
			remoteRef = D0C22C2D179CC0B300158214 /* PBXContainerItemProxy */;
			sourceTree = BUILT_PRODUCTS_DIR;
		};
		D0C22C34179CC0B300158214 /* libSpecta.a */ = {
			isa = PBXReferenceProxy;
			fileType = archive.ar;
			path = libSpecta.a;
			remoteRef = D0C22C33179CC0B300158214 /* PBXContainerItemProxy */;
			sourceTree = BUILT_PRODUCTS_DIR;
		};
		D0C22C36179CC0B300158214 /* libSpecta-iOS.a */ = {
			isa = PBXReferenceProxy;
			fileType = archive.ar;
			path = "libSpecta-iOS.a";
			remoteRef = D0C22C35179CC0B300158214 /* PBXContainerItemProxy */;
			sourceTree = BUILT_PRODUCTS_DIR;
		};
		D0C22C38179CC0B300158214 /* SpectaTests.octest */ = {
			isa = PBXReferenceProxy;
			fileType = wrapper.cfbundle;
			path = SpectaTests.octest;
			remoteRef = D0C22C37179CC0B300158214 /* PBXContainerItemProxy */;
			sourceTree = BUILT_PRODUCTS_DIR;
		};
		D0C22C3A179CC0B300158214 /* Specta-iOSTests.octest */ = {
			isa = PBXReferenceProxy;
			fileType = wrapper.cfbundle;
			path = "Specta-iOSTests.octest";
			remoteRef = D0C22C39179CC0B300158214 /* PBXContainerItemProxy */;
			sourceTree = BUILT_PRODUCTS_DIR;
		};
/* End PBXReferenceProxy section */

/* Begin PBXResourcesBuildPhase section */
		D0C22BD5179CC00E00158214 /* Resources */ = {
			isa = PBXResourcesBuildPhase;
			buildActionMask = 2147483647;
			files = (
				D0C22BE5179CC00E00158214 /* InfoPlist.strings in Resources */,
			);
			runOnlyForDeploymentPostprocessing = 0;
		};
		D0C22BEC179CC00E00158214 /* Resources */ = {
			isa = PBXResourcesBuildPhase;
			buildActionMask = 2147483647;
			files = (
				D0C22BFB179CC00E00158214 /* InfoPlist.strings in Resources */,
			);
			runOnlyForDeploymentPostprocessing = 0;
		};
/* End PBXResourcesBuildPhase section */

/* Begin PBXShellScriptBuildPhase section */
		D0C22BED179CC00E00158214 /* ShellScript */ = {
			isa = PBXShellScriptBuildPhase;
			buildActionMask = 2147483647;
			files = (
			);
			inputPaths = (
			);
			outputPaths = (
			);
			runOnlyForDeploymentPostprocessing = 0;
			shellPath = /bin/sh;
			shellScript = "# Run the unit tests in this test bundle.\n\"${SYSTEM_DEVELOPER_DIR}/Tools/RunUnitTests\"\n";
		};
/* End PBXShellScriptBuildPhase section */

/* Begin PBXSourcesBuildPhase section */
		D0C22BD2179CC00E00158214 /* Sources */ = {
			isa = PBXSourcesBuildPhase;
			buildActionMask = 2147483647;
			files = (
				D0C22C4D179CC15100158214 /* SQRLUpdater.m in Sources */,
			);
			runOnlyForDeploymentPostprocessing = 0;
		};
		D0C22BEA179CC00E00158214 /* Sources */ = {
			isa = PBXSourcesBuildPhase;
			buildActionMask = 2147483647;
			files = (
				D0C22C50179CC18C00158214 /* SQRLUpdaterSpec.m in Sources */,
			);
			runOnlyForDeploymentPostprocessing = 0;
		};
/* End PBXSourcesBuildPhase section */

/* Begin PBXTargetDependency section */
		D0C22BF4179CC00E00158214 /* PBXTargetDependency */ = {
			isa = PBXTargetDependency;
			target = D0C22BD6179CC00E00158214 /* Squirrel */;
			targetProxy = D0C22BF3179CC00E00158214 /* PBXContainerItemProxy */;
		};
		D0C22C3C179CC0BA00158214 /* PBXTargetDependency */ = {
			isa = PBXTargetDependency;
			name = Expecta;
			targetProxy = D0C22C3B179CC0BA00158214 /* PBXContainerItemProxy */;
		};
		D0C22C3E179CC0BA00158214 /* PBXTargetDependency */ = {
			isa = PBXTargetDependency;
			name = Specta;
			targetProxy = D0C22C3D179CC0BA00158214 /* PBXContainerItemProxy */;
		};
/* End PBXTargetDependency section */

/* Begin PBXVariantGroup section */
		D0C22BE3179CC00E00158214 /* InfoPlist.strings */ = {
			isa = PBXVariantGroup;
			children = (
				D0C22BE4179CC00E00158214 /* en */,
			);
			name = InfoPlist.strings;
			sourceTree = "<group>";
		};
		D0C22BF9179CC00E00158214 /* InfoPlist.strings */ = {
			isa = PBXVariantGroup;
			children = (
				D0C22BFA179CC00E00158214 /* en */,
			);
			name = InfoPlist.strings;
			sourceTree = "<group>";
		};
/* End PBXVariantGroup section */

/* Begin XCBuildConfiguration section */
		D0C22BFF179CC00E00158214 /* Debug */ = {
			isa = XCBuildConfiguration;
			baseConfigurationReference = D0C22C0B179CC02E00158214 /* Debug.xcconfig */;
			buildSettings = {
				ARCHS = "$(ARCHS_STANDARD_64_BIT)";
				CLANG_CXX_LANGUAGE_STANDARD = "gnu++0x";
				CLANG_CXX_LIBRARY = "libc++";
				GCC_C_LANGUAGE_STANDARD = gnu99;
				GCC_PREFIX_HEADER = "Squirrel/Squirrel-Prefix.pch";
				MACOSX_DEPLOYMENT_TARGET = 10.7;
				SDKROOT = macosx;
			};
			name = Debug;
		};
		D0C22C00179CC00E00158214 /* Release */ = {
			isa = XCBuildConfiguration;
			baseConfigurationReference = D0C22C0D179CC02E00158214 /* Release.xcconfig */;
			buildSettings = {
				ARCHS = "$(ARCHS_STANDARD_64_BIT)";
				CLANG_CXX_LANGUAGE_STANDARD = "gnu++0x";
				CLANG_CXX_LIBRARY = "libc++";
				GCC_C_LANGUAGE_STANDARD = gnu99;
				GCC_PREFIX_HEADER = "Squirrel/Squirrel-Prefix.pch";
				GCC_PREPROCESSOR_DEFINITIONS = "NDEBUG=1";
				MACOSX_DEPLOYMENT_TARGET = 10.7;
				SDKROOT = macosx;
			};
			name = Release;
		};
		D0C22C02179CC00E00158214 /* Debug */ = {
			isa = XCBuildConfiguration;
			baseConfigurationReference = D0C22C1A179CC02E00158214 /* Mac-Framework.xcconfig */;
			buildSettings = {
				DYLIB_COMPATIBILITY_VERSION = 1;
				DYLIB_CURRENT_VERSION = 1;
				FRAMEWORK_VERSION = A;
				INFOPLIST_FILE = "Squirrel/Squirrel-Info.plist";
				PRODUCT_NAME = "$(TARGET_NAME)";
				WRAPPER_EXTENSION = framework;
			};
			name = Debug;
		};
		D0C22C03179CC00E00158214 /* Release */ = {
			isa = XCBuildConfiguration;
			baseConfigurationReference = D0C22C1A179CC02E00158214 /* Mac-Framework.xcconfig */;
			buildSettings = {
				DYLIB_COMPATIBILITY_VERSION = 1;
				DYLIB_CURRENT_VERSION = 1;
				FRAMEWORK_VERSION = A;
				INFOPLIST_FILE = "Squirrel/Squirrel-Info.plist";
				PRODUCT_NAME = "$(TARGET_NAME)";
				WRAPPER_EXTENSION = framework;
			};
			name = Release;
		};
		D0C22C05179CC00E00158214 /* Debug */ = {
			isa = XCBuildConfiguration;
			baseConfigurationReference = D0C22C17179CC02E00158214 /* Mac-Application.xcconfig */;
			buildSettings = {
				FRAMEWORK_SEARCH_PATHS = "\"$(DEVELOPER_LIBRARY_DIR)/Frameworks\"";
				GCC_PREFIX_HEADER = "SquirrelTests/SquirrelTests-Prefix.pch";
				HEADER_SEARCH_PATHS = (
					External/specta/src,
					"External/expecta/src/**",
				);
				INFOPLIST_FILE = "SquirrelTests/SquirrelTests-Info.plist";
				OTHER_LDFLAGS = "-all_load";
				PRODUCT_NAME = "$(TARGET_NAME)";
				WRAPPER_EXTENSION = octest;
			};
			name = Debug;
		};
		D0C22C06179CC00E00158214 /* Release */ = {
			isa = XCBuildConfiguration;
			baseConfigurationReference = D0C22C17179CC02E00158214 /* Mac-Application.xcconfig */;
			buildSettings = {
				FRAMEWORK_SEARCH_PATHS = "\"$(DEVELOPER_LIBRARY_DIR)/Frameworks\"";
				GCC_PREFIX_HEADER = "SquirrelTests/SquirrelTests-Prefix.pch";
				HEADER_SEARCH_PATHS = (
					External/specta/src,
					"External/expecta/src/**",
				);
				INFOPLIST_FILE = "SquirrelTests/SquirrelTests-Info.plist";
				OTHER_LDFLAGS = "-all_load";
				PRODUCT_NAME = "$(TARGET_NAME)";
				WRAPPER_EXTENSION = octest;
			};
			name = Release;
		};
		D0C22C41179CC0D800158214 /* Profile */ = {
			isa = XCBuildConfiguration;
			baseConfigurationReference = D0C22C0C179CC02E00158214 /* Profile.xcconfig */;
			buildSettings = {
				ARCHS = "$(ARCHS_STANDARD_64_BIT)";
				CLANG_CXX_LANGUAGE_STANDARD = "gnu++0x";
				CLANG_CXX_LIBRARY = "libc++";
				GCC_C_LANGUAGE_STANDARD = gnu99;
				GCC_PREFIX_HEADER = "Squirrel/Squirrel-Prefix.pch";
				GCC_PREPROCESSOR_DEFINITIONS = "NDEBUG=1";
				MACOSX_DEPLOYMENT_TARGET = 10.7;
				SDKROOT = macosx;
			};
			name = Profile;
		};
		D0C22C42179CC0D800158214 /* Profile */ = {
			isa = XCBuildConfiguration;
			baseConfigurationReference = D0C22C1A179CC02E00158214 /* Mac-Framework.xcconfig */;
			buildSettings = {
				DYLIB_COMPATIBILITY_VERSION = 1;
				DYLIB_CURRENT_VERSION = 1;
				FRAMEWORK_VERSION = A;
				INFOPLIST_FILE = "Squirrel/Squirrel-Info.plist";
				PRODUCT_NAME = "$(TARGET_NAME)";
				WRAPPER_EXTENSION = framework;
			};
			name = Profile;
		};
		D0C22C43179CC0D800158214 /* Profile */ = {
			isa = XCBuildConfiguration;
			baseConfigurationReference = D0C22C17179CC02E00158214 /* Mac-Application.xcconfig */;
			buildSettings = {
				FRAMEWORK_SEARCH_PATHS = "\"$(DEVELOPER_LIBRARY_DIR)/Frameworks\"";
				GCC_PREFIX_HEADER = "SquirrelTests/SquirrelTests-Prefix.pch";
				HEADER_SEARCH_PATHS = (
					External/specta/src,
					"External/expecta/src/**",
				);
				INFOPLIST_FILE = "SquirrelTests/SquirrelTests-Info.plist";
				OTHER_LDFLAGS = "-all_load";
				PRODUCT_NAME = "$(TARGET_NAME)";
				WRAPPER_EXTENSION = octest;
			};
			name = Profile;
		};
		D0C22C44179CC0DC00158214 /* Test */ = {
			isa = XCBuildConfiguration;
			baseConfigurationReference = D0C22C0E179CC02E00158214 /* Test.xcconfig */;
			buildSettings = {
				ARCHS = "$(ARCHS_STANDARD_64_BIT)";
				CLANG_CXX_LANGUAGE_STANDARD = "gnu++0x";
				CLANG_CXX_LIBRARY = "libc++";
				GCC_C_LANGUAGE_STANDARD = gnu99;
				GCC_PREFIX_HEADER = "Squirrel/Squirrel-Prefix.pch";
				GCC_PREPROCESSOR_DEFINITIONS = "NDEBUG=1";
				MACOSX_DEPLOYMENT_TARGET = 10.7;
				SDKROOT = macosx;
			};
			name = Test;
		};
		D0C22C45179CC0DC00158214 /* Test */ = {
			isa = XCBuildConfiguration;
			baseConfigurationReference = D0C22C1A179CC02E00158214 /* Mac-Framework.xcconfig */;
			buildSettings = {
				DYLIB_COMPATIBILITY_VERSION = 1;
				DYLIB_CURRENT_VERSION = 1;
				FRAMEWORK_VERSION = A;
				INFOPLIST_FILE = "Squirrel/Squirrel-Info.plist";
				PRODUCT_NAME = "$(TARGET_NAME)";
				WRAPPER_EXTENSION = framework;
			};
			name = Test;
		};
		D0C22C46179CC0DC00158214 /* Test */ = {
			isa = XCBuildConfiguration;
			baseConfigurationReference = D0C22C17179CC02E00158214 /* Mac-Application.xcconfig */;
			buildSettings = {
				FRAMEWORK_SEARCH_PATHS = "\"$(DEVELOPER_LIBRARY_DIR)/Frameworks\"";
				GCC_PREFIX_HEADER = "SquirrelTests/SquirrelTests-Prefix.pch";
				HEADER_SEARCH_PATHS = (
					External/specta/src,
					"External/expecta/src/**",
				);
				INFOPLIST_FILE = "SquirrelTests/SquirrelTests-Info.plist";
				OTHER_LDFLAGS = "-all_load";
				PRODUCT_NAME = "$(TARGET_NAME)";
				WRAPPER_EXTENSION = octest;
			};
			name = Test;
		};
/* End XCBuildConfiguration section */

/* Begin XCConfigurationList section */
		D0C22BD1179CC00E00158214 /* Build configuration list for PBXProject "Squirrel" */ = {
			isa = XCConfigurationList;
			buildConfigurations = (
				D0C22BFF179CC00E00158214 /* Debug */,
				D0C22C00179CC00E00158214 /* Release */,
				D0C22C44179CC0DC00158214 /* Test */,
				D0C22C41179CC0D800158214 /* Profile */,
			);
			defaultConfigurationIsVisible = 0;
			defaultConfigurationName = Release;
		};
		D0C22C01179CC00E00158214 /* Build configuration list for PBXNativeTarget "Squirrel" */ = {
			isa = XCConfigurationList;
			buildConfigurations = (
				D0C22C02179CC00E00158214 /* Debug */,
				D0C22C03179CC00E00158214 /* Release */,
				D0C22C45179CC0DC00158214 /* Test */,
				D0C22C42179CC0D800158214 /* Profile */,
			);
			defaultConfigurationIsVisible = 0;
			defaultConfigurationName = Release;
		};
		D0C22C04179CC00E00158214 /* Build configuration list for PBXNativeTarget "SquirrelTests" */ = {
			isa = XCConfigurationList;
			buildConfigurations = (
				D0C22C05179CC00E00158214 /* Debug */,
				D0C22C06179CC00E00158214 /* Release */,
				D0C22C46179CC0DC00158214 /* Test */,
				D0C22C43179CC0D800158214 /* Profile */,
			);
			defaultConfigurationIsVisible = 0;
			defaultConfigurationName = Release;
		};
/* End XCConfigurationList section */
	};
	rootObject = D0C22BCE179CC00E00158214 /* Project object */;
}
